{
  "version": 4,
  "terraform_version": "1.13.3",
  "serial": 1489,
  "lineage": "0501fa87-c098-5173-2899-2c14fe3f72a6",
  "outputs": {
    "aws_account_id": {
      "value": "567751785679",
      "type": "string"
    },
    "aws_region": {
      "value": "us-east-1",
      "type": "string"
    },
    "cluster_certificate_authority_data": {
      "value": "LS0tLS1CRUdJTiBDRVJUSUZJQ0FURS0tLS0tCk1JSURCVENDQWUyZ0F3SUJBZ0lJWWdYcm9pUWdxcVV3RFFZSktvWklodmNOQVFFTEJRQXdGVEVUTUJFR0ExVUUKQXhNS2EzVmlaWEp1WlhSbGN6QWVGdzB5TlRFd01EVXhOakk0TWpsYUZ3MHpOVEV3TURNeE5qTXpNamxhTUJVeApFekFSQmdOVkJBTVRDbXQxWW1WeWJtVjBaWE13Z2dFaU1BMEdDU3FHU0liM0RRRUJBUVVBQTRJQkR3QXdnZ0VLCkFvSUJBUUNtWDB1MVVaQ1ljTjlydnNUdWVvajhVb1drY2ZoUUczQkFWYmlmVkRNMDFldWgrYkpNQzZXUHdOS1kKVzB1MGlZTHNHdHJzdzAvclYyK1IrTlJ2TG15SUp0MDhmK2h1azl1ZFdwcWxyTVA1c1VOZ05wUG4vdWthQkJHcQo0aWt2d28zNjI4N1BDRUlBTzE2M01RWE8rUndOQzllMDFuTkkzeHJzQVl5ZzVUUkJ3TGxDN2gxNWl2bGR5YndrCjB3SVl2eEVvUnM2SVJDZ3dwYzlhQmRQbStqb1R3b2NPSG9STXA0d21HNTg5SXk2bnJjZC9WQm5GVXdEVWN0WnEKZnpBU0I5cDM4S25iNHV4Z1RrTGlHVTVIVE9NWnBTT292Z2hWdXROd3NwRWc1MXRmMHlHSnZnWFlaNEltMmE0Vgo0MjJ6Y2lFQ1NDY2c3VGxVUC9sRXRaWDlJeW1mQWdNQkFBR2pXVEJYTUE0R0ExVWREd0VCL3dRRUF3SUNwREFQCkJnTlZIUk1CQWY4RUJUQURBUUgvTUIwR0ExVWREZ1FXQkJRSlVuNGFWMU9rb3RzRTRnb0dNek16ZzB2OGxEQVYKQmdOVkhSRUVEakFNZ2dwcmRXSmxjbTVsZEdWek1BMEdDU3FHU0liM0RRRUJDd1VBQTRJQkFRQ1p0SGgvdnFoawpTb1NNUThCdUErT0pPZU1tbndram8zOU9vWDdpR2d4OFpHcWphRWJWKy9uZ3MvQ3Aram1vbU5QLzYwcjY5K0V4CldJNFdwZy82ZC82dElSSWdZa0h1M2R2UHpNdlVod3BHaHFJek1EYkVLQ1M2dHBmUmxpSVkzcG83anB6SDZzZ00KUWJtSC9CWlNXaXV0c3lHWnl4QStjd3p6L1VrbC9xcm1ETkZPeTlkeEx1LzF2K280VnFtbHpJV08xME1qVDh0Rwp4dHpOZ2VqZldkSnNkWWxSTlVLNHlvN2FRZVNWVnpaSXljMVFWM0NzckdiQmxvS1ZVcVpMenpkZ0N5K3pBcXVsCmFUNDN4Sy9TNU5ZRDJQbFVYZHBBTFZQM3dsQUVFeC9qS0tMQnM2emRyUk1wU0kvcEtiNjRxZWMzMGFjL0IrWSsKOXBOZ04vTnlJaFpFCi0tLS0tRU5EIENFUlRJRklDQVRFLS0tLS0K",
      "type": "string"
    },
    "cluster_endpoint": {
      "value": "https://1E694418DA0B464F8519D6DC2E448AAF.gr7.us-east-1.eks.amazonaws.com",
      "type": "string"
    },
    "cluster_iam_role_arn": {
      "value": "arn:aws:iam::567751785679:role/aegis-spoke-prod-cluster-20251005162701735700000008",
      "type": "string"
    },
    "cluster_name": {
      "value": "aegis-spoke-prod",
      "type": "string"
    },
    "cluster_oidc_issuer_url": {
      "value": "https://oidc.eks.us-east-1.amazonaws.com/id/1E694418DA0B464F8519D6DC2E448AAF",
      "type": "string"
    },
    "cluster_security_group_id": {
      "value": "sg-01fe2124b2beb0e61",
      "type": "string"
    },
    "database_connection_info": {
      "value": {
        "connection_string": "postgres://aegis_api:\u003cPASSWORD\u003e@aegis-spoke-prod-db.cepmyey24yl0.us-east-1.rds.amazonaws.com:5432/aegis?sslmode=require",
        "database": "aegis",
        "host": "aegis-spoke-prod-db.cepmyey24yl0.us-east-1.rds.amazonaws.com",
        "password": "XBb!\u0026Tvc)SwZA7Qaw[F$J%PcGFIlkwRo",
        "port": 5432,
        "sslmode": "require",
        "username": "aegis_api"
      },
      "type": [
        "object",
        {
          "connection_string": "string",
          "database": "string",
          "host": "string",
          "password": "string",
          "port": "number",
          "sslmode": "string",
          "username": "string"
        }
      ],
      "sensitive": true
    },
    "database_subnet_ids": {
      "value": [
        "subnet-06049112efcd9e372",
        "subnet-0118b9cc28373cc3a",
        "subnet-08ce5ebce8d0dd879"
      ],
      "type": [
        "tuple",
        [
          "string",
          "string",
          "string"
        ]
      ]
    },
    "db_password_secret_value": {
      "value": "XBb!\u0026Tvc)SwZA7Qaw[F$J%PcGFIlkwRo",
      "type": "string",
      "sensitive": true
    },
    "dns_platform_api_grpc": {
      "value": "platform-api-grpc.aegist.dev",
      "type": "string"
    },
    "dns_platform_api_http": {
      "value": "platform-api.aegist.dev",
      "type": "string"
    },
    "dns_proxy": {
      "value": "proxy.aegist.dev",
      "type": "string"
    },
    "ecr_registry_url": {
      "value": "567751785679.dkr.ecr.us-east-1.amazonaws.com",
      "type": "string"
    },
    "ecr_repositories": {
      "value": {
        "aegis/k8s-agent": "567751785679.dkr.ecr.us-east-1.amazonaws.com/aegis/k8s-agent",
        "aegis/platform-api": "567751785679.dkr.ecr.us-east-1.amazonaws.com/aegis/platform-api",
        "aegis/proxy": "567751785679.dkr.ecr.us-east-1.amazonaws.com/aegis/proxy",
        "aegis/workspace-vscode": "567751785679.dkr.ecr.us-east-1.amazonaws.com/aegis/workspace-vscode"
      },
      "type": [
        "object",
        {
          "aegis/k8s-agent": "string",
          "aegis/platform-api": "string",
          "aegis/proxy": "string",
          "aegis/workspace-vscode": "string"
        }
      ]
    },
    "helm_values": {
      "value": {
        "k8s_agent": {
          "cluster_id": "aws-us-east-1-prod",
          "image_repository": "567751785679.dkr.ecr.us-east-1.amazonaws.com/aegis/k8s-agent"
        },
        "platform_api": {
          "db_host": "aegis-spoke-prod-db.cepmyey24yl0.us-east-1.rds.amazonaws.com",
          "db_name": "aegis",
          "db_port": 5432,
          "db_user": "aegis_api",
          "image_repository": "567751785679.dkr.ecr.us-east-1.amazonaws.com/aegis/platform-api"
        },
        "proxy": {
          "image_repository": "567751785679.dkr.ecr.us-east-1.amazonaws.com/aegis/proxy"
        },
        "secrets": {
          "db_password_secret_name": "aegis/prod/db-password",
          "jwt_secret_secret_name": "aegis/prod/proxy-jwt-secret"
        }
      },
      "type": [
        "object",
        {
          "k8s_agent": [
            "object",
            {
              "cluster_id": "string",
              "image_repository": "string"
            }
          ],
          "platform_api": [
            "object",
            {
              "db_host": "string",
              "db_name": "string",
              "db_port": "number",
              "db_user": "string",
              "image_repository": "string"
            }
          ],
          "proxy": [
            "object",
            {
              "image_repository": "string"
            }
          ],
          "secrets": [
            "object",
            {
              "db_password_secret_name": "string",
              "jwt_secret_secret_name": "string"
            }
          ]
        }
      ],
      "sensitive": true
    },
    "helm_values_aegis_services": {
      "value": "# Auto-generated from Terraform - aegis-services (Control Plane / Hub)\n# Cluster: aegis-spoke-prod\n# Region: us-east-1\n# Generated: 2025-10-05T18:06:34Z\n\nplatformApi:\n  image:\n    repository: 567751785679.dkr.ecr.us-east-1.amazonaws.com/aegis/platform-api\n    tag: \"latest\"  # TODO: Use specific version tags\n\n  env:\n    DB_HOST: \"aegis-spoke-prod-db.cepmyey24yl0.us-east-1.rds.amazonaws.com\"\n    DB_PORT: \"5432\"\n    DB_NAME: \"aegis\"\n    DB_USER: \"aegis_api\"\n    DB_SSLMODE: \"require\"\n    AEGIS_PROXY_BASE_URL: \"https://proxy.yourdomain.com\"  # TODO: Update domain\n    AEGIS_PROXY_EXPECTED_AUDIENCE: \"aegis-proxy\"\n    AEGIS_STORE_BACKEND: \"postgres\"\n\n  # Secrets - retrieve with: terraform output -raw db_password_secret_value\n  # kubectl create secret generic aegis-platform-secrets \\\n  #   --from-literal=db-password=\"$(terraform output -raw db_password_secret_value)\" \\\n  #   --from-literal=proxy-jwt-secret=\"$(terraform output -raw jwt_secret_value)\"\n\n  ingress:\n    enabled: true\n    hosts:\n      - host: platform-api.yourdomain.com  # TODO: Update domain\n        paths:\n          - path: /\n            pathType: Prefix\n            service: \"http\"\n      - host: platform-api-grpc.yourdomain.com  # TODO: Update domain\n        paths:\n          - path: /\n            pathType: Prefix\n            service: \"grpc\"\n\nproxy:\n  image:\n    repository: 567751785679.dkr.ecr.us-east-1.amazonaws.com/aegis/proxy\n    tag: \"latest\"  # TODO: Use specific version tags\n\n  publicHost: \"proxy.yourdomain.com\"  # TODO: Update domain\n\n  ingress:\n    enabled: true\n    hosts:\n      - host: proxy.yourdomain.com  # TODO: Update domain\n        paths:\n          - path: /proxy\n            pathType: Prefix\n",
      "type": "string",
      "sensitive": true
    },
    "helm_values_aegis_spoke": {
      "value": "# Auto-generated from Terraform - aegis-spoke (Workload Cluster)\n# Cluster: aegis-spoke-prod\n# Region: us-east-1\n# Generated: 2025-10-05T18:06:33Z\n\nk8sAgent:\n  image:\n    repository: 567751785679.dkr.ecr.us-east-1.amazonaws.com/aegis/k8s-agent\n    tag: \"latest\"  # TODO: Use specific version tags\n\n  env:\n    AEGIS_CP_GRPC: \"aegis-platform-api.aegis-system.svc.cluster.local:8081\"\n    AEGIS_PROXY_INGRESS_HOST: \"proxy.yourdomain.com\"  # TODO: Update domain\n    AEGIS_CLUSTER_ID: \"aws-us-east-1-prod\"\n\nproxy:\n  enabled: false  # Use aegis-services proxy for hub/spoke architecture\n",
      "type": "string",
      "sensitive": true
    },
    "jwt_secret_value": {
      "value": "oFcRv9q58sVAps6y2CNcFOVFjueOwmTDLLewlYtoBtYIjZmdi7QVE7ag0mHn9nXs",
      "type": "string",
      "sensitive": true
    },
    "k8s_secret_commands": {
      "value": "# Create secrets in Kubernetes from Terraform outputs:\n\n# 1. For aegis-services (control plane):\nkubectl create secret generic aegis-platform-secrets \\\n  --from-literal=db-password=\"$(terraform output -raw db_password_secret_value)\" \\\n  --from-literal=proxy-jwt-secret=\"$(terraform output -raw jwt_secret_value)\" \\\n  --namespace aegis-system\n\n# 2. AWS Secrets Manager ARNs (for External Secrets Operator):\n# DB Password: arn:aws:secretsmanager:us-east-1:567751785679:secret:aegis/prod/db-password-C6inFC\n# JWT Secret: arn:aws:secretsmanager:us-east-1:567751785679:secret:aegis/prod/proxy-jwt-secret-V9tSMe\n",
      "type": "string"
    },
    "kubectl_config_command": {
      "value": "aws eks update-kubeconfig --region us-east-1 --name aegis-spoke-prod --profile myclaude",
      "type": "string"
    },
    "node_groups": {
      "value": {
        "cpu_workers": {
          "autoscaling_group_names": [
            "eks-cpu-workers-2025100516375658850000001d-32ccda9e-569b-330b-7dab-b165be3c3b49"
          ],
          "node_group_arn": "arn:aws:eks:us-east-1:567751785679:nodegroup/aegis-spoke-prod/cpu-workers-2025100516375658850000001d/32ccda9e-569b-330b-7dab-b165be3c3b49",
          "node_group_id": "aegis-spoke-prod:cpu-workers-2025100516375658850000001d"
        },
        "gpu_workers": {
          "autoscaling_group_names": [
            "eks-gpu-workers-g4-2025100516375658850000001f-00ccda9e-569a-1262-8dfb-de2f0be63d61"
          ],
          "node_group_arn": "arn:aws:eks:us-east-1:567751785679:nodegroup/aegis-spoke-prod/gpu-workers-g4-2025100516375658850000001f/00ccda9e-569a-1262-8dfb-de2f0be63d61",
          "node_group_id": "aegis-spoke-prod:gpu-workers-g4-2025100516375658850000001f"
        }
      },
      "type": [
        "object",
        {
          "cpu_workers": [
            "object",
            {
              "autoscaling_group_names": [
                "tuple",
                [
                  "string"
                ]
              ],
              "node_group_arn": "string",
              "node_group_id": "string"
            }
          ],
          "gpu_workers": [
            "object",
            {
              "autoscaling_group_names": [
                "tuple",
                [
                  "string"
                ]
              ],
              "node_group_arn": "string",
              "node_group_id": "string"
            }
          ]
        }
      ]
    },
    "platform_api_grpc_hostname": {
      "value": "platform-api-grpc.aegist.dev",
      "type": "string"
    },
    "platform_api_http_hostname": {
      "value": "platform-api.aegist.dev",
      "type": "string"
    },
    "private_subnet_ids": {
      "value": [
        "subnet-0f4cbcc23979e4b94",
        "subnet-05b8d47245ce869fe",
        "subnet-08682c075a16ef93b"
      ],
      "type": [
        "tuple",
        [
          "string",
          "string",
          "string"
        ]
      ]
    },
    "proxy_hostname": {
      "value": "proxy.aegist.dev",
      "type": "string"
    },
    "public_subnet_ids": {
      "value": [
        "subnet-0ed2ca24118825861",
        "subnet-067e401f485153da4",
        "subnet-07e2e188e57b8ac02"
      ],
      "type": [
        "tuple",
        [
          "string",
          "string",
          "string"
        ]
      ]
    },
    "rds_arn": {
      "value": "arn:aws:rds:us-east-1:567751785679:db:aegis-spoke-prod-db",
      "type": "string"
    },
    "rds_database_name": {
      "value": "aegis",
      "type": "string"
    },
    "rds_endpoint": {
      "value": "aegis-spoke-prod-db.cepmyey24yl0.us-east-1.rds.amazonaws.com:5432",
      "type": "string"
    },
    "rds_port": {
      "value": 5432,
      "type": "number"
    },
    "rds_username": {
      "value": "aegis_api",
      "type": "string",
      "sensitive": true
    },
    "route53_nameservers": {
      "value": [
        "ns-1140.awsdns-14.org",
        "ns-1766.awsdns-28.co.uk",
        "ns-497.awsdns-62.com",
        "ns-684.awsdns-21.net"
      ],
      "type": [
        "list",
        "string"
      ]
    },
    "route53_zone_id": {
      "value": "Z042254424Q5LP7DZVBIY",
      "type": "string"
    },
    "route53_zone_name": {
      "value": "aegist.dev",
      "type": "string"
    },
    "secrets": {
      "value": {
        "db_password_secret_arn": "arn:aws:secretsmanager:us-east-1:567751785679:secret:aegis/prod/db-password-C6inFC",
        "db_password_secret_name": "aegis/prod/db-password",
        "jwt_secret_secret_arn": "arn:aws:secretsmanager:us-east-1:567751785679:secret:aegis/prod/proxy-jwt-secret-V9tSMe",
        "jwt_secret_secret_name": "aegis/prod/proxy-jwt-secret"
      },
      "type": [
        "object",
        {
          "db_password_secret_arn": "string",
          "db_password_secret_name": "string",
          "jwt_secret_secret_arn": "string",
          "jwt_secret_secret_name": "string"
        }
      ]
    },
    "vpc_cidr_block": {
      "value": "10.0.0.0/16",
      "type": "string"
    },
    "vpc_id": {
      "value": "vpc-0a4b821294f120863",
      "type": "string"
    }
  },
  "resources": [
    {
      "mode": "data",
      "type": "aws_availability_zones",
      "name": "available",
      "provider": "provider[\"registry.terraform.io/hashicorp/aws\"]",
      "instances": [
        {
          "schema_version": 0,
          "attributes": {
            "all_availability_zones": null,
            "exclude_names": null,
            "exclude_zone_ids": null,
            "filter": null,
            "group_names": [
              "us-east-1-zg-1"
            ],
            "id": "us-east-1",
            "names": [
              "us-east-1a",
              "us-east-1b",
              "us-east-1c",
              "us-east-1d",
              "us-east-1e",
              "us-east-1f"
            ],
            "state": "available",
            "timeouts": null,
            "zone_ids": [
              "use1-az4",
              "use1-az6",
              "use1-az1",
              "use1-az2",
              "use1-az3",
              "use1-az5"
            ]
          },
          "sensitive_attributes": [],
          "identity_schema_version": 0
        }
      ]
    },
    {
      "mode": "data",
      "type": "aws_caller_identity",
      "name": "current",
      "provider": "provider[\"registry.terraform.io/hashicorp/aws\"]",
      "instances": [
        {
          "schema_version": 0,
          "attributes": {
            "account_id": "567751785679",
            "arn": "arn:aws:iam::567751785679:root",
            "id": "567751785679",
            "user_id": "567751785679"
          },
          "sensitive_attributes": [],
          "identity_schema_version": 0
        }
      ]
    },
    {
      "mode": "data",
      "type": "aws_eks_addon_version",
      "name": "ebs_csi",
      "provider": "provider[\"registry.terraform.io/hashicorp/aws\"]",
      "instances": [
        {
          "schema_version": 0,
          "attributes": {
            "addon_name": "aws-ebs-csi-driver",
            "id": "aws-ebs-csi-driver",
            "kubernetes_version": "1.32",
            "most_recent": true,
            "version": "v1.49.0-eksbuild.1"
          },
          "sensitive_attributes": [],
          "identity_schema_version": 0
        }
      ]
    },
    {
      "mode": "managed",
      "type": "aws_eks_addon",
      "name": "ebs_csi",
      "provider": "provider[\"registry.terraform.io/hashicorp/aws\"]",
      "instances": [
        {
          "schema_version": 0,
          "attributes": {
            "addon_name": "aws-ebs-csi-driver",
            "addon_version": "v1.49.0-eksbuild.1",
            "arn": "arn:aws:eks:us-east-1:567751785679:addon/aegis-spoke-prod/aws-ebs-csi-driver/a6ccdab3-3a35-cab1-0a53-6fec0a9777be",
            "cluster_name": "aegis-spoke-prod",
            "configuration_values": "",
            "created_at": "2025-10-05T17:23:34Z",
            "id": "aegis-spoke-prod:aws-ebs-csi-driver",
            "modified_at": "2025-10-05T17:24:01Z",
            "pod_identity_association": [],
            "preserve": null,
            "resolve_conflicts": "",
            "resolve_conflicts_on_create": "OVERWRITE",
            "resolve_conflicts_on_update": "OVERWRITE",
            "service_account_role_arn": "arn:aws:iam::567751785679:role/aegis-spoke-prod-ebs-csi-driver20251005165328269300000004",
            "tags": {},
            "tags_all": {
              "Environment": "prod",
              "ManagedBy": "terraform",
              "Project": "aegis"
            },
            "timeouts": null
          },
          "sensitive_attributes": [],
          "identity_schema_version": 0,
          "private": "eyJlMmJmYjczMC1lY2FhLTExZTYtOGY4OC0zNDM2M2JjN2M0YzAiOnsiY3JlYXRlIjoxMjAwMDAwMDAwMDAwLCJkZWxldGUiOjI0MDAwMDAwMDAwMDAsInVwZGF0ZSI6MTIwMDAwMDAwMDAwMH19",
          "dependencies": [
            "aws_security_group.eks_nodes",
            "data.aws_availability_zones.available",
            "data.aws_eks_addon_version.ebs_csi",
            "module.ebs_csi_driver_irsa.aws_iam_policy.amazon_managed_service_prometheus",
            "module.ebs_csi_driver_irsa.aws_iam_policy.appmesh_controller",
            "module.ebs_csi_driver_irsa.aws_iam_policy.appmesh_envoy_proxy",
            "module.ebs_csi_driver_irsa.aws_iam_policy.aws_gateway_controller",
            "module.ebs_csi_driver_irsa.aws_iam_policy.cert_manager",
            "module.ebs_csi_driver_irsa.aws_iam_policy.cluster_autoscaler",
            "module.ebs_csi_driver_irsa.aws_iam_policy.ebs_csi",
            "module.ebs_csi_driver_irsa.aws_iam_policy.efs_csi",
            "module.ebs_csi_driver_irsa.aws_iam_policy.external_dns",
            "module.ebs_csi_driver_irsa.aws_iam_policy.external_secrets",
            "module.ebs_csi_driver_irsa.aws_iam_policy.fsx_lustre_csi",
            "module.ebs_csi_driver_irsa.aws_iam_policy.fsx_openzfs_csi",
            "module.ebs_csi_driver_irsa.aws_iam_policy.karpenter_controller",
            "module.ebs_csi_driver_irsa.aws_iam_policy.load_balancer_controller",
            "module.ebs_csi_driver_irsa.aws_iam_policy.load_balancer_controller_targetgroup_only",
            "module.ebs_csi_driver_irsa.aws_iam_policy.mountpoint_s3_csi",
            "module.ebs_csi_driver_irsa.aws_iam_policy.node_termination_handler",
            "module.ebs_csi_driver_irsa.aws_iam_policy.velero",
            "module.ebs_csi_driver_irsa.aws_iam_policy.vpc_cni",
            "module.ebs_csi_driver_irsa.aws_iam_role.this",
            "module.ebs_csi_driver_irsa.aws_iam_role_policy_attachment.amazon_cloudwatch_observability",
            "module.ebs_csi_driver_irsa.aws_iam_role_policy_attachment.amazon_managed_service_prometheus",
            "module.ebs_csi_driver_irsa.aws_iam_role_policy_attachment.appmesh_controller",
            "module.ebs_csi_driver_irsa.aws_iam_role_policy_attachment.appmesh_envoy_proxy",
            "module.ebs_csi_driver_irsa.aws_iam_role_policy_attachment.aws_gateway_controller",
            "module.ebs_csi_driver_irsa.aws_iam_role_policy_attachment.cert_manager",
            "module.ebs_csi_driver_irsa.aws_iam_role_policy_attachment.cluster_autoscaler",
            "module.ebs_csi_driver_irsa.aws_iam_role_policy_attachment.ebs_csi",
            "module.ebs_csi_driver_irsa.aws_iam_role_policy_attachment.efs_csi",
            "module.ebs_csi_driver_irsa.aws_iam_role_policy_attachment.external_dns",
            "module.ebs_csi_driver_irsa.aws_iam_role_policy_attachment.external_secrets",
            "module.ebs_csi_driver_irsa.aws_iam_role_policy_attachment.fsx_lustre_csi",
            "module.ebs_csi_driver_irsa.aws_iam_role_policy_attachment.fsx_openzfs_csi",
            "module.ebs_csi_driver_irsa.aws_iam_role_policy_attachment.karpenter_controller",
            "module.ebs_csi_driver_irsa.aws_iam_role_policy_attachment.load_balancer_controller",
            "module.ebs_csi_driver_irsa.aws_iam_role_policy_attachment.load_balancer_controller_targetgroup_only",
            "module.ebs_csi_driver_irsa.aws_iam_role_policy_attachment.mountpoint_s3_csi",
            "module.ebs_csi_driver_irsa.aws_iam_role_policy_attachment.node_termination_handler",
            "module.ebs_csi_driver_irsa.aws_iam_role_policy_attachment.this",
            "module.ebs_csi_driver_irsa.aws_iam_role_policy_attachment.velero",
            "module.ebs_csi_driver_irsa.aws_iam_role_policy_attachment.vpc_cni",
            "module.ebs_csi_driver_irsa.data.aws_caller_identity.current",
            "module.ebs_csi_driver_irsa.data.aws_iam_policy_document.amazon_managed_service_prometheus",
            "module.ebs_csi_driver_irsa.data.aws_iam_policy_document.appmesh_controller",
            "module.ebs_csi_driver_irsa.data.aws_iam_policy_document.appmesh_envoy_proxy",
            "module.ebs_csi_driver_irsa.data.aws_iam_policy_document.aws_gateway_controller",
            "module.ebs_csi_driver_irsa.data.aws_iam_policy_document.cert_manager",
            "module.ebs_csi_driver_irsa.data.aws_iam_policy_document.cluster_autoscaler",
            "module.ebs_csi_driver_irsa.data.aws_iam_policy_document.ebs_csi",
            "module.ebs_csi_driver_irsa.data.aws_iam_policy_document.efs_csi",
            "module.ebs_csi_driver_irsa.data.aws_iam_policy_document.external_dns",
            "module.ebs_csi_driver_irsa.data.aws_iam_policy_document.external_secrets",
            "module.ebs_csi_driver_irsa.data.aws_iam_policy_document.fsx_lustre_csi",
            "module.ebs_csi_driver_irsa.data.aws_iam_policy_document.fsx_openzfs_csi",
            "module.ebs_csi_driver_irsa.data.aws_iam_policy_document.karpenter_controller",
            "module.ebs_csi_driver_irsa.data.aws_iam_policy_document.load_balancer_controller",
            "module.ebs_csi_driver_irsa.data.aws_iam_policy_document.load_balancer_controller_targetgroup_only",
            "module.ebs_csi_driver_irsa.data.aws_iam_policy_document.mountpoint_s3_csi",
            "module.ebs_csi_driver_irsa.data.aws_iam_policy_document.node_termination_handler",
            "module.ebs_csi_driver_irsa.data.aws_iam_policy_document.this",
            "module.ebs_csi_driver_irsa.data.aws_iam_policy_document.velero",
            "module.ebs_csi_driver_irsa.data.aws_iam_policy_document.vpc_cni",
            "module.ebs_csi_driver_irsa.data.aws_partition.current",
            "module.ebs_csi_driver_irsa.data.aws_region.current",
            "module.eks.aws_cloudwatch_log_group.this",
            "module.eks.aws_ec2_tag.cluster_primary_security_group",
            "module.eks.aws_eks_access_entry.this",
            "module.eks.aws_eks_access_policy_association.this",
            "module.eks.aws_eks_addon.before_compute",
            "module.eks.aws_eks_addon.this",
            "module.eks.aws_eks_cluster.this",
            "module.eks.aws_eks_identity_provider_config.this",
            "module.eks.aws_iam_openid_connect_provider.oidc_provider",
            "module.eks.aws_iam_policy.cluster_encryption",
            "module.eks.aws_iam_policy.cni_ipv6_policy",
            "module.eks.aws_iam_policy.custom",
            "module.eks.aws_iam_role.eks_auto",
            "module.eks.aws_iam_role.this",
            "module.eks.aws_iam_role_policy_attachment.additional",
            "module.eks.aws_iam_role_policy_attachment.cluster_encryption",
            "module.eks.aws_iam_role_policy_attachment.custom",
            "module.eks.aws_iam_role_policy_attachment.eks_auto",
            "module.eks.aws_iam_role_policy_attachment.eks_auto_additional",
            "module.eks.aws_iam_role_policy_attachment.this",
            "module.eks.aws_security_group.cluster",
            "module.eks.aws_security_group.node",
            "module.eks.aws_security_group_rule.cluster",
            "module.eks.aws_security_group_rule.node",
            "module.eks.data.aws_caller_identity.current",
            "module.eks.data.aws_eks_addon_version.this",
            "module.eks.data.aws_iam_policy_document.assume_role_policy",
            "module.eks.data.aws_iam_policy_document.cni_ipv6_policy",
            "module.eks.data.aws_iam_policy_document.custom",
            "module.eks.data.aws_iam_policy_document.node_assume_role_policy",
            "module.eks.data.aws_iam_session_context.current",
            "module.eks.data.aws_partition.current",
            "module.eks.data.tls_certificate.this",
            "module.eks.module.eks_managed_node_group.aws_autoscaling_schedule.this",
            "module.eks.module.eks_managed_node_group.aws_eks_node_group.this",
            "module.eks.module.eks_managed_node_group.aws_iam_role.this",
            "module.eks.module.eks_managed_node_group.aws_iam_role_policy.this",
            "module.eks.module.eks_managed_node_group.aws_iam_role_policy_attachment.additional",
            "module.eks.module.eks_managed_node_group.aws_iam_role_policy_attachment.this",
            "module.eks.module.eks_managed_node_group.aws_launch_template.this",
            "module.eks.module.eks_managed_node_group.aws_placement_group.this",
            "module.eks.module.eks_managed_node_group.data.aws_caller_identity.current",
            "module.eks.module.eks_managed_node_group.data.aws_ec2_instance_type.this",
            "module.eks.module.eks_managed_node_group.data.aws_ec2_instance_type_offerings.this",
            "module.eks.module.eks_managed_node_group.data.aws_iam_policy_document.assume_role_policy",
            "module.eks.module.eks_managed_node_group.data.aws_iam_policy_document.role",
            "module.eks.module.eks_managed_node_group.data.aws_partition.current",
            "module.eks.module.eks_managed_node_group.data.aws_ssm_parameter.ami",
            "module.eks.module.eks_managed_node_group.data.aws_subnets.placement_group",
            "module.eks.module.eks_managed_node_group.module.user_data.data.cloudinit_config.al2023_eks_managed_node_group",
            "module.eks.module.eks_managed_node_group.module.user_data.data.cloudinit_config.linux_eks_managed_node_group",
            "module.eks.module.eks_managed_node_group.module.user_data.null_resource.validate_cluster_service_cidr",
            "module.eks.module.fargate_profile.aws_eks_fargate_profile.this",
            "module.eks.module.fargate_profile.aws_iam_role.this",
            "module.eks.module.fargate_profile.aws_iam_role_policy.this",
            "module.eks.module.fargate_profile.aws_iam_role_policy_attachment.additional",
            "module.eks.module.fargate_profile.aws_iam_role_policy_attachment.this",
            "module.eks.module.fargate_profile.data.aws_caller_identity.current",
            "module.eks.module.fargate_profile.data.aws_iam_policy_document.assume_role_policy",
            "module.eks.module.fargate_profile.data.aws_iam_policy_document.role",
            "module.eks.module.fargate_profile.data.aws_partition.current",
            "module.eks.module.fargate_profile.data.aws_region.current",
            "module.eks.module.kms.aws_kms_alias.this",
            "module.eks.module.kms.aws_kms_external_key.this",
            "module.eks.module.kms.aws_kms_grant.this",
            "module.eks.module.kms.aws_kms_key.this",
            "module.eks.module.kms.aws_kms_replica_external_key.this",
            "module.eks.module.kms.aws_kms_replica_key.this",
            "module.eks.module.kms.data.aws_caller_identity.current",
            "module.eks.module.kms.data.aws_iam_policy_document.this",
            "module.eks.module.kms.data.aws_partition.current",
            "module.eks.module.self_managed_node_group.aws_autoscaling_group.this",
            "module.eks.module.self_managed_node_group.aws_autoscaling_schedule.this",
            "module.eks.module.self_managed_node_group.aws_eks_access_entry.this",
            "module.eks.module.self_managed_node_group.aws_iam_instance_profile.this",
            "module.eks.module.self_managed_node_group.aws_iam_role.this",
            "module.eks.module.self_managed_node_group.aws_iam_role_policy.this",
            "module.eks.module.self_managed_node_group.aws_iam_role_policy_attachment.additional",
            "module.eks.module.self_managed_node_group.aws_iam_role_policy_attachment.this",
            "module.eks.module.self_managed_node_group.aws_launch_template.this",
            "module.eks.module.self_managed_node_group.aws_placement_group.this",
            "module.eks.module.self_managed_node_group.data.aws_caller_identity.current",
            "module.eks.module.self_managed_node_group.data.aws_ec2_instance_type.this",
            "module.eks.module.self_managed_node_group.data.aws_ec2_instance_type_offerings.this",
            "module.eks.module.self_managed_node_group.data.aws_iam_policy_document.assume_role_policy",
            "module.eks.module.self_managed_node_group.data.aws_iam_policy_document.role",
            "module.eks.module.self_managed_node_group.data.aws_partition.current",
            "module.eks.module.self_managed_node_group.data.aws_ssm_parameter.ami",
            "module.eks.module.self_managed_node_group.data.aws_subnets.placement_group",
            "module.eks.module.self_managed_node_group.module.user_data.data.cloudinit_config.al2023_eks_managed_node_group",
            "module.eks.module.self_managed_node_group.module.user_data.data.cloudinit_config.linux_eks_managed_node_group",
            "module.eks.module.self_managed_node_group.module.user_data.null_resource.validate_cluster_service_cidr",
            "module.eks.time_sleep.this",
            "module.vpc.aws_subnet.private",
            "module.vpc.aws_vpc.this",
            "module.vpc.aws_vpc_ipv4_cidr_block_association.this"
          ]
        }
      ]
    },
    {
      "mode": "managed",
      "type": "aws_route53_record",
      "name": "platform_api_grpc",
      "provider": "provider[\"registry.terraform.io/hashicorp/aws\"]",
      "instances": [
        {
          "schema_version": 2,
          "attributes": {
            "alias": [],
            "allow_overwrite": null,
            "cidr_routing_policy": [],
            "failover_routing_policy": [],
            "fqdn": "platform-api-grpc.aegist.dev",
            "geolocation_routing_policy": [],
            "geoproximity_routing_policy": [],
            "health_check_id": "",
            "id": "Z042254424Q5LP7DZVBIY_platform-api-grpc.aegist.dev_CNAME",
            "latency_routing_policy": [],
            "multivalue_answer_routing_policy": false,
            "name": "platform-api-grpc.aegist.dev",
            "records": [
              "a56fb5cdb0ef147899b114facac3727f-74a808a96b5c44e1.elb.us-east-1.amazonaws.com"
            ],
            "set_identifier": "",
            "timeouts": null,
            "ttl": 300,
            "type": "CNAME",
            "weighted_routing_policy": [],
            "zone_id": "Z042254424Q5LP7DZVBIY"
          },
          "sensitive_attributes": [],
          "identity_schema_version": 0,
          "private": "eyJlMmJmYjczMC1lY2FhLTExZTYtOGY4OC0zNDM2M2JjN2M0YzAiOnsiY3JlYXRlIjoxODAwMDAwMDAwMDAwLCJkZWxldGUiOjE4MDAwMDAwMDAwMDAsInVwZGF0ZSI6MTgwMDAwMDAwMDAwMH0sInNjaGVtYV92ZXJzaW9uIjoiMiJ9",
          "dependencies": [
            "aws_route53_zone.aegist"
          ]
        }
      ]
    },
    {
      "mode": "managed",
      "type": "aws_route53_record",
      "name": "platform_api_http",
      "provider": "provider[\"registry.terraform.io/hashicorp/aws\"]",
      "instances": [
        {
          "schema_version": 2,
          "attributes": {
            "alias": [],
            "allow_overwrite": null,
            "cidr_routing_policy": [],
            "failover_routing_policy": [],
            "fqdn": "platform-api.aegist.dev",
            "geolocation_routing_policy": [],
            "geoproximity_routing_policy": [],
            "health_check_id": "",
            "id": "Z042254424Q5LP7DZVBIY_platform-api.aegist.dev_CNAME",
            "latency_routing_policy": [],
            "multivalue_answer_routing_policy": false,
            "name": "platform-api.aegist.dev",
            "records": [
              "a56fb5cdb0ef147899b114facac3727f-74a808a96b5c44e1.elb.us-east-1.amazonaws.com"
            ],
            "set_identifier": "",
            "timeouts": null,
            "ttl": 300,
            "type": "CNAME",
            "weighted_routing_policy": [],
            "zone_id": "Z042254424Q5LP7DZVBIY"
          },
          "sensitive_attributes": [],
          "identity_schema_version": 0,
          "private": "eyJlMmJmYjczMC1lY2FhLTExZTYtOGY4OC0zNDM2M2JjN2M0YzAiOnsiY3JlYXRlIjoxODAwMDAwMDAwMDAwLCJkZWxldGUiOjE4MDAwMDAwMDAwMDAsInVwZGF0ZSI6MTgwMDAwMDAwMDAwMH0sInNjaGVtYV92ZXJzaW9uIjoiMiJ9",
          "dependencies": [
            "aws_route53_zone.aegist"
          ]
        }
      ]
    },
    {
      "mode": "managed",
      "type": "aws_route53_record",
      "name": "proxy",
      "provider": "provider[\"registry.terraform.io/hashicorp/aws\"]",
      "instances": [
        {
          "schema_version": 2,
          "attributes": {
            "alias": [],
            "allow_overwrite": null,
            "cidr_routing_policy": [],
            "failover_routing_policy": [],
            "fqdn": "proxy.aegist.dev",
            "geolocation_routing_policy": [],
            "geoproximity_routing_policy": [],
            "health_check_id": "",
            "id": "Z042254424Q5LP7DZVBIY_proxy.aegist.dev_CNAME",
            "latency_routing_policy": [],
            "multivalue_answer_routing_policy": false,
            "name": "proxy.aegist.dev",
            "records": [
              "a538839c02c074be6ba642bff51672ec-efa56fb14d0606cb.elb.us-east-1.amazonaws.com"
            ],
            "set_identifier": "",
            "timeouts": null,
            "ttl": 300,
            "type": "CNAME",
            "weighted_routing_policy": [],
            "zone_id": "Z042254424Q5LP7DZVBIY"
          },
          "sensitive_attributes": [],
          "identity_schema_version": 0,
          "private": "eyJlMmJmYjczMC1lY2FhLTExZTYtOGY4OC0zNDM2M2JjN2M0YzAiOnsiY3JlYXRlIjoxODAwMDAwMDAwMDAwLCJkZWxldGUiOjE4MDAwMDAwMDAwMDAsInVwZGF0ZSI6MTgwMDAwMDAwMDAwMH0sInNjaGVtYV92ZXJzaW9uIjoiMiJ9",
          "dependencies": [
            "aws_route53_zone.aegist"
          ]
        }
      ]
    },
    {
      "mode": "managed",
      "type": "aws_route53_zone",
      "name": "aegist",
      "provider": "provider[\"registry.terraform.io/hashicorp/aws\"]",
      "instances": [
        {
          "schema_version": 0,
          "attributes": {
            "arn": "arn:aws:route53:::hostedzone/Z042254424Q5LP7DZVBIY",
            "comment": "Aegis platform DNS zone for testing",
            "delegation_set_id": "",
            "force_destroy": false,
            "id": "Z042254424Q5LP7DZVBIY",
            "name": "aegist.dev",
            "name_servers": [
              "ns-1140.awsdns-14.org",
              "ns-1766.awsdns-28.co.uk",
              "ns-497.awsdns-62.com",
              "ns-684.awsdns-21.net"
            ],
            "primary_name_server": "ns-497.awsdns-62.com",
            "tags": {
              "Environment": "prod",
              "ManagedBy": "terraform",
              "Name": "aegis-spoke-prod-zone"
            },
            "tags_all": {
              "Environment": "prod",
              "ManagedBy": "terraform",
              "Name": "aegis-spoke-prod-zone",
              "Project": "aegis"
            },
            "timeouts": null,
            "vpc": [],
            "zone_id": "Z042254424Q5LP7DZVBIY"
          },
          "sensitive_attributes": [],
          "identity_schema_version": 0,
          "private": "eyJlMmJmYjczMC1lY2FhLTExZTYtOGY4OC0zNDM2M2JjN2M0YzAiOnsiY3JlYXRlIjoxODAwMDAwMDAwMDAwLCJkZWxldGUiOjE4MDAwMDAwMDAwMDAsInVwZGF0ZSI6MTgwMDAwMDAwMDAwMH19"
        }
      ]
    },
    {
      "mode": "managed",
      "type": "aws_secretsmanager_secret",
      "name": "db_password",
      "provider": "provider[\"registry.terraform.io/hashicorp/aws\"]",
      "instances": [
        {
          "index_key": 0,
          "schema_version": 0,
          "attributes": {
            "arn": "arn:aws:secretsmanager:us-east-1:567751785679:secret:aegis/prod/db-password-C6inFC",
            "description": "PostgreSQL database password for Aegis platform-api",
            "force_overwrite_replica_secret": false,
            "id": "arn:aws:secretsmanager:us-east-1:567751785679:secret:aegis/prod/db-password-C6inFC",
            "kms_key_id": "",
            "name": "aegis/prod/db-password",
            "name_prefix": "",
            "policy": "",
            "recovery_window_in_days": 30,
            "replica": [],
            "tags": {
              "Environment": "prod",
              "ManagedBy": "terraform",
              "Project": "aegis"
            },
            "tags_all": {
              "Environment": "prod",
              "ManagedBy": "terraform",
              "Project": "aegis"
            }
          },
          "sensitive_attributes": [],
          "identity_schema_version": 0,
          "private": "bnVsbA=="
        }
      ]
    },
    {
      "mode": "managed",
      "type": "aws_secretsmanager_secret",
      "name": "jwt_secret",
      "provider": "provider[\"registry.terraform.io/hashicorp/aws\"]",
      "instances": [
        {
          "index_key": 0,
          "schema_version": 0,
          "attributes": {
            "arn": "arn:aws:secretsmanager:us-east-1:567751785679:secret:aegis/prod/proxy-jwt-secret-V9tSMe",
            "description": "JWT secret for Aegis proxy service",
            "force_overwrite_replica_secret": false,
            "id": "arn:aws:secretsmanager:us-east-1:567751785679:secret:aegis/prod/proxy-jwt-secret-V9tSMe",
            "kms_key_id": "",
            "name": "aegis/prod/proxy-jwt-secret",
            "name_prefix": "",
            "policy": "",
            "recovery_window_in_days": 30,
            "replica": [],
            "tags": {
              "Environment": "prod",
              "ManagedBy": "terraform",
              "Project": "aegis"
            },
            "tags_all": {
              "Environment": "prod",
              "ManagedBy": "terraform",
              "Project": "aegis"
            }
          },
          "sensitive_attributes": [],
          "identity_schema_version": 0,
          "private": "bnVsbA=="
        }
      ]
    },
    {
      "mode": "managed",
      "type": "aws_secretsmanager_secret_version",
      "name": "db_password",
      "provider": "provider[\"registry.terraform.io/hashicorp/aws\"]",
      "instances": [
        {
          "index_key": 0,
          "schema_version": 0,
          "attributes": {
            "arn": "arn:aws:secretsmanager:us-east-1:567751785679:secret:aegis/prod/db-password-C6inFC",
            "has_secret_string_wo": null,
            "id": "arn:aws:secretsmanager:us-east-1:567751785679:secret:aegis/prod/db-password-C6inFC|terraform-20251005172604010200000002",
            "secret_binary": "",
            "secret_id": "arn:aws:secretsmanager:us-east-1:567751785679:secret:aegis/prod/db-password-C6inFC",
            "secret_string": "XBb!\u0026Tvc)SwZA7Qaw[F$J%PcGFIlkwRo",
            "secret_string_wo": null,
            "secret_string_wo_version": null,
            "version_id": "terraform-20251005172604010200000002",
            "version_stages": [
              "AWSCURRENT"
            ]
          },
          "sensitive_attributes": [
            [
              {
                "type": "get_attr",
                "value": "secret_binary"
              }
            ],
            [
              {
                "type": "get_attr",
                "value": "secret_string"
              }
            ],
            [
              {
                "type": "get_attr",
                "value": "secret_string_wo"
              }
            ]
          ],
          "identity_schema_version": 0,
          "private": "bnVsbA==",
          "dependencies": [
            "aws_secretsmanager_secret.db_password",
            "random_password.db_password"
          ]
        }
      ]
    },
    {
      "mode": "managed",
      "type": "aws_secretsmanager_secret_version",
      "name": "jwt_secret",
      "provider": "provider[\"registry.terraform.io/hashicorp/aws\"]",
      "instances": [
        {
          "index_key": 0,
          "schema_version": 0,
          "attributes": {
            "arn": "arn:aws:secretsmanager:us-east-1:567751785679:secret:aegis/prod/proxy-jwt-secret-V9tSMe",
            "has_secret_string_wo": null,
            "id": "arn:aws:secretsmanager:us-east-1:567751785679:secret:aegis/prod/proxy-jwt-secret-V9tSMe|terraform-20251005172603904200000001",
            "secret_binary": "",
            "secret_id": "arn:aws:secretsmanager:us-east-1:567751785679:secret:aegis/prod/proxy-jwt-secret-V9tSMe",
            "secret_string": "oFcRv9q58sVAps6y2CNcFOVFjueOwmTDLLewlYtoBtYIjZmdi7QVE7ag0mHn9nXs",
            "secret_string_wo": null,
            "secret_string_wo_version": null,
            "version_id": "terraform-20251005172603904200000001",
            "version_stages": [
              "AWSCURRENT"
            ]
          },
          "sensitive_attributes": [
            [
              {
                "type": "get_attr",
                "value": "secret_binary"
              }
            ],
            [
              {
                "type": "get_attr",
                "value": "secret_string"
              }
            ],
            [
              {
                "type": "get_attr",
                "value": "secret_string_wo"
              }
            ]
          ],
          "identity_schema_version": 0,
          "private": "bnVsbA==",
          "dependencies": [
            "aws_secretsmanager_secret.jwt_secret",
            "random_password.jwt_secret"
          ]
        }
      ]
    },
    {
      "mode": "managed",
      "type": "aws_security_group",
      "name": "eks_nodes",
      "provider": "provider[\"registry.terraform.io/hashicorp/aws\"]",
      "instances": [
        {
          "schema_version": 1,
          "attributes": {
            "arn": "arn:aws:ec2:us-east-1:567751785679:security-group/sg-0a204c4c6e75b8746",
            "description": "Managed by Terraform",
            "egress": [
              {
                "cidr_blocks": [
                  "0.0.0.0/0"
                ],
                "description": "",
                "from_port": 0,
                "ipv6_cidr_blocks": [],
                "prefix_list_ids": [],
                "protocol": "-1",
                "security_groups": [],
                "self": false,
                "to_port": 0
              }
            ],
            "id": "sg-0a204c4c6e75b8746",
            "ingress": [],
            "name": "aegis-spoke-prod-nodes-2025100119174367590000000a",
            "name_prefix": "aegis-spoke-prod-nodes-",
            "owner_id": "567751785679",
            "revoke_rules_on_delete": false,
            "tags": {
              "Environment": "prod",
              "ManagedBy": "terraform",
              "Name": "aegis-spoke-prod-nodes-sg",
              "Project": "aegis"
            },
            "tags_all": {
              "Environment": "prod",
              "ManagedBy": "terraform",
              "Name": "aegis-spoke-prod-nodes-sg",
              "Project": "aegis"
            },
            "timeouts": null,
            "vpc_id": "vpc-0a4b821294f120863"
          },
          "sensitive_attributes": [],
          "identity_schema_version": 0,
          "private": "eyJlMmJmYjczMC1lY2FhLTExZTYtOGY4OC0zNDM2M2JjN2M0YzAiOnsiY3JlYXRlIjo2MDAwMDAwMDAwMDAsImRlbGV0ZSI6OTAwMDAwMDAwMDAwfSwic2NoZW1hX3ZlcnNpb24iOiIxIn0=",
          "dependencies": [
            "module.vpc.aws_vpc.this"
          ],
          "create_before_destroy": true
        }
      ]
    },
    {
      "mode": "managed",
      "type": "aws_security_group",
      "name": "rds",
      "provider": "provider[\"registry.terraform.io/hashicorp/aws\"]",
      "instances": [
        {
          "schema_version": 1,
          "attributes": {
            "arn": "arn:aws:ec2:us-east-1:567751785679:security-group/sg-0aa0f68539bb6606a",
            "description": "Security group for Aegis RDS PostgreSQL instance",
            "egress": [
              {
                "cidr_blocks": [
                  "0.0.0.0/0"
                ],
                "description": "",
                "from_port": 0,
                "ipv6_cidr_blocks": [],
                "prefix_list_ids": [],
                "protocol": "-1",
                "security_groups": [],
                "self": false,
                "to_port": 0
              }
            ],
            "id": "sg-0aa0f68539bb6606a",
            "ingress": [
              {
                "cidr_blocks": [],
                "description": "PostgreSQL access from EKS nodes",
                "from_port": 5432,
                "ipv6_cidr_blocks": [],
                "prefix_list_ids": [],
                "protocol": "tcp",
                "security_groups": [
                  "sg-0a204c4c6e75b8746"
                ],
                "self": false,
                "to_port": 5432
              }
            ],
            "name": "aegis-spoke-prod-rds-2025100119174547370000000f",
            "name_prefix": "aegis-spoke-prod-rds-",
            "owner_id": "567751785679",
            "revoke_rules_on_delete": false,
            "tags": {
              "Environment": "prod",
              "ManagedBy": "terraform",
              "Name": "aegis-spoke-prod-rds-sg",
              "Project": "aegis"
            },
            "tags_all": {
              "Environment": "prod",
              "ManagedBy": "terraform",
              "Name": "aegis-spoke-prod-rds-sg",
              "Project": "aegis"
            },
            "timeouts": null,
            "vpc_id": "vpc-0a4b821294f120863"
          },
          "sensitive_attributes": [],
          "identity_schema_version": 0,
          "private": "eyJlMmJmYjczMC1lY2FhLTExZTYtOGY4OC0zNDM2M2JjN2M0YzAiOnsiY3JlYXRlIjo2MDAwMDAwMDAwMDAsImRlbGV0ZSI6OTAwMDAwMDAwMDAwfSwic2NoZW1hX3ZlcnNpb24iOiIxIn0=",
          "dependencies": [
            "aws_security_group.eks_nodes",
            "module.vpc.aws_vpc.this"
          ]
        }
      ]
    },
    {
      "mode": "managed",
      "type": "random_password",
      "name": "db_password",
      "provider": "provider[\"registry.terraform.io/hashicorp/random\"]",
      "instances": [
        {
          "schema_version": 3,
          "attributes": {
            "bcrypt_hash": "$2a$10$.A7ROSsJEP0Q63szml5Z9eaoraS/qYGxm8ef2jVuE/qB4RChhJqEa",
            "id": "none",
            "keepers": {
              "reset": "2025-10-04"
            },
            "length": 32,
            "lower": true,
            "min_lower": 0,
            "min_numeric": 0,
            "min_special": 0,
            "min_upper": 0,
            "number": true,
            "numeric": true,
            "override_special": "!#$%\u0026*()-_=+[]{}\u003c\u003e",
            "result": "XBb!\u0026Tvc)SwZA7Qaw[F$J%PcGFIlkwRo",
            "special": true,
            "upper": true
          },
          "sensitive_attributes": [
            [
              {
                "type": "get_attr",
                "value": "bcrypt_hash"
              }
            ],
            [
              {
                "type": "get_attr",
                "value": "result"
              }
            ]
          ],
          "identity_schema_version": 0
        }
      ]
    },
    {
      "mode": "managed",
      "type": "random_password",
      "name": "jwt_secret",
      "provider": "provider[\"registry.terraform.io/hashicorp/random\"]",
      "instances": [
        {
          "schema_version": 3,
          "attributes": {
            "bcrypt_hash": "$2a$10$yCPeCoGNWdaktOaNB1ukveO1PYNDCyuv9IqlVE/n58p.xatACQbOO",
            "id": "none",
            "keepers": null,
            "length": 64,
            "lower": true,
            "min_lower": 0,
            "min_numeric": 0,
            "min_special": 0,
            "min_upper": 0,
            "number": true,
            "numeric": true,
            "override_special": null,
            "result": "oFcRv9q58sVAps6y2CNcFOVFjueOwmTDLLewlYtoBtYIjZmdi7QVE7ag0mHn9nXs",
            "special": false,
            "upper": true
          },
          "sensitive_attributes": [
            [
              {
                "type": "get_attr",
                "value": "bcrypt_hash"
              }
            ],
            [
              {
                "type": "get_attr",
                "value": "result"
              }
            ]
          ],
          "identity_schema_version": 0
        }
      ]
    },
    {
      "mode": "managed",
      "type": "random_string",
      "name": "suffix",
      "provider": "provider[\"registry.terraform.io/hashicorp/random\"]",
      "instances": [
        {
          "schema_version": 2,
          "attributes": {
            "id": "w1yg6vax",
            "keepers": null,
            "length": 8,
            "lower": true,
            "min_lower": 0,
            "min_numeric": 0,
            "min_special": 0,
            "min_upper": 0,
            "number": true,
            "numeric": true,
            "override_special": null,
            "result": "w1yg6vax",
            "special": false,
            "upper": false
          },
          "sensitive_attributes": [],
          "identity_schema_version": 0
        }
      ]
    },
    {
      "module": "module.ebs_csi_driver_irsa",
      "mode": "data",
      "type": "aws_caller_identity",
      "name": "current",
      "provider": "provider[\"registry.terraform.io/hashicorp/aws\"]",
      "instances": [
        {
          "schema_version": 0,
          "attributes": {
            "account_id": "567751785679",
            "arn": "arn:aws:iam::567751785679:root",
            "id": "567751785679",
            "user_id": "567751785679"
          },
          "sensitive_attributes": [],
          "identity_schema_version": 0
        }
      ]
    },
    {
      "module": "module.ebs_csi_driver_irsa",
      "mode": "data",
      "type": "aws_iam_policy_document",
      "name": "ebs_csi",
      "provider": "provider[\"registry.terraform.io/hashicorp/aws\"]",
      "instances": [
        {
          "index_key": 0,
          "schema_version": 0,
          "attributes": {
            "id": "4189668531",
            "json": "{\n  \"Version\": \"2012-10-17\",\n  \"Statement\": [\n    {\n      \"Effect\": \"Allow\",\n      \"Action\": [\n        \"ec2:DescribeVolumesModifications\",\n        \"ec2:DescribeVolumes\",\n        \"ec2:DescribeTags\",\n        \"ec2:DescribeSnapshots\",\n        \"ec2:DescribeInstances\",\n        \"ec2:DescribeAvailabilityZones\"\n      ],\n      \"Resource\": \"*\"\n    },\n    {\n      \"Effect\": \"Allow\",\n      \"Action\": [\n        \"ec2:ModifyVolume\",\n        \"ec2:CreateSnapshot\"\n      ],\n      \"Resource\": \"arn:aws:ec2:*:*:volume/*\"\n    },\n    {\n      \"Effect\": \"Allow\",\n      \"Action\": [\n        \"ec2:DetachVolume\",\n        \"ec2:AttachVolume\"\n      ],\n      \"Resource\": [\n        \"arn:aws:ec2:*:*:volume/*\",\n        \"arn:aws:ec2:*:*:instance/*\"\n      ]\n    },\n    {\n      \"Effect\": \"Allow\",\n      \"Action\": [\n        \"ec2:EnableFastSnapshotRestores\",\n        \"ec2:CreateVolume\"\n      ],\n      \"Resource\": \"arn:aws:ec2:*:*:snapshot/*\"\n    },\n    {\n      \"Effect\": \"Allow\",\n      \"Action\": \"ec2:CreateTags\",\n      \"Resource\": [\n        \"arn:aws:ec2:*:*:volume/*\",\n        \"arn:aws:ec2:*:*:snapshot/*\"\n      ],\n      \"Condition\": {\n        \"StringEquals\": {\n          \"ec2:CreateAction\": [\n            \"CreateVolume\",\n            \"CreateSnapshot\"\n          ]\n        }\n      }\n    },\n    {\n      \"Effect\": \"Allow\",\n      \"Action\": \"ec2:DeleteTags\",\n      \"Resource\": [\n        \"arn:aws:ec2:*:*:volume/*\",\n        \"arn:aws:ec2:*:*:snapshot/*\"\n      ]\n    },\n    {\n      \"Effect\": \"Allow\",\n      \"Action\": \"ec2:CreateVolume\",\n      \"Resource\": \"arn:aws:ec2:*:*:volume/*\",\n      \"Condition\": {\n        \"StringLike\": {\n          \"aws:RequestTag/ebs.csi.aws.com/cluster\": \"true\"\n        }\n      }\n    },\n    {\n      \"Effect\": \"Allow\",\n      \"Action\": \"ec2:CreateVolume\",\n      \"Resource\": \"arn:aws:ec2:*:*:volume/*\",\n      \"Condition\": {\n        \"StringLike\": {\n          \"aws:RequestTag/CSIVolumeName\": \"*\"\n        }\n      }\n    },\n    {\n      \"Effect\": \"Allow\",\n      \"Action\": \"ec2:DeleteVolume\",\n      \"Resource\": \"arn:aws:ec2:*:*:volume/*\",\n      \"Condition\": {\n        \"StringLike\": {\n          \"aws:ResourceTag/ebs.csi.aws.com/cluster\": \"true\"\n        }\n      }\n    },\n    {\n      \"Effect\": \"Allow\",\n      \"Action\": \"ec2:DeleteVolume\",\n      \"Resource\": \"arn:aws:ec2:*:*:volume/*\",\n      \"Condition\": {\n        \"StringLike\": {\n          \"aws:ResourceTag/CSIVolumeName\": \"*\"\n        }\n      }\n    },\n    {\n      \"Effect\": \"Allow\",\n      \"Action\": \"ec2:DeleteVolume\",\n      \"Resource\": \"arn:aws:ec2:*:*:volume/*\",\n      \"Condition\": {\n        \"StringLike\": {\n          \"ec2:ResourceTag/kubernetes.io/created-for/pvc/name\": \"*\"\n        }\n      }\n    },\n    {\n      \"Effect\": \"Allow\",\n      \"Action\": \"ec2:CreateSnapshot\",\n      \"Resource\": \"arn:aws:ec2:*:*:snapshot/*\",\n      \"Condition\": {\n        \"StringLike\": {\n          \"aws:RequestTag/CSIVolumeSnapshotName\": \"*\"\n        }\n      }\n    },\n    {\n      \"Effect\": \"Allow\",\n      \"Action\": \"ec2:CreateSnapshot\",\n      \"Resource\": \"arn:aws:ec2:*:*:snapshot/*\",\n      \"Condition\": {\n        \"StringLike\": {\n          \"aws:RequestTag/ebs.csi.aws.com/cluster\": \"true\"\n        }\n      }\n    },\n    {\n      \"Effect\": \"Allow\",\n      \"Action\": \"ec2:DeleteSnapshot\",\n      \"Resource\": \"arn:aws:ec2:*:*:snapshot/*\",\n      \"Condition\": {\n        \"StringLike\": {\n          \"aws:ResourceTag/CSIVolumeSnapshotName\": \"*\"\n        }\n      }\n    },\n    {\n      \"Effect\": \"Allow\",\n      \"Action\": \"ec2:DeleteSnapshot\",\n      \"Resource\": \"arn:aws:ec2:*:*:snapshot/*\",\n      \"Condition\": {\n        \"StringLike\": {\n          \"aws:ResourceTag/ebs.csi.aws.com/cluster\": \"true\"\n        }\n      }\n    }\n  ]\n}",
            "minified_json": "{\"Version\":\"2012-10-17\",\"Statement\":[{\"Effect\":\"Allow\",\"Action\":[\"ec2:DescribeVolumesModifications\",\"ec2:DescribeVolumes\",\"ec2:DescribeTags\",\"ec2:DescribeSnapshots\",\"ec2:DescribeInstances\",\"ec2:DescribeAvailabilityZones\"],\"Resource\":\"*\"},{\"Effect\":\"Allow\",\"Action\":[\"ec2:ModifyVolume\",\"ec2:CreateSnapshot\"],\"Resource\":\"arn:aws:ec2:*:*:volume/*\"},{\"Effect\":\"Allow\",\"Action\":[\"ec2:DetachVolume\",\"ec2:AttachVolume\"],\"Resource\":[\"arn:aws:ec2:*:*:volume/*\",\"arn:aws:ec2:*:*:instance/*\"]},{\"Effect\":\"Allow\",\"Action\":[\"ec2:EnableFastSnapshotRestores\",\"ec2:CreateVolume\"],\"Resource\":\"arn:aws:ec2:*:*:snapshot/*\"},{\"Effect\":\"Allow\",\"Action\":\"ec2:CreateTags\",\"Resource\":[\"arn:aws:ec2:*:*:volume/*\",\"arn:aws:ec2:*:*:snapshot/*\"],\"Condition\":{\"StringEquals\":{\"ec2:CreateAction\":[\"CreateVolume\",\"CreateSnapshot\"]}}},{\"Effect\":\"Allow\",\"Action\":\"ec2:DeleteTags\",\"Resource\":[\"arn:aws:ec2:*:*:volume/*\",\"arn:aws:ec2:*:*:snapshot/*\"]},{\"Effect\":\"Allow\",\"Action\":\"ec2:CreateVolume\",\"Resource\":\"arn:aws:ec2:*:*:volume/*\",\"Condition\":{\"StringLike\":{\"aws:RequestTag/ebs.csi.aws.com/cluster\":\"true\"}}},{\"Effect\":\"Allow\",\"Action\":\"ec2:CreateVolume\",\"Resource\":\"arn:aws:ec2:*:*:volume/*\",\"Condition\":{\"StringLike\":{\"aws:RequestTag/CSIVolumeName\":\"*\"}}},{\"Effect\":\"Allow\",\"Action\":\"ec2:DeleteVolume\",\"Resource\":\"arn:aws:ec2:*:*:volume/*\",\"Condition\":{\"StringLike\":{\"aws:ResourceTag/ebs.csi.aws.com/cluster\":\"true\"}}},{\"Effect\":\"Allow\",\"Action\":\"ec2:DeleteVolume\",\"Resource\":\"arn:aws:ec2:*:*:volume/*\",\"Condition\":{\"StringLike\":{\"aws:ResourceTag/CSIVolumeName\":\"*\"}}},{\"Effect\":\"Allow\",\"Action\":\"ec2:DeleteVolume\",\"Resource\":\"arn:aws:ec2:*:*:volume/*\",\"Condition\":{\"StringLike\":{\"ec2:ResourceTag/kubernetes.io/created-for/pvc/name\":\"*\"}}},{\"Effect\":\"Allow\",\"Action\":\"ec2:CreateSnapshot\",\"Resource\":\"arn:aws:ec2:*:*:snapshot/*\",\"Condition\":{\"StringLike\":{\"aws:RequestTag/CSIVolumeSnapshotName\":\"*\"}}},{\"Effect\":\"Allow\",\"Action\":\"ec2:CreateSnapshot\",\"Resource\":\"arn:aws:ec2:*:*:snapshot/*\",\"Condition\":{\"StringLike\":{\"aws:RequestTag/ebs.csi.aws.com/cluster\":\"true\"}}},{\"Effect\":\"Allow\",\"Action\":\"ec2:DeleteSnapshot\",\"Resource\":\"arn:aws:ec2:*:*:snapshot/*\",\"Condition\":{\"StringLike\":{\"aws:ResourceTag/CSIVolumeSnapshotName\":\"*\"}}},{\"Effect\":\"Allow\",\"Action\":\"ec2:DeleteSnapshot\",\"Resource\":\"arn:aws:ec2:*:*:snapshot/*\",\"Condition\":{\"StringLike\":{\"aws:ResourceTag/ebs.csi.aws.com/cluster\":\"true\"}}}]}",
            "override_json": null,
            "override_policy_documents": null,
            "policy_id": null,
            "source_json": null,
            "source_policy_documents": null,
            "statement": [
              {
                "actions": [
                  "ec2:DescribeAvailabilityZones",
                  "ec2:DescribeInstances",
                  "ec2:DescribeSnapshots",
                  "ec2:DescribeTags",
                  "ec2:DescribeVolumes",
                  "ec2:DescribeVolumesModifications"
                ],
                "condition": [],
                "effect": "Allow",
                "not_actions": [],
                "not_principals": [],
                "not_resources": [],
                "principals": [],
                "resources": [
                  "*"
                ],
                "sid": ""
              },
              {
                "actions": [
                  "ec2:CreateSnapshot",
                  "ec2:ModifyVolume"
                ],
                "condition": [],
                "effect": "Allow",
                "not_actions": [],
                "not_principals": [],
                "not_resources": [],
                "principals": [],
                "resources": [
                  "arn:aws:ec2:*:*:volume/*"
                ],
                "sid": ""
              },
              {
                "actions": [
                  "ec2:AttachVolume",
                  "ec2:DetachVolume"
                ],
                "condition": [],
                "effect": "Allow",
                "not_actions": [],
                "not_principals": [],
                "not_resources": [],
                "principals": [],
                "resources": [
                  "arn:aws:ec2:*:*:instance/*",
                  "arn:aws:ec2:*:*:volume/*"
                ],
                "sid": ""
              },
              {
                "actions": [
                  "ec2:CreateVolume",
                  "ec2:EnableFastSnapshotRestores"
                ],
                "condition": [],
                "effect": "Allow",
                "not_actions": [],
                "not_principals": [],
                "not_resources": [],
                "principals": [],
                "resources": [
                  "arn:aws:ec2:*:*:snapshot/*"
                ],
                "sid": ""
              },
              {
                "actions": [
                  "ec2:CreateTags"
                ],
                "condition": [
                  {
                    "test": "StringEquals",
                    "values": [
                      "CreateVolume",
                      "CreateSnapshot"
                    ],
                    "variable": "ec2:CreateAction"
                  }
                ],
                "effect": "Allow",
                "not_actions": [],
                "not_principals": [],
                "not_resources": [],
                "principals": [],
                "resources": [
                  "arn:aws:ec2:*:*:snapshot/*",
                  "arn:aws:ec2:*:*:volume/*"
                ],
                "sid": ""
              },
              {
                "actions": [
                  "ec2:DeleteTags"
                ],
                "condition": [],
                "effect": "Allow",
                "not_actions": [],
                "not_principals": [],
                "not_resources": [],
                "principals": [],
                "resources": [
                  "arn:aws:ec2:*:*:snapshot/*",
                  "arn:aws:ec2:*:*:volume/*"
                ],
                "sid": ""
              },
              {
                "actions": [
                  "ec2:CreateVolume"
                ],
                "condition": [
                  {
                    "test": "StringLike",
                    "values": [
                      "true"
                    ],
                    "variable": "aws:RequestTag/ebs.csi.aws.com/cluster"
                  }
                ],
                "effect": "Allow",
                "not_actions": [],
                "not_principals": [],
                "not_resources": [],
                "principals": [],
                "resources": [
                  "arn:aws:ec2:*:*:volume/*"
                ],
                "sid": ""
              },
              {
                "actions": [
                  "ec2:CreateVolume"
                ],
                "condition": [
                  {
                    "test": "StringLike",
                    "values": [
                      "*"
                    ],
                    "variable": "aws:RequestTag/CSIVolumeName"
                  }
                ],
                "effect": "Allow",
                "not_actions": [],
                "not_principals": [],
                "not_resources": [],
                "principals": [],
                "resources": [
                  "arn:aws:ec2:*:*:volume/*"
                ],
                "sid": ""
              },
              {
                "actions": [
                  "ec2:DeleteVolume"
                ],
                "condition": [
                  {
                    "test": "StringLike",
                    "values": [
                      "true"
                    ],
                    "variable": "aws:ResourceTag/ebs.csi.aws.com/cluster"
                  }
                ],
                "effect": "Allow",
                "not_actions": [],
                "not_principals": [],
                "not_resources": [],
                "principals": [],
                "resources": [
                  "arn:aws:ec2:*:*:volume/*"
                ],
                "sid": ""
              },
              {
                "actions": [
                  "ec2:DeleteVolume"
                ],
                "condition": [
                  {
                    "test": "StringLike",
                    "values": [
                      "*"
                    ],
                    "variable": "aws:ResourceTag/CSIVolumeName"
                  }
                ],
                "effect": "Allow",
                "not_actions": [],
                "not_principals": [],
                "not_resources": [],
                "principals": [],
                "resources": [
                  "arn:aws:ec2:*:*:volume/*"
                ],
                "sid": ""
              },
              {
                "actions": [
                  "ec2:DeleteVolume"
                ],
                "condition": [
                  {
                    "test": "StringLike",
                    "values": [
                      "*"
                    ],
                    "variable": "ec2:ResourceTag/kubernetes.io/created-for/pvc/name"
                  }
                ],
                "effect": "Allow",
                "not_actions": [],
                "not_principals": [],
                "not_resources": [],
                "principals": [],
                "resources": [
                  "arn:aws:ec2:*:*:volume/*"
                ],
                "sid": ""
              },
              {
                "actions": [
                  "ec2:CreateSnapshot"
                ],
                "condition": [
                  {
                    "test": "StringLike",
                    "values": [
                      "*"
                    ],
                    "variable": "aws:RequestTag/CSIVolumeSnapshotName"
                  }
                ],
                "effect": "Allow",
                "not_actions": [],
                "not_principals": [],
                "not_resources": [],
                "principals": [],
                "resources": [
                  "arn:aws:ec2:*:*:snapshot/*"
                ],
                "sid": ""
              },
              {
                "actions": [
                  "ec2:CreateSnapshot"
                ],
                "condition": [
                  {
                    "test": "StringLike",
                    "values": [
                      "true"
                    ],
                    "variable": "aws:RequestTag/ebs.csi.aws.com/cluster"
                  }
                ],
                "effect": "Allow",
                "not_actions": [],
                "not_principals": [],
                "not_resources": [],
                "principals": [],
                "resources": [
                  "arn:aws:ec2:*:*:snapshot/*"
                ],
                "sid": ""
              },
              {
                "actions": [
                  "ec2:DeleteSnapshot"
                ],
                "condition": [
                  {
                    "test": "StringLike",
                    "values": [
                      "*"
                    ],
                    "variable": "aws:ResourceTag/CSIVolumeSnapshotName"
                  }
                ],
                "effect": "Allow",
                "not_actions": [],
                "not_principals": [],
                "not_resources": [],
                "principals": [],
                "resources": [
                  "arn:aws:ec2:*:*:snapshot/*"
                ],
                "sid": ""
              },
              {
                "actions": [
                  "ec2:DeleteSnapshot"
                ],
                "condition": [
                  {
                    "test": "StringLike",
                    "values": [
                      "true"
                    ],
                    "variable": "aws:ResourceTag/ebs.csi.aws.com/cluster"
                  }
                ],
                "effect": "Allow",
                "not_actions": [],
                "not_principals": [],
                "not_resources": [],
                "principals": [],
                "resources": [
                  "arn:aws:ec2:*:*:snapshot/*"
                ],
                "sid": ""
              }
            ],
            "version": "2012-10-17"
          },
          "sensitive_attributes": [],
          "identity_schema_version": 0
        }
      ]
    },
    {
      "module": "module.ebs_csi_driver_irsa",
      "mode": "data",
      "type": "aws_iam_policy_document",
      "name": "this",
      "provider": "provider[\"registry.terraform.io/hashicorp/aws\"]",
      "instances": [
        {
          "index_key": 0,
          "schema_version": 0,
          "attributes": {
            "id": "147272511",
            "json": "{\n  \"Version\": \"2012-10-17\",\n  \"Statement\": [\n    {\n      \"Effect\": \"Allow\",\n      \"Action\": \"sts:AssumeRoleWithWebIdentity\",\n      \"Principal\": {\n        \"Federated\": \"arn:aws:iam::567751785679:oidc-provider/oidc.eks.us-east-1.amazonaws.com/id/1E694418DA0B464F8519D6DC2E448AAF\"\n      },\n      \"Condition\": {\n        \"StringEquals\": {\n          \"oidc.eks.us-east-1.amazonaws.com/id/1E694418DA0B464F8519D6DC2E448AAF:aud\": \"sts.amazonaws.com\",\n          \"oidc.eks.us-east-1.amazonaws.com/id/1E694418DA0B464F8519D6DC2E448AAF:sub\": \"system:serviceaccount:kube-system:ebs-csi-controller-sa\"\n        }\n      }\n    }\n  ]\n}",
            "minified_json": "{\"Version\":\"2012-10-17\",\"Statement\":[{\"Effect\":\"Allow\",\"Action\":\"sts:AssumeRoleWithWebIdentity\",\"Principal\":{\"Federated\":\"arn:aws:iam::567751785679:oidc-provider/oidc.eks.us-east-1.amazonaws.com/id/1E694418DA0B464F8519D6DC2E448AAF\"},\"Condition\":{\"StringEquals\":{\"oidc.eks.us-east-1.amazonaws.com/id/1E694418DA0B464F8519D6DC2E448AAF:aud\":\"sts.amazonaws.com\",\"oidc.eks.us-east-1.amazonaws.com/id/1E694418DA0B464F8519D6DC2E448AAF:sub\":\"system:serviceaccount:kube-system:ebs-csi-controller-sa\"}}}]}",
            "override_json": null,
            "override_policy_documents": null,
            "policy_id": null,
            "source_json": null,
            "source_policy_documents": null,
            "statement": [
              {
                "actions": [
                  "sts:AssumeRoleWithWebIdentity"
                ],
                "condition": [
                  {
                    "test": "StringEquals",
                    "values": [
                      "sts.amazonaws.com"
                    ],
                    "variable": "oidc.eks.us-east-1.amazonaws.com/id/1E694418DA0B464F8519D6DC2E448AAF:aud"
                  },
                  {
                    "test": "StringEquals",
                    "values": [
                      "system:serviceaccount:kube-system:ebs-csi-controller-sa"
                    ],
                    "variable": "oidc.eks.us-east-1.amazonaws.com/id/1E694418DA0B464F8519D6DC2E448AAF:sub"
                  }
                ],
                "effect": "Allow",
                "not_actions": [],
                "not_principals": [],
                "not_resources": [],
                "principals": [
                  {
                    "identifiers": [
                      "arn:aws:iam::567751785679:oidc-provider/oidc.eks.us-east-1.amazonaws.com/id/1E694418DA0B464F8519D6DC2E448AAF"
                    ],
                    "type": "Federated"
                  }
                ],
                "resources": [],
                "sid": ""
              }
            ],
            "version": "2012-10-17"
          },
          "sensitive_attributes": [],
          "identity_schema_version": 0
        }
      ]
    },
    {
      "module": "module.ebs_csi_driver_irsa",
      "mode": "data",
      "type": "aws_partition",
      "name": "current",
      "provider": "provider[\"registry.terraform.io/hashicorp/aws\"]",
      "instances": [
        {
          "schema_version": 0,
          "attributes": {
            "dns_suffix": "amazonaws.com",
            "id": "aws",
            "partition": "aws",
            "reverse_dns_prefix": "com.amazonaws"
          },
          "sensitive_attributes": [],
          "identity_schema_version": 0
        }
      ]
    },
    {
      "module": "module.ebs_csi_driver_irsa",
      "mode": "data",
      "type": "aws_region",
      "name": "current",
      "provider": "provider[\"registry.terraform.io/hashicorp/aws\"]",
      "instances": [
        {
          "schema_version": 0,
          "attributes": {
            "description": "US East (N. Virginia)",
            "endpoint": "ec2.us-east-1.amazonaws.com",
            "id": "us-east-1",
            "name": "us-east-1"
          },
          "sensitive_attributes": [],
          "identity_schema_version": 0
        }
      ]
    },
    {
      "module": "module.ebs_csi_driver_irsa",
      "mode": "managed",
      "type": "aws_iam_policy",
      "name": "ebs_csi",
      "provider": "provider[\"registry.terraform.io/hashicorp/aws\"]",
      "instances": [
        {
          "index_key": 0,
          "schema_version": 0,
          "attributes": {
            "arn": "arn:aws:iam::567751785679:policy/AmazonEKS_EBS_CSI_Policy-20251005165328258500000003",
            "attachment_count": 1,
            "description": "Provides permissions to manage EBS volumes via the container storage interface driver",
            "id": "arn:aws:iam::567751785679:policy/AmazonEKS_EBS_CSI_Policy-20251005165328258500000003",
            "name": "AmazonEKS_EBS_CSI_Policy-20251005165328258500000003",
            "name_prefix": "AmazonEKS_EBS_CSI_Policy-",
            "path": "/",
            "policy": "{\"Statement\":[{\"Action\":[\"ec2:DescribeVolumesModifications\",\"ec2:DescribeVolumes\",\"ec2:DescribeTags\",\"ec2:DescribeSnapshots\",\"ec2:DescribeInstances\",\"ec2:DescribeAvailabilityZones\"],\"Effect\":\"Allow\",\"Resource\":\"*\"},{\"Action\":[\"ec2:ModifyVolume\",\"ec2:CreateSnapshot\"],\"Effect\":\"Allow\",\"Resource\":\"arn:aws:ec2:*:*:volume/*\"},{\"Action\":[\"ec2:DetachVolume\",\"ec2:AttachVolume\"],\"Effect\":\"Allow\",\"Resource\":[\"arn:aws:ec2:*:*:volume/*\",\"arn:aws:ec2:*:*:instance/*\"]},{\"Action\":[\"ec2:EnableFastSnapshotRestores\",\"ec2:CreateVolume\"],\"Effect\":\"Allow\",\"Resource\":\"arn:aws:ec2:*:*:snapshot/*\"},{\"Action\":\"ec2:CreateTags\",\"Condition\":{\"StringEquals\":{\"ec2:CreateAction\":[\"CreateVolume\",\"CreateSnapshot\"]}},\"Effect\":\"Allow\",\"Resource\":[\"arn:aws:ec2:*:*:volume/*\",\"arn:aws:ec2:*:*:snapshot/*\"]},{\"Action\":\"ec2:DeleteTags\",\"Effect\":\"Allow\",\"Resource\":[\"arn:aws:ec2:*:*:volume/*\",\"arn:aws:ec2:*:*:snapshot/*\"]},{\"Action\":\"ec2:CreateVolume\",\"Condition\":{\"StringLike\":{\"aws:RequestTag/ebs.csi.aws.com/cluster\":\"true\"}},\"Effect\":\"Allow\",\"Resource\":\"arn:aws:ec2:*:*:volume/*\"},{\"Action\":\"ec2:CreateVolume\",\"Condition\":{\"StringLike\":{\"aws:RequestTag/CSIVolumeName\":\"*\"}},\"Effect\":\"Allow\",\"Resource\":\"arn:aws:ec2:*:*:volume/*\"},{\"Action\":\"ec2:DeleteVolume\",\"Condition\":{\"StringLike\":{\"aws:ResourceTag/ebs.csi.aws.com/cluster\":\"true\"}},\"Effect\":\"Allow\",\"Resource\":\"arn:aws:ec2:*:*:volume/*\"},{\"Action\":\"ec2:DeleteVolume\",\"Condition\":{\"StringLike\":{\"aws:ResourceTag/CSIVolumeName\":\"*\"}},\"Effect\":\"Allow\",\"Resource\":\"arn:aws:ec2:*:*:volume/*\"},{\"Action\":\"ec2:DeleteVolume\",\"Condition\":{\"StringLike\":{\"ec2:ResourceTag/kubernetes.io/created-for/pvc/name\":\"*\"}},\"Effect\":\"Allow\",\"Resource\":\"arn:aws:ec2:*:*:volume/*\"},{\"Action\":\"ec2:CreateSnapshot\",\"Condition\":{\"StringLike\":{\"aws:RequestTag/CSIVolumeSnapshotName\":\"*\"}},\"Effect\":\"Allow\",\"Resource\":\"arn:aws:ec2:*:*:snapshot/*\"},{\"Action\":\"ec2:CreateSnapshot\",\"Condition\":{\"StringLike\":{\"aws:RequestTag/ebs.csi.aws.com/cluster\":\"true\"}},\"Effect\":\"Allow\",\"Resource\":\"arn:aws:ec2:*:*:snapshot/*\"},{\"Action\":\"ec2:DeleteSnapshot\",\"Condition\":{\"StringLike\":{\"aws:ResourceTag/CSIVolumeSnapshotName\":\"*\"}},\"Effect\":\"Allow\",\"Resource\":\"arn:aws:ec2:*:*:snapshot/*\"},{\"Action\":\"ec2:DeleteSnapshot\",\"Condition\":{\"StringLike\":{\"aws:ResourceTag/ebs.csi.aws.com/cluster\":\"true\"}},\"Effect\":\"Allow\",\"Resource\":\"arn:aws:ec2:*:*:snapshot/*\"}],\"Version\":\"2012-10-17\"}",
            "policy_id": "ANPAYIMFEXTHRHNNIPNP3",
            "tags": {
              "Environment": "prod",
              "ManagedBy": "terraform",
              "Project": "aegis"
            },
            "tags_all": {
              "Environment": "prod",
              "ManagedBy": "terraform",
              "Project": "aegis"
            }
          },
          "sensitive_attributes": [],
          "identity_schema_version": 0,
          "private": "bnVsbA==",
          "dependencies": [
            "module.ebs_csi_driver_irsa.data.aws_iam_policy_document.ebs_csi",
            "module.ebs_csi_driver_irsa.data.aws_partition.current"
          ]
        }
      ]
    },
    {
      "module": "module.ebs_csi_driver_irsa",
      "mode": "managed",
      "type": "aws_iam_role",
      "name": "this",
      "provider": "provider[\"registry.terraform.io/hashicorp/aws\"]",
      "instances": [
        {
          "index_key": 0,
          "schema_version": 0,
          "attributes": {
            "arn": "arn:aws:iam::567751785679:role/aegis-spoke-prod-ebs-csi-driver20251005165328269300000004",
            "assume_role_policy": "{\"Statement\":[{\"Action\":\"sts:AssumeRoleWithWebIdentity\",\"Condition\":{\"StringEquals\":{\"oidc.eks.us-east-1.amazonaws.com/id/1E694418DA0B464F8519D6DC2E448AAF:aud\":\"sts.amazonaws.com\",\"oidc.eks.us-east-1.amazonaws.com/id/1E694418DA0B464F8519D6DC2E448AAF:sub\":\"system:serviceaccount:kube-system:ebs-csi-controller-sa\"}},\"Effect\":\"Allow\",\"Principal\":{\"Federated\":\"arn:aws:iam::567751785679:oidc-provider/oidc.eks.us-east-1.amazonaws.com/id/1E694418DA0B464F8519D6DC2E448AAF\"}}],\"Version\":\"2012-10-17\"}",
            "create_date": "2025-10-05T16:53:28Z",
            "description": "IRSA role for the EKS aws-ebs-csi-driver add-on",
            "force_detach_policies": true,
            "id": "aegis-spoke-prod-ebs-csi-driver20251005165328269300000004",
            "inline_policy": [],
            "managed_policy_arns": [
              "arn:aws:iam::567751785679:policy/AmazonEKS_EBS_CSI_Policy-20251005165328258500000003"
            ],
            "max_session_duration": 3600,
            "name": "aegis-spoke-prod-ebs-csi-driver20251005165328269300000004",
            "name_prefix": "aegis-spoke-prod-ebs-csi-driver",
            "path": "/",
            "permissions_boundary": "",
            "tags": {
              "Environment": "prod",
              "ManagedBy": "terraform",
              "Project": "aegis"
            },
            "tags_all": {
              "Environment": "prod",
              "ManagedBy": "terraform",
              "Project": "aegis"
            },
            "unique_id": "AROAYIMFEXTHSLVXNPFFC"
          },
          "sensitive_attributes": [],
          "identity_schema_version": 0,
          "private": "bnVsbA==",
          "dependencies": [
            "data.aws_availability_zones.available",
            "module.ebs_csi_driver_irsa.data.aws_caller_identity.current",
            "module.ebs_csi_driver_irsa.data.aws_iam_policy_document.this",
            "module.ebs_csi_driver_irsa.data.aws_partition.current",
            "module.eks.aws_cloudwatch_log_group.this",
            "module.eks.aws_eks_cluster.this",
            "module.eks.aws_iam_openid_connect_provider.oidc_provider",
            "module.eks.aws_iam_policy.cni_ipv6_policy",
            "module.eks.aws_iam_role.eks_auto",
            "module.eks.aws_iam_role.this",
            "module.eks.aws_iam_role_policy_attachment.this",
            "module.eks.aws_security_group.cluster",
            "module.eks.aws_security_group.node",
            "module.eks.aws_security_group_rule.cluster",
            "module.eks.aws_security_group_rule.node",
            "module.eks.data.aws_caller_identity.current",
            "module.eks.data.aws_iam_policy_document.assume_role_policy",
            "module.eks.data.aws_iam_policy_document.cni_ipv6_policy",
            "module.eks.data.aws_iam_policy_document.node_assume_role_policy",
            "module.eks.data.aws_iam_session_context.current",
            "module.eks.data.aws_partition.current",
            "module.eks.data.tls_certificate.this",
            "module.eks.module.kms.aws_kms_external_key.this",
            "module.eks.module.kms.aws_kms_key.this",
            "module.eks.module.kms.aws_kms_replica_external_key.this",
            "module.eks.module.kms.aws_kms_replica_key.this",
            "module.eks.module.kms.data.aws_caller_identity.current",
            "module.eks.module.kms.data.aws_iam_policy_document.this",
            "module.eks.module.kms.data.aws_partition.current",
            "module.vpc.aws_subnet.private",
            "module.vpc.aws_vpc.this",
            "module.vpc.aws_vpc_ipv4_cidr_block_association.this"
          ]
        }
      ]
    },
    {
      "module": "module.ebs_csi_driver_irsa",
      "mode": "managed",
      "type": "aws_iam_role_policy_attachment",
      "name": "ebs_csi",
      "provider": "provider[\"registry.terraform.io/hashicorp/aws\"]",
      "instances": [
        {
          "index_key": 0,
          "schema_version": 0,
          "attributes": {
            "id": "aegis-spoke-prod-ebs-csi-driver20251005165328269300000004-20251005165328594300000005",
            "policy_arn": "arn:aws:iam::567751785679:policy/AmazonEKS_EBS_CSI_Policy-20251005165328258500000003",
            "role": "aegis-spoke-prod-ebs-csi-driver20251005165328269300000004"
          },
          "sensitive_attributes": [],
          "identity_schema_version": 0,
          "private": "bnVsbA==",
          "dependencies": [
            "data.aws_availability_zones.available",
            "module.ebs_csi_driver_irsa.aws_iam_policy.ebs_csi",
            "module.ebs_csi_driver_irsa.aws_iam_role.this",
            "module.ebs_csi_driver_irsa.data.aws_caller_identity.current",
            "module.ebs_csi_driver_irsa.data.aws_iam_policy_document.ebs_csi",
            "module.ebs_csi_driver_irsa.data.aws_iam_policy_document.this",
            "module.ebs_csi_driver_irsa.data.aws_partition.current",
            "module.eks.aws_cloudwatch_log_group.this",
            "module.eks.aws_eks_cluster.this",
            "module.eks.aws_iam_openid_connect_provider.oidc_provider",
            "module.eks.aws_iam_policy.cni_ipv6_policy",
            "module.eks.aws_iam_role.eks_auto",
            "module.eks.aws_iam_role.this",
            "module.eks.aws_iam_role_policy_attachment.this",
            "module.eks.aws_security_group.cluster",
            "module.eks.aws_security_group.node",
            "module.eks.aws_security_group_rule.cluster",
            "module.eks.aws_security_group_rule.node",
            "module.eks.data.aws_caller_identity.current",
            "module.eks.data.aws_iam_policy_document.assume_role_policy",
            "module.eks.data.aws_iam_policy_document.cni_ipv6_policy",
            "module.eks.data.aws_iam_policy_document.node_assume_role_policy",
            "module.eks.data.aws_iam_session_context.current",
            "module.eks.data.aws_partition.current",
            "module.eks.data.tls_certificate.this",
            "module.eks.module.kms.aws_kms_external_key.this",
            "module.eks.module.kms.aws_kms_key.this",
            "module.eks.module.kms.aws_kms_replica_external_key.this",
            "module.eks.module.kms.aws_kms_replica_key.this",
            "module.eks.module.kms.data.aws_caller_identity.current",
            "module.eks.module.kms.data.aws_iam_policy_document.this",
            "module.eks.module.kms.data.aws_partition.current",
            "module.vpc.aws_subnet.private",
            "module.vpc.aws_vpc.this",
            "module.vpc.aws_vpc_ipv4_cidr_block_association.this"
          ]
        }
      ]
    },
    {
      "module": "module.ecr[\"aegis/k8s-agent\"]",
      "mode": "data",
      "type": "aws_caller_identity",
      "name": "current",
      "provider": "provider[\"registry.terraform.io/hashicorp/aws\"]",
      "instances": [
        {
          "schema_version": 0,
          "attributes": {
            "account_id": "567751785679",
            "arn": "arn:aws:iam::567751785679:root",
            "id": "567751785679",
            "user_id": "567751785679"
          },
          "sensitive_attributes": [],
          "identity_schema_version": 0
        }
      ]
    },
    {
      "module": "module.ecr[\"aegis/k8s-agent\"]",
      "mode": "data",
      "type": "aws_iam_policy_document",
      "name": "repository",
      "provider": "provider[\"registry.terraform.io/hashicorp/aws\"]",
      "instances": [
        {
          "index_key": 0,
          "schema_version": 0,
          "attributes": {
            "id": "1937996634",
            "json": "{\n  \"Version\": \"2012-10-17\",\n  \"Statement\": [\n    {\n      \"Sid\": \"PrivateReadOnly\",\n      \"Effect\": \"Allow\",\n      \"Action\": [\n        \"ecr:ListTagsForResource\",\n        \"ecr:ListImages\",\n        \"ecr:GetRepositoryPolicy\",\n        \"ecr:GetLifecyclePolicyPreview\",\n        \"ecr:GetLifecyclePolicy\",\n        \"ecr:GetDownloadUrlForLayer\",\n        \"ecr:GetAuthorizationToken\",\n        \"ecr:DescribeRepositories\",\n        \"ecr:DescribeImages\",\n        \"ecr:DescribeImageScanFindings\",\n        \"ecr:BatchGetImage\",\n        \"ecr:BatchCheckLayerAvailability\"\n      ],\n      \"Principal\": {\n        \"AWS\": \"arn:aws:iam::567751785679:root\"\n      }\n    }\n  ]\n}",
            "minified_json": "{\"Version\":\"2012-10-17\",\"Statement\":[{\"Sid\":\"PrivateReadOnly\",\"Effect\":\"Allow\",\"Action\":[\"ecr:ListTagsForResource\",\"ecr:ListImages\",\"ecr:GetRepositoryPolicy\",\"ecr:GetLifecyclePolicyPreview\",\"ecr:GetLifecyclePolicy\",\"ecr:GetDownloadUrlForLayer\",\"ecr:GetAuthorizationToken\",\"ecr:DescribeRepositories\",\"ecr:DescribeImages\",\"ecr:DescribeImageScanFindings\",\"ecr:BatchGetImage\",\"ecr:BatchCheckLayerAvailability\"],\"Principal\":{\"AWS\":\"arn:aws:iam::567751785679:root\"}}]}",
            "override_json": null,
            "override_policy_documents": null,
            "policy_id": null,
            "source_json": null,
            "source_policy_documents": null,
            "statement": [
              {
                "actions": [
                  "ecr:BatchCheckLayerAvailability",
                  "ecr:BatchGetImage",
                  "ecr:DescribeImageScanFindings",
                  "ecr:DescribeImages",
                  "ecr:DescribeRepositories",
                  "ecr:GetAuthorizationToken",
                  "ecr:GetDownloadUrlForLayer",
                  "ecr:GetLifecyclePolicy",
                  "ecr:GetLifecyclePolicyPreview",
                  "ecr:GetRepositoryPolicy",
                  "ecr:ListImages",
                  "ecr:ListTagsForResource"
                ],
                "condition": [],
                "effect": "Allow",
                "not_actions": [],
                "not_principals": [],
                "not_resources": [],
                "principals": [
                  {
                    "identifiers": [
                      "arn:aws:iam::567751785679:root"
                    ],
                    "type": "AWS"
                  }
                ],
                "resources": [],
                "sid": "PrivateReadOnly"
              }
            ],
            "version": "2012-10-17"
          },
          "sensitive_attributes": [],
          "identity_schema_version": 0
        }
      ]
    },
    {
      "module": "module.ecr[\"aegis/k8s-agent\"]",
      "mode": "data",
      "type": "aws_partition",
      "name": "current",
      "provider": "provider[\"registry.terraform.io/hashicorp/aws\"]",
      "instances": [
        {
          "schema_version": 0,
          "attributes": {
            "dns_suffix": "amazonaws.com",
            "id": "aws",
            "partition": "aws",
            "reverse_dns_prefix": "com.amazonaws"
          },
          "sensitive_attributes": [],
          "identity_schema_version": 0
        }
      ]
    },
    {
      "module": "module.ecr[\"aegis/k8s-agent\"]",
      "mode": "managed",
      "type": "aws_ecr_lifecycle_policy",
      "name": "this",
      "provider": "provider[\"registry.terraform.io/hashicorp/aws\"]",
      "instances": [
        {
          "index_key": 0,
          "schema_version": 0,
          "attributes": {
            "id": "aegis/k8s-agent",
            "policy": "{\"rules\":[{\"action\":{\"type\":\"expire\"},\"description\":\"Keep last 10 production images\",\"rulePriority\":1,\"selection\":{\"countNumber\":10,\"countType\":\"imageCountMoreThan\",\"tagPrefixList\":[\"v\",\"prod\"],\"tagStatus\":\"tagged\"}},{\"action\":{\"type\":\"expire\"},\"description\":\"Keep last 5 development images\",\"rulePriority\":2,\"selection\":{\"countNumber\":5,\"countType\":\"imageCountMoreThan\",\"tagPrefixList\":[\"dev\",\"staging\",\"amd64\"],\"tagStatus\":\"tagged\"}},{\"action\":{\"type\":\"expire\"},\"description\":\"Delete untagged images older than 1 day\",\"rulePriority\":3,\"selection\":{\"countNumber\":1,\"countType\":\"sinceImagePushed\",\"countUnit\":\"days\",\"tagStatus\":\"untagged\"}}]}",
            "registry_id": "567751785679",
            "repository": "aegis/k8s-agent"
          },
          "sensitive_attributes": [],
          "identity_schema_version": 0,
          "private": "bnVsbA==",
          "dependencies": [
            "module.ecr.aws_ecr_repository.this"
          ]
        }
      ]
    },
    {
      "module": "module.ecr[\"aegis/k8s-agent\"]",
      "mode": "managed",
      "type": "aws_ecr_repository",
      "name": "this",
      "provider": "provider[\"registry.terraform.io/hashicorp/aws\"]",
      "instances": [
        {
          "index_key": 0,
          "schema_version": 0,
          "attributes": {
            "arn": "arn:aws:ecr:us-east-1:567751785679:repository/aegis/k8s-agent",
            "encryption_configuration": [
              {
                "encryption_type": "AES256",
                "kms_key": ""
              }
            ],
            "force_delete": null,
            "id": "aegis/k8s-agent",
            "image_scanning_configuration": [
              {
                "scan_on_push": true
              }
            ],
            "image_tag_mutability": "IMMUTABLE",
            "name": "aegis/k8s-agent",
            "registry_id": "567751785679",
            "repository_url": "567751785679.dkr.ecr.us-east-1.amazonaws.com/aegis/k8s-agent",
            "tags": {
              "Environment": "prod",
              "ManagedBy": "terraform",
              "Name": "aegis-aegis-k8s-agent",
              "Project": "aegis"
            },
            "tags_all": {
              "Environment": "prod",
              "ManagedBy": "terraform",
              "Name": "aegis-aegis-k8s-agent",
              "Project": "aegis"
            },
            "timeouts": null
          },
          "sensitive_attributes": [],
          "identity_schema_version": 0,
          "private": "eyJlMmJmYjczMC1lY2FhLTExZTYtOGY4OC0zNDM2M2JjN2M0YzAiOnsiZGVsZXRlIjoxMjAwMDAwMDAwMDAwfX0="
        }
      ]
    },
    {
      "module": "module.ecr[\"aegis/k8s-agent\"]",
      "mode": "managed",
      "type": "aws_ecr_repository_policy",
      "name": "this",
      "provider": "provider[\"registry.terraform.io/hashicorp/aws\"]",
      "instances": [
        {
          "index_key": 0,
          "schema_version": 0,
          "attributes": {
            "id": "aegis/k8s-agent",
            "policy": "{\"Statement\":[{\"Action\":[\"ecr:ListTagsForResource\",\"ecr:ListImages\",\"ecr:GetRepositoryPolicy\",\"ecr:GetLifecyclePolicyPreview\",\"ecr:GetLifecyclePolicy\",\"ecr:GetDownloadUrlForLayer\",\"ecr:GetAuthorizationToken\",\"ecr:DescribeRepositories\",\"ecr:DescribeImages\",\"ecr:DescribeImageScanFindings\",\"ecr:BatchGetImage\",\"ecr:BatchCheckLayerAvailability\"],\"Effect\":\"Allow\",\"Principal\":{\"AWS\":\"arn:aws:iam::567751785679:root\"},\"Sid\":\"PrivateReadOnly\"}],\"Version\":\"2012-10-17\"}",
            "registry_id": "567751785679",
            "repository": "aegis/k8s-agent"
          },
          "sensitive_attributes": [],
          "identity_schema_version": 0,
          "private": "bnVsbA==",
          "dependencies": [
            "data.aws_caller_identity.current",
            "module.ecr.aws_ecr_repository.this",
            "module.ecr.data.aws_caller_identity.current",
            "module.ecr.data.aws_iam_policy_document.repository",
            "module.ecr.data.aws_partition.current"
          ]
        }
      ]
    },
    {
      "module": "module.ecr[\"aegis/platform-api\"]",
      "mode": "data",
      "type": "aws_caller_identity",
      "name": "current",
      "provider": "provider[\"registry.terraform.io/hashicorp/aws\"]",
      "instances": [
        {
          "schema_version": 0,
          "attributes": {
            "account_id": "567751785679",
            "arn": "arn:aws:iam::567751785679:root",
            "id": "567751785679",
            "user_id": "567751785679"
          },
          "sensitive_attributes": [],
          "identity_schema_version": 0
        }
      ]
    },
    {
      "module": "module.ecr[\"aegis/platform-api\"]",
      "mode": "data",
      "type": "aws_iam_policy_document",
      "name": "repository",
      "provider": "provider[\"registry.terraform.io/hashicorp/aws\"]",
      "instances": [
        {
          "index_key": 0,
          "schema_version": 0,
          "attributes": {
            "id": "1937996634",
            "json": "{\n  \"Version\": \"2012-10-17\",\n  \"Statement\": [\n    {\n      \"Sid\": \"PrivateReadOnly\",\n      \"Effect\": \"Allow\",\n      \"Action\": [\n        \"ecr:ListTagsForResource\",\n        \"ecr:ListImages\",\n        \"ecr:GetRepositoryPolicy\",\n        \"ecr:GetLifecyclePolicyPreview\",\n        \"ecr:GetLifecyclePolicy\",\n        \"ecr:GetDownloadUrlForLayer\",\n        \"ecr:GetAuthorizationToken\",\n        \"ecr:DescribeRepositories\",\n        \"ecr:DescribeImages\",\n        \"ecr:DescribeImageScanFindings\",\n        \"ecr:BatchGetImage\",\n        \"ecr:BatchCheckLayerAvailability\"\n      ],\n      \"Principal\": {\n        \"AWS\": \"arn:aws:iam::567751785679:root\"\n      }\n    }\n  ]\n}",
            "minified_json": "{\"Version\":\"2012-10-17\",\"Statement\":[{\"Sid\":\"PrivateReadOnly\",\"Effect\":\"Allow\",\"Action\":[\"ecr:ListTagsForResource\",\"ecr:ListImages\",\"ecr:GetRepositoryPolicy\",\"ecr:GetLifecyclePolicyPreview\",\"ecr:GetLifecyclePolicy\",\"ecr:GetDownloadUrlForLayer\",\"ecr:GetAuthorizationToken\",\"ecr:DescribeRepositories\",\"ecr:DescribeImages\",\"ecr:DescribeImageScanFindings\",\"ecr:BatchGetImage\",\"ecr:BatchCheckLayerAvailability\"],\"Principal\":{\"AWS\":\"arn:aws:iam::567751785679:root\"}}]}",
            "override_json": null,
            "override_policy_documents": null,
            "policy_id": null,
            "source_json": null,
            "source_policy_documents": null,
            "statement": [
              {
                "actions": [
                  "ecr:BatchCheckLayerAvailability",
                  "ecr:BatchGetImage",
                  "ecr:DescribeImageScanFindings",
                  "ecr:DescribeImages",
                  "ecr:DescribeRepositories",
                  "ecr:GetAuthorizationToken",
                  "ecr:GetDownloadUrlForLayer",
                  "ecr:GetLifecyclePolicy",
                  "ecr:GetLifecyclePolicyPreview",
                  "ecr:GetRepositoryPolicy",
                  "ecr:ListImages",
                  "ecr:ListTagsForResource"
                ],
                "condition": [],
                "effect": "Allow",
                "not_actions": [],
                "not_principals": [],
                "not_resources": [],
                "principals": [
                  {
                    "identifiers": [
                      "arn:aws:iam::567751785679:root"
                    ],
                    "type": "AWS"
                  }
                ],
                "resources": [],
                "sid": "PrivateReadOnly"
              }
            ],
            "version": "2012-10-17"
          },
          "sensitive_attributes": [],
          "identity_schema_version": 0
        }
      ]
    },
    {
      "module": "module.ecr[\"aegis/platform-api\"]",
      "mode": "data",
      "type": "aws_partition",
      "name": "current",
      "provider": "provider[\"registry.terraform.io/hashicorp/aws\"]",
      "instances": [
        {
          "schema_version": 0,
          "attributes": {
            "dns_suffix": "amazonaws.com",
            "id": "aws",
            "partition": "aws",
            "reverse_dns_prefix": "com.amazonaws"
          },
          "sensitive_attributes": [],
          "identity_schema_version": 0
        }
      ]
    },
    {
      "module": "module.ecr[\"aegis/platform-api\"]",
      "mode": "managed",
      "type": "aws_ecr_lifecycle_policy",
      "name": "this",
      "provider": "provider[\"registry.terraform.io/hashicorp/aws\"]",
      "instances": [
        {
          "index_key": 0,
          "schema_version": 0,
          "attributes": {
            "id": "aegis/platform-api",
            "policy": "{\"rules\":[{\"action\":{\"type\":\"expire\"},\"description\":\"Keep last 10 production images\",\"rulePriority\":1,\"selection\":{\"countNumber\":10,\"countType\":\"imageCountMoreThan\",\"tagPrefixList\":[\"v\",\"prod\"],\"tagStatus\":\"tagged\"}},{\"action\":{\"type\":\"expire\"},\"description\":\"Keep last 5 development images\",\"rulePriority\":2,\"selection\":{\"countNumber\":5,\"countType\":\"imageCountMoreThan\",\"tagPrefixList\":[\"dev\",\"staging\",\"amd64\"],\"tagStatus\":\"tagged\"}},{\"action\":{\"type\":\"expire\"},\"description\":\"Delete untagged images older than 1 day\",\"rulePriority\":3,\"selection\":{\"countNumber\":1,\"countType\":\"sinceImagePushed\",\"countUnit\":\"days\",\"tagStatus\":\"untagged\"}}]}",
            "registry_id": "567751785679",
            "repository": "aegis/platform-api"
          },
          "sensitive_attributes": [],
          "identity_schema_version": 0,
          "private": "bnVsbA==",
          "dependencies": [
            "module.ecr.aws_ecr_repository.this"
          ]
        }
      ]
    },
    {
      "module": "module.ecr[\"aegis/platform-api\"]",
      "mode": "managed",
      "type": "aws_ecr_repository",
      "name": "this",
      "provider": "provider[\"registry.terraform.io/hashicorp/aws\"]",
      "instances": [
        {
          "index_key": 0,
          "schema_version": 0,
          "attributes": {
            "arn": "arn:aws:ecr:us-east-1:567751785679:repository/aegis/platform-api",
            "encryption_configuration": [
              {
                "encryption_type": "AES256",
                "kms_key": ""
              }
            ],
            "force_delete": null,
            "id": "aegis/platform-api",
            "image_scanning_configuration": [
              {
                "scan_on_push": true
              }
            ],
            "image_tag_mutability": "IMMUTABLE",
            "name": "aegis/platform-api",
            "registry_id": "567751785679",
            "repository_url": "567751785679.dkr.ecr.us-east-1.amazonaws.com/aegis/platform-api",
            "tags": {
              "Environment": "prod",
              "ManagedBy": "terraform",
              "Name": "aegis-aegis-platform-api",
              "Project": "aegis"
            },
            "tags_all": {
              "Environment": "prod",
              "ManagedBy": "terraform",
              "Name": "aegis-aegis-platform-api",
              "Project": "aegis"
            },
            "timeouts": null
          },
          "sensitive_attributes": [],
          "identity_schema_version": 0,
          "private": "eyJlMmJmYjczMC1lY2FhLTExZTYtOGY4OC0zNDM2M2JjN2M0YzAiOnsiZGVsZXRlIjoxMjAwMDAwMDAwMDAwfX0="
        }
      ]
    },
    {
      "module": "module.ecr[\"aegis/platform-api\"]",
      "mode": "managed",
      "type": "aws_ecr_repository_policy",
      "name": "this",
      "provider": "provider[\"registry.terraform.io/hashicorp/aws\"]",
      "instances": [
        {
          "index_key": 0,
          "schema_version": 0,
          "attributes": {
            "id": "aegis/platform-api",
            "policy": "{\"Statement\":[{\"Action\":[\"ecr:ListTagsForResource\",\"ecr:ListImages\",\"ecr:GetRepositoryPolicy\",\"ecr:GetLifecyclePolicyPreview\",\"ecr:GetLifecyclePolicy\",\"ecr:GetDownloadUrlForLayer\",\"ecr:GetAuthorizationToken\",\"ecr:DescribeRepositories\",\"ecr:DescribeImages\",\"ecr:DescribeImageScanFindings\",\"ecr:BatchGetImage\",\"ecr:BatchCheckLayerAvailability\"],\"Effect\":\"Allow\",\"Principal\":{\"AWS\":\"arn:aws:iam::567751785679:root\"},\"Sid\":\"PrivateReadOnly\"}],\"Version\":\"2012-10-17\"}",
            "registry_id": "567751785679",
            "repository": "aegis/platform-api"
          },
          "sensitive_attributes": [],
          "identity_schema_version": 0,
          "private": "bnVsbA==",
          "dependencies": [
            "data.aws_caller_identity.current",
            "module.ecr.aws_ecr_repository.this",
            "module.ecr.data.aws_caller_identity.current",
            "module.ecr.data.aws_iam_policy_document.repository",
            "module.ecr.data.aws_partition.current"
          ]
        }
      ]
    },
    {
      "module": "module.ecr[\"aegis/proxy\"]",
      "mode": "data",
      "type": "aws_caller_identity",
      "name": "current",
      "provider": "provider[\"registry.terraform.io/hashicorp/aws\"]",
      "instances": [
        {
          "schema_version": 0,
          "attributes": {
            "account_id": "567751785679",
            "arn": "arn:aws:iam::567751785679:root",
            "id": "567751785679",
            "user_id": "567751785679"
          },
          "sensitive_attributes": [],
          "identity_schema_version": 0
        }
      ]
    },
    {
      "module": "module.ecr[\"aegis/proxy\"]",
      "mode": "data",
      "type": "aws_iam_policy_document",
      "name": "repository",
      "provider": "provider[\"registry.terraform.io/hashicorp/aws\"]",
      "instances": [
        {
          "index_key": 0,
          "schema_version": 0,
          "attributes": {
            "id": "1937996634",
            "json": "{\n  \"Version\": \"2012-10-17\",\n  \"Statement\": [\n    {\n      \"Sid\": \"PrivateReadOnly\",\n      \"Effect\": \"Allow\",\n      \"Action\": [\n        \"ecr:ListTagsForResource\",\n        \"ecr:ListImages\",\n        \"ecr:GetRepositoryPolicy\",\n        \"ecr:GetLifecyclePolicyPreview\",\n        \"ecr:GetLifecyclePolicy\",\n        \"ecr:GetDownloadUrlForLayer\",\n        \"ecr:GetAuthorizationToken\",\n        \"ecr:DescribeRepositories\",\n        \"ecr:DescribeImages\",\n        \"ecr:DescribeImageScanFindings\",\n        \"ecr:BatchGetImage\",\n        \"ecr:BatchCheckLayerAvailability\"\n      ],\n      \"Principal\": {\n        \"AWS\": \"arn:aws:iam::567751785679:root\"\n      }\n    }\n  ]\n}",
            "minified_json": "{\"Version\":\"2012-10-17\",\"Statement\":[{\"Sid\":\"PrivateReadOnly\",\"Effect\":\"Allow\",\"Action\":[\"ecr:ListTagsForResource\",\"ecr:ListImages\",\"ecr:GetRepositoryPolicy\",\"ecr:GetLifecyclePolicyPreview\",\"ecr:GetLifecyclePolicy\",\"ecr:GetDownloadUrlForLayer\",\"ecr:GetAuthorizationToken\",\"ecr:DescribeRepositories\",\"ecr:DescribeImages\",\"ecr:DescribeImageScanFindings\",\"ecr:BatchGetImage\",\"ecr:BatchCheckLayerAvailability\"],\"Principal\":{\"AWS\":\"arn:aws:iam::567751785679:root\"}}]}",
            "override_json": null,
            "override_policy_documents": null,
            "policy_id": null,
            "source_json": null,
            "source_policy_documents": null,
            "statement": [
              {
                "actions": [
                  "ecr:BatchCheckLayerAvailability",
                  "ecr:BatchGetImage",
                  "ecr:DescribeImageScanFindings",
                  "ecr:DescribeImages",
                  "ecr:DescribeRepositories",
                  "ecr:GetAuthorizationToken",
                  "ecr:GetDownloadUrlForLayer",
                  "ecr:GetLifecyclePolicy",
                  "ecr:GetLifecyclePolicyPreview",
                  "ecr:GetRepositoryPolicy",
                  "ecr:ListImages",
                  "ecr:ListTagsForResource"
                ],
                "condition": [],
                "effect": "Allow",
                "not_actions": [],
                "not_principals": [],
                "not_resources": [],
                "principals": [
                  {
                    "identifiers": [
                      "arn:aws:iam::567751785679:root"
                    ],
                    "type": "AWS"
                  }
                ],
                "resources": [],
                "sid": "PrivateReadOnly"
              }
            ],
            "version": "2012-10-17"
          },
          "sensitive_attributes": [],
          "identity_schema_version": 0
        }
      ]
    },
    {
      "module": "module.ecr[\"aegis/proxy\"]",
      "mode": "data",
      "type": "aws_partition",
      "name": "current",
      "provider": "provider[\"registry.terraform.io/hashicorp/aws\"]",
      "instances": [
        {
          "schema_version": 0,
          "attributes": {
            "dns_suffix": "amazonaws.com",
            "id": "aws",
            "partition": "aws",
            "reverse_dns_prefix": "com.amazonaws"
          },
          "sensitive_attributes": [],
          "identity_schema_version": 0
        }
      ]
    },
    {
      "module": "module.ecr[\"aegis/proxy\"]",
      "mode": "managed",
      "type": "aws_ecr_lifecycle_policy",
      "name": "this",
      "provider": "provider[\"registry.terraform.io/hashicorp/aws\"]",
      "instances": [
        {
          "index_key": 0,
          "schema_version": 0,
          "attributes": {
            "id": "aegis/proxy",
            "policy": "{\"rules\":[{\"action\":{\"type\":\"expire\"},\"description\":\"Keep last 10 production images\",\"rulePriority\":1,\"selection\":{\"countNumber\":10,\"countType\":\"imageCountMoreThan\",\"tagPrefixList\":[\"v\",\"prod\"],\"tagStatus\":\"tagged\"}},{\"action\":{\"type\":\"expire\"},\"description\":\"Keep last 5 development images\",\"rulePriority\":2,\"selection\":{\"countNumber\":5,\"countType\":\"imageCountMoreThan\",\"tagPrefixList\":[\"dev\",\"staging\",\"amd64\"],\"tagStatus\":\"tagged\"}},{\"action\":{\"type\":\"expire\"},\"description\":\"Delete untagged images older than 1 day\",\"rulePriority\":3,\"selection\":{\"countNumber\":1,\"countType\":\"sinceImagePushed\",\"countUnit\":\"days\",\"tagStatus\":\"untagged\"}}]}",
            "registry_id": "567751785679",
            "repository": "aegis/proxy"
          },
          "sensitive_attributes": [],
          "identity_schema_version": 0,
          "private": "bnVsbA==",
          "dependencies": [
            "module.ecr.aws_ecr_repository.this"
          ]
        }
      ]
    },
    {
      "module": "module.ecr[\"aegis/proxy\"]",
      "mode": "managed",
      "type": "aws_ecr_repository",
      "name": "this",
      "provider": "provider[\"registry.terraform.io/hashicorp/aws\"]",
      "instances": [
        {
          "index_key": 0,
          "schema_version": 0,
          "attributes": {
            "arn": "arn:aws:ecr:us-east-1:567751785679:repository/aegis/proxy",
            "encryption_configuration": [
              {
                "encryption_type": "AES256",
                "kms_key": ""
              }
            ],
            "force_delete": null,
            "id": "aegis/proxy",
            "image_scanning_configuration": [
              {
                "scan_on_push": true
              }
            ],
            "image_tag_mutability": "IMMUTABLE",
            "name": "aegis/proxy",
            "registry_id": "567751785679",
            "repository_url": "567751785679.dkr.ecr.us-east-1.amazonaws.com/aegis/proxy",
            "tags": {
              "Environment": "prod",
              "ManagedBy": "terraform",
              "Name": "aegis-aegis-proxy",
              "Project": "aegis"
            },
            "tags_all": {
              "Environment": "prod",
              "ManagedBy": "terraform",
              "Name": "aegis-aegis-proxy",
              "Project": "aegis"
            },
            "timeouts": null
          },
          "sensitive_attributes": [],
          "identity_schema_version": 0,
          "private": "eyJlMmJmYjczMC1lY2FhLTExZTYtOGY4OC0zNDM2M2JjN2M0YzAiOnsiZGVsZXRlIjoxMjAwMDAwMDAwMDAwfX0="
        }
      ]
    },
    {
      "module": "module.ecr[\"aegis/proxy\"]",
      "mode": "managed",
      "type": "aws_ecr_repository_policy",
      "name": "this",
      "provider": "provider[\"registry.terraform.io/hashicorp/aws\"]",
      "instances": [
        {
          "index_key": 0,
          "schema_version": 0,
          "attributes": {
            "id": "aegis/proxy",
            "policy": "{\"Statement\":[{\"Action\":[\"ecr:ListTagsForResource\",\"ecr:ListImages\",\"ecr:GetRepositoryPolicy\",\"ecr:GetLifecyclePolicyPreview\",\"ecr:GetLifecyclePolicy\",\"ecr:GetDownloadUrlForLayer\",\"ecr:GetAuthorizationToken\",\"ecr:DescribeRepositories\",\"ecr:DescribeImages\",\"ecr:DescribeImageScanFindings\",\"ecr:BatchGetImage\",\"ecr:BatchCheckLayerAvailability\"],\"Effect\":\"Allow\",\"Principal\":{\"AWS\":\"arn:aws:iam::567751785679:root\"},\"Sid\":\"PrivateReadOnly\"}],\"Version\":\"2012-10-17\"}",
            "registry_id": "567751785679",
            "repository": "aegis/proxy"
          },
          "sensitive_attributes": [],
          "identity_schema_version": 0,
          "private": "bnVsbA==",
          "dependencies": [
            "data.aws_caller_identity.current",
            "module.ecr.aws_ecr_repository.this",
            "module.ecr.data.aws_caller_identity.current",
            "module.ecr.data.aws_iam_policy_document.repository",
            "module.ecr.data.aws_partition.current"
          ]
        }
      ]
    },
    {
      "module": "module.ecr[\"aegis/workspace-vscode\"]",
      "mode": "data",
      "type": "aws_caller_identity",
      "name": "current",
      "provider": "provider[\"registry.terraform.io/hashicorp/aws\"]",
      "instances": [
        {
          "schema_version": 0,
          "attributes": {
            "account_id": "567751785679",
            "arn": "arn:aws:iam::567751785679:root",
            "id": "567751785679",
            "user_id": "567751785679"
          },
          "sensitive_attributes": [],
          "identity_schema_version": 0
        }
      ]
    },
    {
      "module": "module.ecr[\"aegis/workspace-vscode\"]",
      "mode": "data",
      "type": "aws_iam_policy_document",
      "name": "repository",
      "provider": "provider[\"registry.terraform.io/hashicorp/aws\"]",
      "instances": [
        {
          "index_key": 0,
          "schema_version": 0,
          "attributes": {
            "id": "1937996634",
            "json": "{\n  \"Version\": \"2012-10-17\",\n  \"Statement\": [\n    {\n      \"Sid\": \"PrivateReadOnly\",\n      \"Effect\": \"Allow\",\n      \"Action\": [\n        \"ecr:ListTagsForResource\",\n        \"ecr:ListImages\",\n        \"ecr:GetRepositoryPolicy\",\n        \"ecr:GetLifecyclePolicyPreview\",\n        \"ecr:GetLifecyclePolicy\",\n        \"ecr:GetDownloadUrlForLayer\",\n        \"ecr:GetAuthorizationToken\",\n        \"ecr:DescribeRepositories\",\n        \"ecr:DescribeImages\",\n        \"ecr:DescribeImageScanFindings\",\n        \"ecr:BatchGetImage\",\n        \"ecr:BatchCheckLayerAvailability\"\n      ],\n      \"Principal\": {\n        \"AWS\": \"arn:aws:iam::567751785679:root\"\n      }\n    }\n  ]\n}",
            "minified_json": "{\"Version\":\"2012-10-17\",\"Statement\":[{\"Sid\":\"PrivateReadOnly\",\"Effect\":\"Allow\",\"Action\":[\"ecr:ListTagsForResource\",\"ecr:ListImages\",\"ecr:GetRepositoryPolicy\",\"ecr:GetLifecyclePolicyPreview\",\"ecr:GetLifecyclePolicy\",\"ecr:GetDownloadUrlForLayer\",\"ecr:GetAuthorizationToken\",\"ecr:DescribeRepositories\",\"ecr:DescribeImages\",\"ecr:DescribeImageScanFindings\",\"ecr:BatchGetImage\",\"ecr:BatchCheckLayerAvailability\"],\"Principal\":{\"AWS\":\"arn:aws:iam::567751785679:root\"}}]}",
            "override_json": null,
            "override_policy_documents": null,
            "policy_id": null,
            "source_json": null,
            "source_policy_documents": null,
            "statement": [
              {
                "actions": [
                  "ecr:BatchCheckLayerAvailability",
                  "ecr:BatchGetImage",
                  "ecr:DescribeImageScanFindings",
                  "ecr:DescribeImages",
                  "ecr:DescribeRepositories",
                  "ecr:GetAuthorizationToken",
                  "ecr:GetDownloadUrlForLayer",
                  "ecr:GetLifecyclePolicy",
                  "ecr:GetLifecyclePolicyPreview",
                  "ecr:GetRepositoryPolicy",
                  "ecr:ListImages",
                  "ecr:ListTagsForResource"
                ],
                "condition": [],
                "effect": "Allow",
                "not_actions": [],
                "not_principals": [],
                "not_resources": [],
                "principals": [
                  {
                    "identifiers": [
                      "arn:aws:iam::567751785679:root"
                    ],
                    "type": "AWS"
                  }
                ],
                "resources": [],
                "sid": "PrivateReadOnly"
              }
            ],
            "version": "2012-10-17"
          },
          "sensitive_attributes": [],
          "identity_schema_version": 0
        }
      ]
    },
    {
      "module": "module.ecr[\"aegis/workspace-vscode\"]",
      "mode": "data",
      "type": "aws_partition",
      "name": "current",
      "provider": "provider[\"registry.terraform.io/hashicorp/aws\"]",
      "instances": [
        {
          "schema_version": 0,
          "attributes": {
            "dns_suffix": "amazonaws.com",
            "id": "aws",
            "partition": "aws",
            "reverse_dns_prefix": "com.amazonaws"
          },
          "sensitive_attributes": [],
          "identity_schema_version": 0
        }
      ]
    },
    {
      "module": "module.ecr[\"aegis/workspace-vscode\"]",
      "mode": "managed",
      "type": "aws_ecr_lifecycle_policy",
      "name": "this",
      "provider": "provider[\"registry.terraform.io/hashicorp/aws\"]",
      "instances": [
        {
          "index_key": 0,
          "schema_version": 0,
          "attributes": {
            "id": "aegis/workspace-vscode",
            "policy": "{\"rules\":[{\"action\":{\"type\":\"expire\"},\"description\":\"Keep last 10 production images\",\"rulePriority\":1,\"selection\":{\"countNumber\":10,\"countType\":\"imageCountMoreThan\",\"tagPrefixList\":[\"v\",\"prod\"],\"tagStatus\":\"tagged\"}},{\"action\":{\"type\":\"expire\"},\"description\":\"Keep last 5 development images\",\"rulePriority\":2,\"selection\":{\"countNumber\":5,\"countType\":\"imageCountMoreThan\",\"tagPrefixList\":[\"dev\",\"staging\",\"amd64\"],\"tagStatus\":\"tagged\"}},{\"action\":{\"type\":\"expire\"},\"description\":\"Delete untagged images older than 1 day\",\"rulePriority\":3,\"selection\":{\"countNumber\":1,\"countType\":\"sinceImagePushed\",\"countUnit\":\"days\",\"tagStatus\":\"untagged\"}}]}",
            "registry_id": "567751785679",
            "repository": "aegis/workspace-vscode"
          },
          "sensitive_attributes": [],
          "identity_schema_version": 0,
          "private": "bnVsbA==",
          "dependencies": [
            "module.ecr.aws_ecr_repository.this"
          ]
        }
      ]
    },
    {
      "module": "module.ecr[\"aegis/workspace-vscode\"]",
      "mode": "managed",
      "type": "aws_ecr_repository",
      "name": "this",
      "provider": "provider[\"registry.terraform.io/hashicorp/aws\"]",
      "instances": [
        {
          "index_key": 0,
          "schema_version": 0,
          "attributes": {
            "arn": "arn:aws:ecr:us-east-1:567751785679:repository/aegis/workspace-vscode",
            "encryption_configuration": [
              {
                "encryption_type": "AES256",
                "kms_key": ""
              }
            ],
            "force_delete": null,
            "id": "aegis/workspace-vscode",
            "image_scanning_configuration": [
              {
                "scan_on_push": true
              }
            ],
            "image_tag_mutability": "IMMUTABLE",
            "name": "aegis/workspace-vscode",
            "registry_id": "567751785679",
            "repository_url": "567751785679.dkr.ecr.us-east-1.amazonaws.com/aegis/workspace-vscode",
            "tags": {
              "Environment": "prod",
              "ManagedBy": "terraform",
              "Name": "aegis-aegis-workspace-vscode",
              "Project": "aegis"
            },
            "tags_all": {
              "Environment": "prod",
              "ManagedBy": "terraform",
              "Name": "aegis-aegis-workspace-vscode",
              "Project": "aegis"
            },
            "timeouts": null
          },
          "sensitive_attributes": [],
          "identity_schema_version": 0,
          "private": "eyJlMmJmYjczMC1lY2FhLTExZTYtOGY4OC0zNDM2M2JjN2M0YzAiOnsiZGVsZXRlIjoxMjAwMDAwMDAwMDAwfX0="
        }
      ]
    },
    {
      "module": "module.ecr[\"aegis/workspace-vscode\"]",
      "mode": "managed",
      "type": "aws_ecr_repository_policy",
      "name": "this",
      "provider": "provider[\"registry.terraform.io/hashicorp/aws\"]",
      "instances": [
        {
          "index_key": 0,
          "schema_version": 0,
          "attributes": {
            "id": "aegis/workspace-vscode",
            "policy": "{\"Statement\":[{\"Action\":[\"ecr:ListTagsForResource\",\"ecr:ListImages\",\"ecr:GetRepositoryPolicy\",\"ecr:GetLifecyclePolicyPreview\",\"ecr:GetLifecyclePolicy\",\"ecr:GetDownloadUrlForLayer\",\"ecr:GetAuthorizationToken\",\"ecr:DescribeRepositories\",\"ecr:DescribeImages\",\"ecr:DescribeImageScanFindings\",\"ecr:BatchGetImage\",\"ecr:BatchCheckLayerAvailability\"],\"Effect\":\"Allow\",\"Principal\":{\"AWS\":\"arn:aws:iam::567751785679:root\"},\"Sid\":\"PrivateReadOnly\"}],\"Version\":\"2012-10-17\"}",
            "registry_id": "567751785679",
            "repository": "aegis/workspace-vscode"
          },
          "sensitive_attributes": [],
          "identity_schema_version": 0,
          "private": "bnVsbA==",
          "dependencies": [
            "data.aws_caller_identity.current",
            "module.ecr.aws_ecr_repository.this",
            "module.ecr.data.aws_caller_identity.current",
            "module.ecr.data.aws_iam_policy_document.repository",
            "module.ecr.data.aws_partition.current"
          ]
        }
      ]
    },
    {
      "module": "module.eks",
      "mode": "data",
      "type": "aws_caller_identity",
      "name": "current",
      "provider": "provider[\"registry.terraform.io/hashicorp/aws\"]",
      "instances": [
        {
          "index_key": 0,
          "schema_version": 0,
          "attributes": {
            "account_id": "567751785679",
            "arn": "arn:aws:iam::567751785679:root",
            "id": "567751785679",
            "user_id": "567751785679"
          },
          "sensitive_attributes": [],
          "identity_schema_version": 0
        }
      ]
    },
    {
      "module": "module.eks",
      "mode": "data",
      "type": "aws_eks_addon_version",
      "name": "this",
      "provider": "provider[\"registry.terraform.io/hashicorp/aws\"]",
      "instances": [
        {
          "index_key": "coredns",
          "schema_version": 0,
          "attributes": {
            "addon_name": "coredns",
            "id": "coredns",
            "kubernetes_version": "1.32",
            "most_recent": true,
            "version": "v1.11.4-eksbuild.24"
          },
          "sensitive_attributes": [],
          "identity_schema_version": 0
        },
        {
          "index_key": "kube-proxy",
          "schema_version": 0,
          "attributes": {
            "addon_name": "kube-proxy",
            "id": "kube-proxy",
            "kubernetes_version": "1.32",
            "most_recent": true,
            "version": "v1.32.6-eksbuild.12"
          },
          "sensitive_attributes": [],
          "identity_schema_version": 0
        },
        {
          "index_key": "vpc-cni",
          "schema_version": 0,
          "attributes": {
            "addon_name": "vpc-cni",
            "id": "vpc-cni",
            "kubernetes_version": "1.32",
            "most_recent": true,
            "version": "v1.20.3-eksbuild.1"
          },
          "sensitive_attributes": [],
          "identity_schema_version": 0
        }
      ]
    },
    {
      "module": "module.eks",
      "mode": "data",
      "type": "aws_iam_policy_document",
      "name": "assume_role_policy",
      "provider": "provider[\"registry.terraform.io/hashicorp/aws\"]",
      "instances": [
        {
          "index_key": 0,
          "schema_version": 0,
          "attributes": {
            "id": "2830595799",
            "json": "{\n  \"Version\": \"2012-10-17\",\n  \"Statement\": [\n    {\n      \"Sid\": \"EKSClusterAssumeRole\",\n      \"Effect\": \"Allow\",\n      \"Action\": [\n        \"sts:TagSession\",\n        \"sts:AssumeRole\"\n      ],\n      \"Principal\": {\n        \"Service\": \"eks.amazonaws.com\"\n      }\n    }\n  ]\n}",
            "minified_json": "{\"Version\":\"2012-10-17\",\"Statement\":[{\"Sid\":\"EKSClusterAssumeRole\",\"Effect\":\"Allow\",\"Action\":[\"sts:TagSession\",\"sts:AssumeRole\"],\"Principal\":{\"Service\":\"eks.amazonaws.com\"}}]}",
            "override_json": null,
            "override_policy_documents": null,
            "policy_id": null,
            "source_json": null,
            "source_policy_documents": null,
            "statement": [
              {
                "actions": [
                  "sts:AssumeRole",
                  "sts:TagSession"
                ],
                "condition": [],
                "effect": "Allow",
                "not_actions": [],
                "not_principals": [],
                "not_resources": [],
                "principals": [
                  {
                    "identifiers": [
                      "eks.amazonaws.com"
                    ],
                    "type": "Service"
                  }
                ],
                "resources": [],
                "sid": "EKSClusterAssumeRole"
              }
            ],
            "version": "2012-10-17"
          },
          "sensitive_attributes": [],
          "identity_schema_version": 0
        }
      ]
    },
    {
      "module": "module.eks",
      "mode": "data",
      "type": "aws_iam_policy_document",
      "name": "custom",
      "provider": "provider[\"registry.terraform.io/hashicorp/aws\"]",
      "instances": [
        {
          "index_key": 0,
          "schema_version": 0,
          "attributes": {
            "id": "513122117",
            "json": "{\n  \"Version\": \"2012-10-17\",\n  \"Statement\": [\n    {\n      \"Sid\": \"Compute\",\n      \"Effect\": \"Allow\",\n      \"Action\": [\n        \"ec2:RunInstances\",\n        \"ec2:CreateLaunchTemplate\",\n        \"ec2:CreateFleet\"\n      ],\n      \"Resource\": \"*\",\n      \"Condition\": {\n        \"StringEquals\": {\n          \"aws:RequestTag/eks:eks-cluster-name\": \"${aws:PrincipalTag/eks:eks-cluster-name}\"\n        },\n        \"StringLike\": {\n          \"aws:RequestTag/eks:kubernetes-node-class-name\": \"*\",\n          \"aws:RequestTag/eks:kubernetes-node-pool-name\": \"*\"\n        }\n      }\n    },\n    {\n      \"Sid\": \"Storage\",\n      \"Effect\": \"Allow\",\n      \"Action\": [\n        \"ec2:CreateVolume\",\n        \"ec2:CreateSnapshot\"\n      ],\n      \"Resource\": [\n        \"arn:aws:ec2:*:*:volume/*\",\n        \"arn:aws:ec2:*:*:snapshot/*\"\n      ],\n      \"Condition\": {\n        \"StringEquals\": {\n          \"aws:RequestTag/eks:eks-cluster-name\": \"${aws:PrincipalTag/eks:eks-cluster-name}\"\n        }\n      }\n    },\n    {\n      \"Sid\": \"Networking\",\n      \"Effect\": \"Allow\",\n      \"Action\": \"ec2:CreateNetworkInterface\",\n      \"Resource\": \"*\",\n      \"Condition\": {\n        \"StringEquals\": {\n          \"aws:RequestTag/eks:eks-cluster-name\": \"${aws:PrincipalTag/eks:eks-cluster-name}\",\n          \"aws:RequestTag/eks:kubernetes-cni-node-name\": \"*\"\n        }\n      }\n    },\n    {\n      \"Sid\": \"LoadBalancer\",\n      \"Effect\": \"Allow\",\n      \"Action\": [\n        \"elasticloadbalancing:CreateTargetGroup\",\n        \"elasticloadbalancing:CreateRule\",\n        \"elasticloadbalancing:CreateLoadBalancer\",\n        \"elasticloadbalancing:CreateListener\",\n        \"ec2:CreateSecurityGroup\"\n      ],\n      \"Resource\": \"*\",\n      \"Condition\": {\n        \"StringEquals\": {\n          \"aws:RequestTag/eks:eks-cluster-name\": \"${aws:PrincipalTag/eks:eks-cluster-name}\"\n        }\n      }\n    },\n    {\n      \"Sid\": \"ShieldProtection\",\n      \"Effect\": \"Allow\",\n      \"Action\": \"shield:CreateProtection\",\n      \"Resource\": \"*\",\n      \"Condition\": {\n        \"StringEquals\": {\n          \"aws:RequestTag/eks:eks-cluster-name\": \"${aws:PrincipalTag/eks:eks-cluster-name}\"\n        }\n      }\n    },\n    {\n      \"Sid\": \"ShieldTagResource\",\n      \"Effect\": \"Allow\",\n      \"Action\": \"shield:TagResource\",\n      \"Resource\": \"arn:aws:shield::*:protection/*\",\n      \"Condition\": {\n        \"StringEquals\": {\n          \"aws:RequestTag/eks:eks-cluster-name\": \"${aws:PrincipalTag/eks:eks-cluster-name}\"\n        }\n      }\n    }\n  ]\n}",
            "minified_json": "{\"Version\":\"2012-10-17\",\"Statement\":[{\"Sid\":\"Compute\",\"Effect\":\"Allow\",\"Action\":[\"ec2:RunInstances\",\"ec2:CreateLaunchTemplate\",\"ec2:CreateFleet\"],\"Resource\":\"*\",\"Condition\":{\"StringEquals\":{\"aws:RequestTag/eks:eks-cluster-name\":\"${aws:PrincipalTag/eks:eks-cluster-name}\"},\"StringLike\":{\"aws:RequestTag/eks:kubernetes-node-class-name\":\"*\",\"aws:RequestTag/eks:kubernetes-node-pool-name\":\"*\"}}},{\"Sid\":\"Storage\",\"Effect\":\"Allow\",\"Action\":[\"ec2:CreateVolume\",\"ec2:CreateSnapshot\"],\"Resource\":[\"arn:aws:ec2:*:*:volume/*\",\"arn:aws:ec2:*:*:snapshot/*\"],\"Condition\":{\"StringEquals\":{\"aws:RequestTag/eks:eks-cluster-name\":\"${aws:PrincipalTag/eks:eks-cluster-name}\"}}},{\"Sid\":\"Networking\",\"Effect\":\"Allow\",\"Action\":\"ec2:CreateNetworkInterface\",\"Resource\":\"*\",\"Condition\":{\"StringEquals\":{\"aws:RequestTag/eks:eks-cluster-name\":\"${aws:PrincipalTag/eks:eks-cluster-name}\",\"aws:RequestTag/eks:kubernetes-cni-node-name\":\"*\"}}},{\"Sid\":\"LoadBalancer\",\"Effect\":\"Allow\",\"Action\":[\"elasticloadbalancing:CreateTargetGroup\",\"elasticloadbalancing:CreateRule\",\"elasticloadbalancing:CreateLoadBalancer\",\"elasticloadbalancing:CreateListener\",\"ec2:CreateSecurityGroup\"],\"Resource\":\"*\",\"Condition\":{\"StringEquals\":{\"aws:RequestTag/eks:eks-cluster-name\":\"${aws:PrincipalTag/eks:eks-cluster-name}\"}}},{\"Sid\":\"ShieldProtection\",\"Effect\":\"Allow\",\"Action\":\"shield:CreateProtection\",\"Resource\":\"*\",\"Condition\":{\"StringEquals\":{\"aws:RequestTag/eks:eks-cluster-name\":\"${aws:PrincipalTag/eks:eks-cluster-name}\"}}},{\"Sid\":\"ShieldTagResource\",\"Effect\":\"Allow\",\"Action\":\"shield:TagResource\",\"Resource\":\"arn:aws:shield::*:protection/*\",\"Condition\":{\"StringEquals\":{\"aws:RequestTag/eks:eks-cluster-name\":\"${aws:PrincipalTag/eks:eks-cluster-name}\"}}}]}",
            "override_json": null,
            "override_policy_documents": null,
            "policy_id": null,
            "source_json": null,
            "source_policy_documents": null,
            "statement": [
              {
                "actions": [
                  "ec2:CreateFleet",
                  "ec2:CreateLaunchTemplate",
                  "ec2:RunInstances"
                ],
                "condition": [
                  {
                    "test": "StringEquals",
                    "values": [
                      "${aws:PrincipalTag/eks:eks-cluster-name}"
                    ],
                    "variable": "aws:RequestTag/eks:eks-cluster-name"
                  },
                  {
                    "test": "StringLike",
                    "values": [
                      "*"
                    ],
                    "variable": "aws:RequestTag/eks:kubernetes-node-class-name"
                  },
                  {
                    "test": "StringLike",
                    "values": [
                      "*"
                    ],
                    "variable": "aws:RequestTag/eks:kubernetes-node-pool-name"
                  }
                ],
                "effect": "Allow",
                "not_actions": [],
                "not_principals": [],
                "not_resources": [],
                "principals": [],
                "resources": [
                  "*"
                ],
                "sid": "Compute"
              },
              {
                "actions": [
                  "ec2:CreateSnapshot",
                  "ec2:CreateVolume"
                ],
                "condition": [
                  {
                    "test": "StringEquals",
                    "values": [
                      "${aws:PrincipalTag/eks:eks-cluster-name}"
                    ],
                    "variable": "aws:RequestTag/eks:eks-cluster-name"
                  }
                ],
                "effect": "Allow",
                "not_actions": [],
                "not_principals": [],
                "not_resources": [],
                "principals": [],
                "resources": [
                  "arn:aws:ec2:*:*:snapshot/*",
                  "arn:aws:ec2:*:*:volume/*"
                ],
                "sid": "Storage"
              },
              {
                "actions": [
                  "ec2:CreateNetworkInterface"
                ],
                "condition": [
                  {
                    "test": "StringEquals",
                    "values": [
                      "${aws:PrincipalTag/eks:eks-cluster-name}"
                    ],
                    "variable": "aws:RequestTag/eks:eks-cluster-name"
                  },
                  {
                    "test": "StringEquals",
                    "values": [
                      "*"
                    ],
                    "variable": "aws:RequestTag/eks:kubernetes-cni-node-name"
                  }
                ],
                "effect": "Allow",
                "not_actions": [],
                "not_principals": [],
                "not_resources": [],
                "principals": [],
                "resources": [
                  "*"
                ],
                "sid": "Networking"
              },
              {
                "actions": [
                  "ec2:CreateSecurityGroup",
                  "elasticloadbalancing:CreateListener",
                  "elasticloadbalancing:CreateLoadBalancer",
                  "elasticloadbalancing:CreateRule",
                  "elasticloadbalancing:CreateTargetGroup"
                ],
                "condition": [
                  {
                    "test": "StringEquals",
                    "values": [
                      "${aws:PrincipalTag/eks:eks-cluster-name}"
                    ],
                    "variable": "aws:RequestTag/eks:eks-cluster-name"
                  }
                ],
                "effect": "Allow",
                "not_actions": [],
                "not_principals": [],
                "not_resources": [],
                "principals": [],
                "resources": [
                  "*"
                ],
                "sid": "LoadBalancer"
              },
              {
                "actions": [
                  "shield:CreateProtection"
                ],
                "condition": [
                  {
                    "test": "StringEquals",
                    "values": [
                      "${aws:PrincipalTag/eks:eks-cluster-name}"
                    ],
                    "variable": "aws:RequestTag/eks:eks-cluster-name"
                  }
                ],
                "effect": "Allow",
                "not_actions": [],
                "not_principals": [],
                "not_resources": [],
                "principals": [],
                "resources": [
                  "*"
                ],
                "sid": "ShieldProtection"
              },
              {
                "actions": [
                  "shield:TagResource"
                ],
                "condition": [
                  {
                    "test": "StringEquals",
                    "values": [
                      "${aws:PrincipalTag/eks:eks-cluster-name}"
                    ],
                    "variable": "aws:RequestTag/eks:eks-cluster-name"
                  }
                ],
                "effect": "Allow",
                "not_actions": [],
                "not_principals": [],
                "not_resources": [],
                "principals": [],
                "resources": [
                  "arn:aws:shield::*:protection/*"
                ],
                "sid": "ShieldTagResource"
              }
            ],
            "version": "2012-10-17"
          },
          "sensitive_attributes": [],
          "identity_schema_version": 0
        }
      ]
    },
    {
      "module": "module.eks",
      "mode": "data",
      "type": "aws_iam_session_context",
      "name": "current",
      "provider": "provider[\"registry.terraform.io/hashicorp/aws\"]",
      "instances": [
        {
          "index_key": 0,
          "schema_version": 0,
          "attributes": {
            "arn": "arn:aws:iam::567751785679:root",
            "id": "arn:aws:iam::567751785679:root",
            "issuer_arn": "arn:aws:iam::567751785679:root",
            "issuer_id": "",
            "issuer_name": "",
            "session_name": ""
          },
          "sensitive_attributes": [],
          "identity_schema_version": 0
        }
      ]
    },
    {
      "module": "module.eks",
      "mode": "data",
      "type": "aws_partition",
      "name": "current",
      "provider": "provider[\"registry.terraform.io/hashicorp/aws\"]",
      "instances": [
        {
          "index_key": 0,
          "schema_version": 0,
          "attributes": {
            "dns_suffix": "amazonaws.com",
            "id": "aws",
            "partition": "aws",
            "reverse_dns_prefix": "com.amazonaws"
          },
          "sensitive_attributes": [],
          "identity_schema_version": 0
        }
      ]
    },
    {
      "module": "module.eks",
      "mode": "data",
      "type": "tls_certificate",
      "name": "this",
      "provider": "provider[\"registry.terraform.io/hashicorp/tls\"]",
      "instances": [
        {
          "index_key": 0,
          "schema_version": 0,
          "attributes": {
            "certificates": [
              {
                "cert_pem": "-----BEGIN CERTIFICATE-----\nMIIEdTCCA12gAwIBAgIJAKcOSkw0grd/MA0GCSqGSIb3DQEBCwUAMGgxCzAJBgNV\nBAYTAlVTMSUwIwYDVQQKExxTdGFyZmllbGQgVGVjaG5vbG9naWVzLCBJbmMuMTIw\nMAYDVQQLEylTdGFyZmllbGQgQ2xhc3MgMiBDZXJ0aWZpY2F0aW9uIEF1dGhvcml0\neTAeFw0wOTA5MDIwMDAwMDBaFw0zNDA2MjgxNzM5MTZaMIGYMQswCQYDVQQGEwJV\nUzEQMA4GA1UECBMHQXJpem9uYTETMBEGA1UEBxMKU2NvdHRzZGFsZTElMCMGA1UE\nChMcU3RhcmZpZWxkIFRlY2hub2xvZ2llcywgSW5jLjE7MDkGA1UEAxMyU3RhcmZp\nZWxkIFNlcnZpY2VzIFJvb3QgQ2VydGlmaWNhdGUgQXV0aG9yaXR5IC0gRzIwggEi\nMA0GCSqGSIb3DQEBAQUAA4IBDwAwggEKAoIBAQDVDDrEKvlO4vW+GZdfjohTsR8/\ny8+fIBNtKTrID30892t2OGPZNmCom15cAICyL1l/9of5JUOG52kbUpqQ4XHj2C0N\nTm/2yEnZtvMaVq4rtnQU68/7JuMauh2WLmo7WJSJR1b/JaCTcFOD2oR0FMNnngRo\nOt+OQFodSk7PQ5E751bWAHDLUu57fa4657wx+UX2wmDPE1kCK4DMNEffud6QZW0C\nzyyRpqbn3oUYSXxmTqM6bam17jQuug0DuDPfR+uxa40l2ZvOgdFFRjKWcIfeAg5J\nQ4W2bHO7ZOphQazJ1FTfhy/HIrImzJ9ZVGif/L4qL8RVHHVAYBeFAlU5i38FAgMB\nAAGjgfAwge0wDwYDVR0TAQH/BAUwAwEB/zAOBgNVHQ8BAf8EBAMCAYYwHQYDVR0O\nBBYEFJxfAN+qAdcwKziIorhtSpzyEZGDMB8GA1UdIwQYMBaAFL9ft9HO3R+G9FtV\nrNzXEMIOqYjnME8GCCsGAQUFBwEBBEMwQTAcBggrBgEFBQcwAYYQaHR0cDovL28u\nc3MyLnVzLzAhBggrBgEFBQcwAoYVaHR0cDovL3guc3MyLnVzL3guY2VyMCYGA1Ud\nHwQfMB0wG6AZoBeGFWh0dHA6Ly9zLnNzMi51cy9yLmNybDARBgNVHSAECjAIMAYG\nBFUdIAAwDQYJKoZIhvcNAQELBQADggEBACMd44pXyn3pF3lM8R5V/cxTbj5HD9/G\nVfKyBDbtgB9TxF00KGu+x1X8Z+rLP3+QsjPNG1gQggL4+C/1E2DUBc7xgQjB3ad1\nl08YuW3e95ORCLp+QCztweq7dp4zBncdDQh/U90bZKuCJ/Fp1U1ervShw3WnWEQt\n8jxwmKy6abaVd38PMV4s/KCHOkdp8Hlf9BRUpJVeEXgSYCfOn8J3/yNTd126/+pZ\n59vPr5KW7ySaNRB6nJHGDn2Z9j8Z3/VyVOEVqQdZe4O/Ui5GjLIAZHYcSNPYeehu\nVsyuLAOQ1xk4meTKCRlb/weWsKh/NEnfVqn3sF/tM+2MR7cwA130A4w=\n-----END CERTIFICATE-----\n",
                "is_ca": true,
                "issuer": "OU=Starfield Class 2 Certification Authority,O=Starfield Technologies\\, Inc.,C=US",
                "not_after": "2034-06-28T17:39:16Z",
                "not_before": "2009-09-02T00:00:00Z",
                "public_key_algorithm": "RSA",
                "serial_number": "12037640545166866303",
                "sha1_fingerprint": "9e99a48a9960b14926bb7f3b02e22da2b0ab7280",
                "signature_algorithm": "SHA256-RSA",
                "subject": "CN=Starfield Services Root Certificate Authority - G2,O=Starfield Technologies\\, Inc.,L=Scottsdale,ST=Arizona,C=US",
                "version": 3
              },
              {
                "cert_pem": "-----BEGIN CERTIFICATE-----\nMIIEkjCCA3qgAwIBAgITBn+USionzfP6wq4rAfkI7rnExjANBgkqhkiG9w0BAQsF\nADCBmDELMAkGA1UEBhMCVVMxEDAOBgNVBAgTB0FyaXpvbmExEzARBgNVBAcTClNj\nb3R0c2RhbGUxJTAjBgNVBAoTHFN0YXJmaWVsZCBUZWNobm9sb2dpZXMsIEluYy4x\nOzA5BgNVBAMTMlN0YXJmaWVsZCBTZXJ2aWNlcyBSb290IENlcnRpZmljYXRlIEF1\ndGhvcml0eSAtIEcyMB4XDTE1MDUyNTEyMDAwMFoXDTM3MTIzMTAxMDAwMFowOTEL\nMAkGA1UEBhMCVVMxDzANBgNVBAoTBkFtYXpvbjEZMBcGA1UEAxMQQW1hem9uIFJv\nb3QgQ0EgMTCCASIwDQYJKoZIhvcNAQEBBQADggEPADCCAQoCggEBALJ4gHHKeNXj\nca9HgFB0fW7Y14h29Jlo91ghYPl0hAEvrAIthtOgQ3pOsqTQNroBvo3bSMgHFzZM\n9O6II8c+6zf1tRn4SWiw3te5djgdYZ6k/oI2peVKVuRF4fn9tBb6dNqcmzU5L/qw\nIFAGbHrQgLKm+a/sRxmPUDgH3KKHOVj4utWp+UhnMJbulHheb4mjUcAwhmahRWa6\nVOujw5H5SNz/0egwLX0tdHA114gk957EWW67c4cX8jJGKLhD+rcdqsq08p8kDi1L\n93FcXmn/6pUCyziKrlA4b9v7LWIbxcceVOF34GfID5yHI9Y/QCB/IIDEgEw+OyQm\njgSubJrIqg0CAwEAAaOCATEwggEtMA8GA1UdEwEB/wQFMAMBAf8wDgYDVR0PAQH/\nBAQDAgGGMB0GA1UdDgQWBBSEGMyFNOy8DJSULghZnMeyEE4KCDAfBgNVHSMEGDAW\ngBScXwDfqgHXMCs4iKK4bUqc8hGRgzB4BggrBgEFBQcBAQRsMGowLgYIKwYBBQUH\nMAGGImh0dHA6Ly9vY3NwLnJvb3RnMi5hbWF6b250cnVzdC5jb20wOAYIKwYBBQUH\nMAKGLGh0dHA6Ly9jcnQucm9vdGcyLmFtYXpvbnRydXN0LmNvbS9yb290ZzIuY2Vy\nMD0GA1UdHwQ2MDQwMqAwoC6GLGh0dHA6Ly9jcmwucm9vdGcyLmFtYXpvbnRydXN0\nLmNvbS9yb290ZzIuY3JsMBEGA1UdIAQKMAgwBgYEVR0gADANBgkqhkiG9w0BAQsF\nAAOCAQEAYjdCXLwQtT6LLOkMm2xF4gcAevnFWAu5CIw+7bMlPLVvUOTNNWqnkzSW\nMiGpSESrnO09tKpzbeR/FoCJbM8oAxiDR3mjEH4wW6w7sGDgd9QIpuEdfF7Au/ma\neyKdpwAJfqxGF4PcnCZXmTA5YpaP7dreqsXMGz7KQ2hsVxa81Q4gLv7/wmpdLqBK\nbRRYh5TmOTFffHPLkIhqhBGWJ6bt2YFGpn6jcgAKUj6DiAdjd4lpFw85hdKrCEVN\n0FE6/V1dN2RMfjCyVSRCnTawXZwXgWHxyvkQAiSr6w10kY17RSlQOYiypok1JR4U\nakcjMS9cmvqtmg5iUaQqqcT5NJ0hGA==\n-----END CERTIFICATE-----\n",
                "is_ca": true,
                "issuer": "CN=Starfield Services Root Certificate Authority - G2,O=Starfield Technologies\\, Inc.,L=Scottsdale,ST=Arizona,C=US",
                "not_after": "2037-12-31T01:00:00Z",
                "not_before": "2015-05-25T12:00:00Z",
                "public_key_algorithm": "RSA",
                "serial_number": "144918191876577076464031512351042010504348870",
                "sha1_fingerprint": "06b25927c42a721631c1efd9431e648fa62e1e39",
                "signature_algorithm": "SHA256-RSA",
                "subject": "CN=Amazon Root CA 1,O=Amazon,C=US",
                "version": 3
              },
              {
                "cert_pem": "-----BEGIN CERTIFICATE-----\nMIIEXjCCA0agAwIBAgITB3MSTNQG0mfAmRzdKZqfODF5hTANBgkqhkiG9w0BAQsF\nADA5MQswCQYDVQQGEwJVUzEPMA0GA1UEChMGQW1hem9uMRkwFwYDVQQDExBBbWF6\nb24gUm9vdCBDQSAxMB4XDTIyMDgyMzIyMjYwNFoXDTMwMDgyMzIyMjYwNFowPDEL\nMAkGA1UEBhMCVVMxDzANBgNVBAoTBkFtYXpvbjEcMBoGA1UEAxMTQW1hem9uIFJT\nQSAyMDQ4IE0wMzCCASIwDQYJKoZIhvcNAQEBBQADggEPADCCAQoCggEBALd/pVko\n8vuM475Tf45HV3BbCl/B9Jy89G1CRkFjcPY06WA9lS+7dWbUA7GtWUKoksr69hKM\nwcMsNpxlw7b3jeXFgxB09/nmalcAWtnLzF+LaDKEA5DQmvKzuh1nfIfqEiKCQSmX\nXh09Xs+dO7cm5qbaL2hhNJCSAejciwcvOFgFNgEMR42wm6KIFHsQW28jhA+1u/M0\np6fVwReuEgZfLfdx82Px0LJck3lST3EB/JfbdsdOzzzg5YkY1dfuqf8y5fUeZ7Cz\nWXbTjujwX/TovmeWKA36VLCz75azW6tDNuDn66FOpADZZ9omVaF6BqNJiLMVl6P3\n/c0OiUMC6Z5OfKcCAwEAAaOCAVowggFWMBIGA1UdEwEB/wQIMAYBAf8CAQAwDgYD\nVR0PAQH/BAQDAgGGMB0GA1UdJQQWMBQGCCsGAQUFBwMBBggrBgEFBQcDAjAdBgNV\nHQ4EFgQUVdkYX9IczAHhWLS+q9lVQgHXLgIwHwYDVR0jBBgwFoAUhBjMhTTsvAyU\nlC4IWZzHshBOCggwewYIKwYBBQUHAQEEbzBtMC8GCCsGAQUFBzABhiNodHRwOi8v\nb2NzcC5yb290Y2ExLmFtYXpvbnRydXN0LmNvbTA6BggrBgEFBQcwAoYuaHR0cDov\nL2NydC5yb290Y2ExLmFtYXpvbnRydXN0LmNvbS9yb290Y2ExLmNlcjA/BgNVHR8E\nODA2MDSgMqAwhi5odHRwOi8vY3JsLnJvb3RjYTEuYW1hem9udHJ1c3QuY29tL3Jv\nb3RjYTEuY3JsMBMGA1UdIAQMMAowCAYGZ4EMAQIBMA0GCSqGSIb3DQEBCwUAA4IB\nAQAGjeWm2cC+3z2MzSCnte46/7JZvj3iQZDY7EvODNdZF41n71Lrk9kbfNwerK0d\nVNzW36Wefr7j7ZSwBVg50W5ay65jNSN74TTQV1yt4WnSbVvN6KlMs1hiyOZdoHKs\nKDV2UGNxbdoBYCQNa2GYF8FQIWLugNp35aSOpMy6cFlymFQomIrnOQHwK1nvVY4q\nxDSJMU/gNJz17D8ArPN3ngnyZ2TwepJ0uBINz3G5te2rdFUF4i4Y3Bb7FUlHDYm4\nu8aIRGpk2ZpfXmxaoxnbIBZRvGLPSUuPwnwoUOMsJ8jirI5vs2dvchPb7MtI1rle\ni02f2ivH2vxkjDLltSpe2fiC\n-----END CERTIFICATE-----\n",
                "is_ca": true,
                "issuer": "CN=Amazon Root CA 1,O=Amazon,C=US",
                "not_after": "2030-08-23T22:26:04Z",
                "not_before": "2022-08-23T22:26:04Z",
                "public_key_algorithm": "RSA",
                "serial_number": "166129356476704345391986644047206454194698629",
                "sha1_fingerprint": "d9fe0a65fa00cabf61f5120d373a8135e1461f15",
                "signature_algorithm": "SHA256-RSA",
                "subject": "CN=Amazon RSA 2048 M03,O=Amazon,C=US",
                "version": 3
              },
              {
                "cert_pem": "-----BEGIN CERTIFICATE-----\nMIIF5zCCBM+gAwIBAgIQB8/B5LYdWaaSLNb9DZLprTANBgkqhkiG9w0BAQsFADA8\nMQswCQYDVQQGEwJVUzEPMA0GA1UEChMGQW1hem9uMRwwGgYDVQQDExNBbWF6b24g\nUlNBIDIwNDggTTAzMB4XDTI1MDIyNjAwMDAwMFoXDTI2MDMyNzIzNTk1OVowKDEm\nMCQGA1UEAwwdKi5la3MudXMtZWFzdC0xLmFtYXpvbmF3cy5jb20wggEiMA0GCSqG\nSIb3DQEBAQUAA4IBDwAwggEKAoIBAQCoHWcgrIv/D6CxSXSxAq0GuOPoCJqnVz6U\nMhp1YLE9OZs3jH8EfYlNpGtqOtLa1vZb8Lp4CZdATHTj1SoK01MwmXXIDm2Jj+Km\niQvZ0BBe5xroDWvf3r/LWG/WMkRtR4F+qPb9pVYlM9N3WZdSAKfTQTowGxebugLc\nM/+ZLvAxxdtaXK+LID6JRKRa2BIRHcfILiNJo7vIS/I+DOqXn9Rb0VFnkpYpGE+k\nm47kVkFFsToior7zlAwPv6VWsm+zZV9zNnCpu9FpJ3vkZE9OGHS6aChtSya2Qpyr\njyF98KIFTQ+FKtDZHf9XLHmV5v/IP2bWk7lzmPYW4PwcPhDUmC9PAgMBAAGjggL3\nMIIC8zAfBgNVHSMEGDAWgBRV2Rhf0hzMAeFYtL6r2VVCAdcuAjAdBgNVHQ4EFgQU\n6mCbzMC1FaJuw7tKpv7muQZDZrowKAYDVR0RBCEwH4IdKi5la3MudXMtZWFzdC0x\nLmFtYXpvbmF3cy5jb20wEwYDVR0gBAwwCjAIBgZngQwBAgEwDgYDVR0PAQH/BAQD\nAgWgMB0GA1UdJQQWMBQGCCsGAQUFBwMBBggrBgEFBQcDAjA7BgNVHR8ENDAyMDCg\nLqAshipodHRwOi8vY3JsLnIybTAzLmFtYXpvbnRydXN0LmNvbS9yMm0wMy5jcmww\ndQYIKwYBBQUHAQEEaTBnMC0GCCsGAQUFBzABhiFodHRwOi8vb2NzcC5yMm0wMy5h\nbWF6b250cnVzdC5jb20wNgYIKwYBBQUHMAKGKmh0dHA6Ly9jcnQucjJtMDMuYW1h\nem9udHJ1c3QuY29tL3IybTAzLmNlcjAMBgNVHRMBAf8EAjAAMIIBfwYKKwYBBAHW\neQIEAgSCAW8EggFrAWkAdgAOV5S8866pPjMbLJkHs/eQ35vCPXEyJd0hqSWsYcVO\nIQAAAZVBW4SGAAAEAwBHMEUCIQC+CghIdRNpEnK+JGxaeHOel/pYJSUsog1eklre\nLGmoTwIgAj1vm4d6u/93S7GVfw7qotajiMfgHeEf7lANQf0mxf4AdgBkEcRspBLs\np4kcogIuALyrTygH1B41J6vq/tUDyX3N8AAAAZVBW4Q1AAAEAwBHMEUCIAYyeDIv\nJD1IhUkb1E59cbCwTcAYChrSArEZOOAib3dJAiEAix8XjjqXhMNuji/u2fzLxeZ7\nc5PCtDHWx3Ky7QYBfCUAdwBJnJtp3h187Pw23s2HZKa4W68Kh4AZ0VVS++nrKd34\nwwAAAZVBW4RMAAAEAwBIMEYCIQCsj67XcK6jtETNJEPTYPaFqJOMlNtM0TeJwGhm\nBc81sQIhAJoirhaQzC4ydAzLvjpVqKYyuqLktiHkTqFq8IGxBAkIMA0GCSqGSIb3\nDQEBCwUAA4IBAQAjjE2au5fdV/DrlD3e5zZ5hTB4CicIARTWvJQ6EsQm/vbXPoUY\nSHRZkOodq0AJWEC/RImGu8bnVY8RzGsELkMzI4A8UxdlH2YGP8obg6MfP6yGZaHM\nnS4wLX05EnmrABaoRB/apt7tE4w+yRa7QoxUgiTPpFzaQVv1mTcGaWMG55U8tPg7\nLXm539O4OBukbP8HNvjBZ8+N0RYrtG0u0M4FMX1hMKG0bkjJiU6MVZfGJWcgp7I4\nbd5cj5SfE1EHL70P7ELaocXjnWKbys9Mc870aoRXVfAC4bZWU6F9Ke3O7ioXXd5L\n0mKQwrjkiglpYaXc247Qi8IUCdk6s13xHJ4e\n-----END CERTIFICATE-----\n",
                "is_ca": false,
                "issuer": "CN=Amazon RSA 2048 M03,O=Amazon,C=US",
                "not_after": "2026-03-27T23:59:59Z",
                "not_before": "2025-02-26T00:00:00Z",
                "public_key_algorithm": "RSA",
                "serial_number": "10383334045647432453656403708671617453",
                "sha1_fingerprint": "63462dda480d8b900e0a7dbfaf6238a62ba4fce0",
                "signature_algorithm": "SHA256-RSA",
                "subject": "CN=*.eks.us-east-1.amazonaws.com",
                "version": 3
              }
            ],
            "content": null,
            "id": "922877a0975ad078a65b8ff11ebc47b8311945c7",
            "url": "https://oidc.eks.us-east-1.amazonaws.com/id/1E694418DA0B464F8519D6DC2E448AAF",
            "verify_chain": true
          },
          "sensitive_attributes": [],
          "identity_schema_version": 0
        }
      ]
    },
    {
      "module": "module.eks",
      "mode": "managed",
      "type": "aws_cloudwatch_log_group",
      "name": "this",
      "provider": "provider[\"registry.terraform.io/hashicorp/aws\"]",
      "instances": [
        {
          "index_key": 0,
          "schema_version": 0,
          "attributes": {
            "arn": "arn:aws:logs:us-east-1:567751785679:log-group:/aws/eks/aegis-spoke-prod/cluster",
            "id": "/aws/eks/aegis-spoke-prod/cluster",
            "kms_key_id": "",
            "log_group_class": "STANDARD",
            "name": "/aws/eks/aegis-spoke-prod/cluster",
            "name_prefix": "",
            "retention_in_days": 90,
            "skip_destroy": false,
            "tags": {
              "Environment": "prod",
              "ManagedBy": "terraform",
              "Name": "/aws/eks/aegis-spoke-prod/cluster",
              "Project": "aegis"
            },
            "tags_all": {
              "Environment": "prod",
              "ManagedBy": "terraform",
              "Name": "/aws/eks/aegis-spoke-prod/cluster",
              "Project": "aegis"
            }
          },
          "sensitive_attributes": [],
          "identity_schema_version": 0,
          "private": "bnVsbA==",
          "create_before_destroy": true
        }
      ]
    },
    {
      "module": "module.eks",
      "mode": "managed",
      "type": "aws_ec2_tag",
      "name": "cluster_primary_security_group",
      "provider": "provider[\"registry.terraform.io/hashicorp/aws\"]",
      "instances": [
        {
          "index_key": "Environment",
          "schema_version": 0,
          "attributes": {
            "id": "sg-06400d7946dfe8793,Environment",
            "key": "Environment",
            "resource_id": "sg-06400d7946dfe8793",
            "value": "prod"
          },
          "sensitive_attributes": [],
          "identity_schema_version": 0,
          "private": "bnVsbA==",
          "dependencies": [
            "data.aws_availability_zones.available",
            "module.eks.aws_cloudwatch_log_group.this",
            "module.eks.aws_eks_cluster.this",
            "module.eks.aws_iam_policy.cni_ipv6_policy",
            "module.eks.aws_iam_role.eks_auto",
            "module.eks.aws_iam_role.this",
            "module.eks.aws_iam_role_policy_attachment.this",
            "module.eks.aws_security_group.cluster",
            "module.eks.aws_security_group.node",
            "module.eks.aws_security_group_rule.cluster",
            "module.eks.aws_security_group_rule.node",
            "module.eks.data.aws_caller_identity.current",
            "module.eks.data.aws_iam_policy_document.assume_role_policy",
            "module.eks.data.aws_iam_policy_document.cni_ipv6_policy",
            "module.eks.data.aws_iam_policy_document.node_assume_role_policy",
            "module.eks.data.aws_iam_session_context.current",
            "module.eks.data.aws_partition.current",
            "module.eks.module.kms.aws_kms_external_key.this",
            "module.eks.module.kms.aws_kms_key.this",
            "module.eks.module.kms.aws_kms_replica_external_key.this",
            "module.eks.module.kms.aws_kms_replica_key.this",
            "module.eks.module.kms.data.aws_caller_identity.current",
            "module.eks.module.kms.data.aws_iam_policy_document.this",
            "module.eks.module.kms.data.aws_partition.current",
            "module.vpc.aws_subnet.private",
            "module.vpc.aws_vpc.this",
            "module.vpc.aws_vpc_ipv4_cidr_block_association.this"
          ]
        },
        {
          "index_key": "ManagedBy",
          "schema_version": 0,
          "attributes": {
            "id": "sg-06400d7946dfe8793,ManagedBy",
            "key": "ManagedBy",
            "resource_id": "sg-06400d7946dfe8793",
            "value": "terraform"
          },
          "sensitive_attributes": [],
          "identity_schema_version": 0,
          "private": "bnVsbA==",
          "dependencies": [
            "data.aws_availability_zones.available",
            "module.eks.aws_cloudwatch_log_group.this",
            "module.eks.aws_eks_cluster.this",
            "module.eks.aws_iam_policy.cni_ipv6_policy",
            "module.eks.aws_iam_role.eks_auto",
            "module.eks.aws_iam_role.this",
            "module.eks.aws_iam_role_policy_attachment.this",
            "module.eks.aws_security_group.cluster",
            "module.eks.aws_security_group.node",
            "module.eks.aws_security_group_rule.cluster",
            "module.eks.aws_security_group_rule.node",
            "module.eks.data.aws_caller_identity.current",
            "module.eks.data.aws_iam_policy_document.assume_role_policy",
            "module.eks.data.aws_iam_policy_document.cni_ipv6_policy",
            "module.eks.data.aws_iam_policy_document.node_assume_role_policy",
            "module.eks.data.aws_iam_session_context.current",
            "module.eks.data.aws_partition.current",
            "module.eks.module.kms.aws_kms_external_key.this",
            "module.eks.module.kms.aws_kms_key.this",
            "module.eks.module.kms.aws_kms_replica_external_key.this",
            "module.eks.module.kms.aws_kms_replica_key.this",
            "module.eks.module.kms.data.aws_caller_identity.current",
            "module.eks.module.kms.data.aws_iam_policy_document.this",
            "module.eks.module.kms.data.aws_partition.current",
            "module.vpc.aws_subnet.private",
            "module.vpc.aws_vpc.this",
            "module.vpc.aws_vpc_ipv4_cidr_block_association.this"
          ]
        },
        {
          "index_key": "Project",
          "schema_version": 0,
          "attributes": {
            "id": "sg-06400d7946dfe8793,Project",
            "key": "Project",
            "resource_id": "sg-06400d7946dfe8793",
            "value": "aegis"
          },
          "sensitive_attributes": [],
          "identity_schema_version": 0,
          "private": "bnVsbA==",
          "dependencies": [
            "data.aws_availability_zones.available",
            "module.eks.aws_cloudwatch_log_group.this",
            "module.eks.aws_eks_cluster.this",
            "module.eks.aws_iam_policy.cni_ipv6_policy",
            "module.eks.aws_iam_role.eks_auto",
            "module.eks.aws_iam_role.this",
            "module.eks.aws_iam_role_policy_attachment.this",
            "module.eks.aws_security_group.cluster",
            "module.eks.aws_security_group.node",
            "module.eks.aws_security_group_rule.cluster",
            "module.eks.aws_security_group_rule.node",
            "module.eks.data.aws_caller_identity.current",
            "module.eks.data.aws_iam_policy_document.assume_role_policy",
            "module.eks.data.aws_iam_policy_document.cni_ipv6_policy",
            "module.eks.data.aws_iam_policy_document.node_assume_role_policy",
            "module.eks.data.aws_iam_session_context.current",
            "module.eks.data.aws_partition.current",
            "module.eks.module.kms.aws_kms_external_key.this",
            "module.eks.module.kms.aws_kms_key.this",
            "module.eks.module.kms.aws_kms_replica_external_key.this",
            "module.eks.module.kms.aws_kms_replica_key.this",
            "module.eks.module.kms.data.aws_caller_identity.current",
            "module.eks.module.kms.data.aws_iam_policy_document.this",
            "module.eks.module.kms.data.aws_partition.current",
            "module.vpc.aws_subnet.private",
            "module.vpc.aws_vpc.this",
            "module.vpc.aws_vpc_ipv4_cidr_block_association.this"
          ]
        }
      ]
    },
    {
      "module": "module.eks",
      "mode": "managed",
      "type": "aws_eks_access_entry",
      "name": "this",
      "provider": "provider[\"registry.terraform.io/hashicorp/aws\"]",
      "instances": [
        {
          "index_key": "cluster_creator",
          "schema_version": 0,
          "attributes": {
            "access_entry_arn": "arn:aws:eks:us-east-1:567751785679:access-entry/aegis-spoke-prod/root/567751785679//28ccda9e-110b-cee4-e962-959f649866d2",
            "cluster_name": "aegis-spoke-prod",
            "created_at": "2025-10-05T16:37:21Z",
            "id": "aegis-spoke-prod:arn:aws:iam::567751785679:root",
            "kubernetes_groups": [],
            "modified_at": "2025-10-05T16:37:21Z",
            "principal_arn": "arn:aws:iam::567751785679:root",
            "tags": {
              "Environment": "prod",
              "ManagedBy": "terraform",
              "Project": "aegis"
            },
            "tags_all": {
              "Environment": "prod",
              "ManagedBy": "terraform",
              "Project": "aegis"
            },
            "timeouts": null,
            "type": "STANDARD",
            "user_name": "arn:aws:iam::567751785679:root"
          },
          "sensitive_attributes": [],
          "identity_schema_version": 0,
          "private": "eyJlMmJmYjczMC1lY2FhLTExZTYtOGY4OC0zNDM2M2JjN2M0YzAiOnsiY3JlYXRlIjo2MDAwMDAwMDAwMDAsImRlbGV0ZSI6NjAwMDAwMDAwMDAwfX0=",
          "dependencies": [
            "data.aws_availability_zones.available",
            "module.eks.aws_cloudwatch_log_group.this",
            "module.eks.aws_eks_cluster.this",
            "module.eks.aws_iam_policy.cni_ipv6_policy",
            "module.eks.aws_iam_role.eks_auto",
            "module.eks.aws_iam_role.this",
            "module.eks.aws_iam_role_policy_attachment.this",
            "module.eks.aws_security_group.cluster",
            "module.eks.aws_security_group.node",
            "module.eks.aws_security_group_rule.cluster",
            "module.eks.aws_security_group_rule.node",
            "module.eks.data.aws_caller_identity.current",
            "module.eks.data.aws_iam_policy_document.assume_role_policy",
            "module.eks.data.aws_iam_policy_document.cni_ipv6_policy",
            "module.eks.data.aws_iam_policy_document.node_assume_role_policy",
            "module.eks.data.aws_iam_session_context.current",
            "module.eks.data.aws_partition.current",
            "module.eks.module.kms.aws_kms_external_key.this",
            "module.eks.module.kms.aws_kms_key.this",
            "module.eks.module.kms.aws_kms_replica_external_key.this",
            "module.eks.module.kms.aws_kms_replica_key.this",
            "module.eks.module.kms.data.aws_caller_identity.current",
            "module.eks.module.kms.data.aws_iam_policy_document.this",
            "module.eks.module.kms.data.aws_partition.current",
            "module.vpc.aws_subnet.private",
            "module.vpc.aws_vpc.this",
            "module.vpc.aws_vpc_ipv4_cidr_block_association.this"
          ]
        }
      ]
    },
    {
      "module": "module.eks",
      "mode": "managed",
      "type": "aws_eks_access_policy_association",
      "name": "this",
      "provider": "provider[\"registry.terraform.io/hashicorp/aws\"]",
      "instances": [
        {
          "index_key": "cluster_creator_admin",
          "schema_version": 0,
          "attributes": {
            "access_scope": [
              {
                "namespaces": [],
                "type": "cluster"
              }
            ],
            "associated_at": "2025-10-05 16:37:21.87 +0000 UTC",
            "cluster_name": "aegis-spoke-prod",
            "id": "aegis-spoke-prod#arn:aws:iam::567751785679:root#arn:aws:eks::aws:cluster-access-policy/AmazonEKSClusterAdminPolicy",
            "modified_at": "2025-10-05 16:37:21.87 +0000 UTC",
            "policy_arn": "arn:aws:eks::aws:cluster-access-policy/AmazonEKSClusterAdminPolicy",
            "principal_arn": "arn:aws:iam::567751785679:root",
            "timeouts": null
          },
          "sensitive_attributes": [],
          "identity_schema_version": 0,
          "private": "eyJlMmJmYjczMC1lY2FhLTExZTYtOGY4OC0zNDM2M2JjN2M0YzAiOnsiY3JlYXRlIjo2MDAwMDAwMDAwMDAsImRlbGV0ZSI6NjAwMDAwMDAwMDAwfX0=",
          "dependencies": [
            "data.aws_availability_zones.available",
            "module.eks.aws_cloudwatch_log_group.this",
            "module.eks.aws_eks_access_entry.this",
            "module.eks.aws_eks_cluster.this",
            "module.eks.aws_iam_policy.cni_ipv6_policy",
            "module.eks.aws_iam_role.eks_auto",
            "module.eks.aws_iam_role.this",
            "module.eks.aws_iam_role_policy_attachment.this",
            "module.eks.aws_security_group.cluster",
            "module.eks.aws_security_group.node",
            "module.eks.aws_security_group_rule.cluster",
            "module.eks.aws_security_group_rule.node",
            "module.eks.data.aws_caller_identity.current",
            "module.eks.data.aws_iam_policy_document.assume_role_policy",
            "module.eks.data.aws_iam_policy_document.cni_ipv6_policy",
            "module.eks.data.aws_iam_policy_document.node_assume_role_policy",
            "module.eks.data.aws_iam_session_context.current",
            "module.eks.data.aws_partition.current",
            "module.eks.module.kms.aws_kms_external_key.this",
            "module.eks.module.kms.aws_kms_key.this",
            "module.eks.module.kms.aws_kms_replica_external_key.this",
            "module.eks.module.kms.aws_kms_replica_key.this",
            "module.eks.module.kms.data.aws_caller_identity.current",
            "module.eks.module.kms.data.aws_iam_policy_document.this",
            "module.eks.module.kms.data.aws_partition.current",
            "module.vpc.aws_subnet.private",
            "module.vpc.aws_vpc.this",
            "module.vpc.aws_vpc_ipv4_cidr_block_association.this"
          ]
        }
      ]
    },
    {
      "module": "module.eks",
      "mode": "managed",
      "type": "aws_eks_addon",
      "name": "this",
      "provider": "provider[\"registry.terraform.io/hashicorp/aws\"]",
      "instances": [
        {
          "index_key": "coredns",
          "schema_version": 0,
          "attributes": {
            "addon_name": "coredns",
            "addon_version": "v1.11.4-eksbuild.24",
            "arn": "arn:aws:eks:us-east-1:567751785679:addon/aegis-spoke-prod/coredns/5cccda9f-01b8-f40c-6516-dced892ed424",
            "cluster_name": "aegis-spoke-prod",
            "configuration_values": "",
            "created_at": "2025-10-05T16:39:24Z",
            "id": "aegis-spoke-prod:coredns",
            "modified_at": "2025-10-05T16:39:36Z",
            "pod_identity_association": [],
            "preserve": true,
            "resolve_conflicts": null,
            "resolve_conflicts_on_create": "OVERWRITE",
            "resolve_conflicts_on_update": "OVERWRITE",
            "service_account_role_arn": "",
            "tags": {
              "Environment": "prod",
              "ManagedBy": "terraform",
              "Project": "aegis"
            },
            "tags_all": {
              "Environment": "prod",
              "ManagedBy": "terraform",
              "Project": "aegis"
            },
            "timeouts": {
              "create": null,
              "delete": null,
              "update": null
            }
          },
          "sensitive_attributes": [],
          "identity_schema_version": 0,
          "private": "eyJlMmJmYjczMC1lY2FhLTExZTYtOGY4OC0zNDM2M2JjN2M0YzAiOnsiY3JlYXRlIjoxMjAwMDAwMDAwMDAwLCJkZWxldGUiOjI0MDAwMDAwMDAwMDAsInVwZGF0ZSI6MTIwMDAwMDAwMDAwMH19",
          "dependencies": [
            "aws_security_group.eks_nodes",
            "data.aws_availability_zones.available",
            "module.eks.aws_cloudwatch_log_group.this",
            "module.eks.aws_eks_cluster.this",
            "module.eks.aws_iam_policy.cni_ipv6_policy",
            "module.eks.aws_iam_role.eks_auto",
            "module.eks.aws_iam_role.this",
            "module.eks.aws_iam_role_policy_attachment.this",
            "module.eks.aws_security_group.cluster",
            "module.eks.aws_security_group.node",
            "module.eks.aws_security_group_rule.cluster",
            "module.eks.aws_security_group_rule.node",
            "module.eks.data.aws_caller_identity.current",
            "module.eks.data.aws_eks_addon_version.this",
            "module.eks.data.aws_iam_policy_document.assume_role_policy",
            "module.eks.data.aws_iam_policy_document.cni_ipv6_policy",
            "module.eks.data.aws_iam_policy_document.node_assume_role_policy",
            "module.eks.data.aws_iam_session_context.current",
            "module.eks.data.aws_partition.current",
            "module.eks.module.eks_managed_node_group.aws_autoscaling_schedule.this",
            "module.eks.module.eks_managed_node_group.aws_eks_node_group.this",
            "module.eks.module.eks_managed_node_group.aws_iam_role.this",
            "module.eks.module.eks_managed_node_group.aws_iam_role_policy.this",
            "module.eks.module.eks_managed_node_group.aws_iam_role_policy_attachment.additional",
            "module.eks.module.eks_managed_node_group.aws_iam_role_policy_attachment.this",
            "module.eks.module.eks_managed_node_group.aws_launch_template.this",
            "module.eks.module.eks_managed_node_group.aws_placement_group.this",
            "module.eks.module.eks_managed_node_group.data.aws_caller_identity.current",
            "module.eks.module.eks_managed_node_group.data.aws_ec2_instance_type.this",
            "module.eks.module.eks_managed_node_group.data.aws_ec2_instance_type_offerings.this",
            "module.eks.module.eks_managed_node_group.data.aws_iam_policy_document.assume_role_policy",
            "module.eks.module.eks_managed_node_group.data.aws_iam_policy_document.role",
            "module.eks.module.eks_managed_node_group.data.aws_partition.current",
            "module.eks.module.eks_managed_node_group.data.aws_ssm_parameter.ami",
            "module.eks.module.eks_managed_node_group.data.aws_subnets.placement_group",
            "module.eks.module.eks_managed_node_group.module.user_data.data.cloudinit_config.al2023_eks_managed_node_group",
            "module.eks.module.eks_managed_node_group.module.user_data.data.cloudinit_config.linux_eks_managed_node_group",
            "module.eks.module.eks_managed_node_group.module.user_data.null_resource.validate_cluster_service_cidr",
            "module.eks.module.fargate_profile.aws_eks_fargate_profile.this",
            "module.eks.module.fargate_profile.aws_iam_role.this",
            "module.eks.module.fargate_profile.aws_iam_role_policy.this",
            "module.eks.module.fargate_profile.aws_iam_role_policy_attachment.additional",
            "module.eks.module.fargate_profile.aws_iam_role_policy_attachment.this",
            "module.eks.module.fargate_profile.data.aws_caller_identity.current",
            "module.eks.module.fargate_profile.data.aws_iam_policy_document.assume_role_policy",
            "module.eks.module.fargate_profile.data.aws_iam_policy_document.role",
            "module.eks.module.fargate_profile.data.aws_partition.current",
            "module.eks.module.fargate_profile.data.aws_region.current",
            "module.eks.module.kms.aws_kms_external_key.this",
            "module.eks.module.kms.aws_kms_key.this",
            "module.eks.module.kms.aws_kms_replica_external_key.this",
            "module.eks.module.kms.aws_kms_replica_key.this",
            "module.eks.module.kms.data.aws_caller_identity.current",
            "module.eks.module.kms.data.aws_iam_policy_document.this",
            "module.eks.module.kms.data.aws_partition.current",
            "module.eks.module.self_managed_node_group.aws_autoscaling_group.this",
            "module.eks.module.self_managed_node_group.aws_autoscaling_schedule.this",
            "module.eks.module.self_managed_node_group.aws_eks_access_entry.this",
            "module.eks.module.self_managed_node_group.aws_iam_instance_profile.this",
            "module.eks.module.self_managed_node_group.aws_iam_role.this",
            "module.eks.module.self_managed_node_group.aws_iam_role_policy.this",
            "module.eks.module.self_managed_node_group.aws_iam_role_policy_attachment.additional",
            "module.eks.module.self_managed_node_group.aws_iam_role_policy_attachment.this",
            "module.eks.module.self_managed_node_group.aws_launch_template.this",
            "module.eks.module.self_managed_node_group.aws_placement_group.this",
            "module.eks.module.self_managed_node_group.data.aws_caller_identity.current",
            "module.eks.module.self_managed_node_group.data.aws_ec2_instance_type.this",
            "module.eks.module.self_managed_node_group.data.aws_ec2_instance_type_offerings.this",
            "module.eks.module.self_managed_node_group.data.aws_iam_policy_document.assume_role_policy",
            "module.eks.module.self_managed_node_group.data.aws_iam_policy_document.role",
            "module.eks.module.self_managed_node_group.data.aws_partition.current",
            "module.eks.module.self_managed_node_group.data.aws_ssm_parameter.ami",
            "module.eks.module.self_managed_node_group.data.aws_subnets.placement_group",
            "module.eks.module.self_managed_node_group.module.user_data.data.cloudinit_config.al2023_eks_managed_node_group",
            "module.eks.module.self_managed_node_group.module.user_data.data.cloudinit_config.linux_eks_managed_node_group",
            "module.eks.module.self_managed_node_group.module.user_data.null_resource.validate_cluster_service_cidr",
            "module.eks.time_sleep.this",
            "module.vpc.aws_subnet.private",
            "module.vpc.aws_vpc.this",
            "module.vpc.aws_vpc_ipv4_cidr_block_association.this"
          ]
        },
        {
          "index_key": "kube-proxy",
          "schema_version": 0,
          "attributes": {
            "addon_name": "kube-proxy",
            "addon_version": "v1.32.6-eksbuild.12",
            "arn": "arn:aws:eks:us-east-1:567751785679:addon/aegis-spoke-prod/kube-proxy/a4ccda9f-01b4-7266-315f-dfe21b2087dd",
            "cluster_name": "aegis-spoke-prod",
            "configuration_values": "",
            "created_at": "2025-10-05T16:39:24Z",
            "id": "aegis-spoke-prod:kube-proxy",
            "modified_at": "2025-10-05T16:39:50Z",
            "pod_identity_association": [],
            "preserve": true,
            "resolve_conflicts": null,
            "resolve_conflicts_on_create": "OVERWRITE",
            "resolve_conflicts_on_update": "OVERWRITE",
            "service_account_role_arn": "",
            "tags": {
              "Environment": "prod",
              "ManagedBy": "terraform",
              "Project": "aegis"
            },
            "tags_all": {
              "Environment": "prod",
              "ManagedBy": "terraform",
              "Project": "aegis"
            },
            "timeouts": {
              "create": null,
              "delete": null,
              "update": null
            }
          },
          "sensitive_attributes": [],
          "identity_schema_version": 0,
          "private": "eyJlMmJmYjczMC1lY2FhLTExZTYtOGY4OC0zNDM2M2JjN2M0YzAiOnsiY3JlYXRlIjoxMjAwMDAwMDAwMDAwLCJkZWxldGUiOjI0MDAwMDAwMDAwMDAsInVwZGF0ZSI6MTIwMDAwMDAwMDAwMH19",
          "dependencies": [
            "aws_security_group.eks_nodes",
            "data.aws_availability_zones.available",
            "module.eks.aws_cloudwatch_log_group.this",
            "module.eks.aws_eks_cluster.this",
            "module.eks.aws_iam_policy.cni_ipv6_policy",
            "module.eks.aws_iam_role.eks_auto",
            "module.eks.aws_iam_role.this",
            "module.eks.aws_iam_role_policy_attachment.this",
            "module.eks.aws_security_group.cluster",
            "module.eks.aws_security_group.node",
            "module.eks.aws_security_group_rule.cluster",
            "module.eks.aws_security_group_rule.node",
            "module.eks.data.aws_caller_identity.current",
            "module.eks.data.aws_eks_addon_version.this",
            "module.eks.data.aws_iam_policy_document.assume_role_policy",
            "module.eks.data.aws_iam_policy_document.cni_ipv6_policy",
            "module.eks.data.aws_iam_policy_document.node_assume_role_policy",
            "module.eks.data.aws_iam_session_context.current",
            "module.eks.data.aws_partition.current",
            "module.eks.module.eks_managed_node_group.aws_autoscaling_schedule.this",
            "module.eks.module.eks_managed_node_group.aws_eks_node_group.this",
            "module.eks.module.eks_managed_node_group.aws_iam_role.this",
            "module.eks.module.eks_managed_node_group.aws_iam_role_policy.this",
            "module.eks.module.eks_managed_node_group.aws_iam_role_policy_attachment.additional",
            "module.eks.module.eks_managed_node_group.aws_iam_role_policy_attachment.this",
            "module.eks.module.eks_managed_node_group.aws_launch_template.this",
            "module.eks.module.eks_managed_node_group.aws_placement_group.this",
            "module.eks.module.eks_managed_node_group.data.aws_caller_identity.current",
            "module.eks.module.eks_managed_node_group.data.aws_ec2_instance_type.this",
            "module.eks.module.eks_managed_node_group.data.aws_ec2_instance_type_offerings.this",
            "module.eks.module.eks_managed_node_group.data.aws_iam_policy_document.assume_role_policy",
            "module.eks.module.eks_managed_node_group.data.aws_iam_policy_document.role",
            "module.eks.module.eks_managed_node_group.data.aws_partition.current",
            "module.eks.module.eks_managed_node_group.data.aws_ssm_parameter.ami",
            "module.eks.module.eks_managed_node_group.data.aws_subnets.placement_group",
            "module.eks.module.eks_managed_node_group.module.user_data.data.cloudinit_config.al2023_eks_managed_node_group",
            "module.eks.module.eks_managed_node_group.module.user_data.data.cloudinit_config.linux_eks_managed_node_group",
            "module.eks.module.eks_managed_node_group.module.user_data.null_resource.validate_cluster_service_cidr",
            "module.eks.module.fargate_profile.aws_eks_fargate_profile.this",
            "module.eks.module.fargate_profile.aws_iam_role.this",
            "module.eks.module.fargate_profile.aws_iam_role_policy.this",
            "module.eks.module.fargate_profile.aws_iam_role_policy_attachment.additional",
            "module.eks.module.fargate_profile.aws_iam_role_policy_attachment.this",
            "module.eks.module.fargate_profile.data.aws_caller_identity.current",
            "module.eks.module.fargate_profile.data.aws_iam_policy_document.assume_role_policy",
            "module.eks.module.fargate_profile.data.aws_iam_policy_document.role",
            "module.eks.module.fargate_profile.data.aws_partition.current",
            "module.eks.module.fargate_profile.data.aws_region.current",
            "module.eks.module.kms.aws_kms_external_key.this",
            "module.eks.module.kms.aws_kms_key.this",
            "module.eks.module.kms.aws_kms_replica_external_key.this",
            "module.eks.module.kms.aws_kms_replica_key.this",
            "module.eks.module.kms.data.aws_caller_identity.current",
            "module.eks.module.kms.data.aws_iam_policy_document.this",
            "module.eks.module.kms.data.aws_partition.current",
            "module.eks.module.self_managed_node_group.aws_autoscaling_group.this",
            "module.eks.module.self_managed_node_group.aws_autoscaling_schedule.this",
            "module.eks.module.self_managed_node_group.aws_eks_access_entry.this",
            "module.eks.module.self_managed_node_group.aws_iam_instance_profile.this",
            "module.eks.module.self_managed_node_group.aws_iam_role.this",
            "module.eks.module.self_managed_node_group.aws_iam_role_policy.this",
            "module.eks.module.self_managed_node_group.aws_iam_role_policy_attachment.additional",
            "module.eks.module.self_managed_node_group.aws_iam_role_policy_attachment.this",
            "module.eks.module.self_managed_node_group.aws_launch_template.this",
            "module.eks.module.self_managed_node_group.aws_placement_group.this",
            "module.eks.module.self_managed_node_group.data.aws_caller_identity.current",
            "module.eks.module.self_managed_node_group.data.aws_ec2_instance_type.this",
            "module.eks.module.self_managed_node_group.data.aws_ec2_instance_type_offerings.this",
            "module.eks.module.self_managed_node_group.data.aws_iam_policy_document.assume_role_policy",
            "module.eks.module.self_managed_node_group.data.aws_iam_policy_document.role",
            "module.eks.module.self_managed_node_group.data.aws_partition.current",
            "module.eks.module.self_managed_node_group.data.aws_ssm_parameter.ami",
            "module.eks.module.self_managed_node_group.data.aws_subnets.placement_group",
            "module.eks.module.self_managed_node_group.module.user_data.data.cloudinit_config.al2023_eks_managed_node_group",
            "module.eks.module.self_managed_node_group.module.user_data.data.cloudinit_config.linux_eks_managed_node_group",
            "module.eks.module.self_managed_node_group.module.user_data.null_resource.validate_cluster_service_cidr",
            "module.eks.time_sleep.this",
            "module.vpc.aws_subnet.private",
            "module.vpc.aws_vpc.this",
            "module.vpc.aws_vpc_ipv4_cidr_block_association.this"
          ]
        },
        {
          "index_key": "vpc-cni",
          "schema_version": 0,
          "attributes": {
            "addon_name": "vpc-cni",
            "addon_version": "v1.20.3-eksbuild.1",
            "arn": "arn:aws:eks:us-east-1:567751785679:addon/aegis-spoke-prod/vpc-cni/2cccda9f-01b3-c026-4a30-e329df15e8c9",
            "cluster_name": "aegis-spoke-prod",
            "configuration_values": "{\"env\":{\"ENABLE_PREFIX_DELEGATION\":\"true\",\"WARM_PREFIX_TARGET\":\"1\"}}",
            "created_at": "2025-10-05T16:39:24Z",
            "id": "aegis-spoke-prod:vpc-cni",
            "modified_at": "2025-10-05T16:39:51Z",
            "pod_identity_association": [],
            "preserve": true,
            "resolve_conflicts": null,
            "resolve_conflicts_on_create": "OVERWRITE",
            "resolve_conflicts_on_update": "OVERWRITE",
            "service_account_role_arn": "",
            "tags": {
              "Environment": "prod",
              "ManagedBy": "terraform",
              "Project": "aegis"
            },
            "tags_all": {
              "Environment": "prod",
              "ManagedBy": "terraform",
              "Project": "aegis"
            },
            "timeouts": {
              "create": null,
              "delete": null,
              "update": null
            }
          },
          "sensitive_attributes": [],
          "identity_schema_version": 0,
          "private": "eyJlMmJmYjczMC1lY2FhLTExZTYtOGY4OC0zNDM2M2JjN2M0YzAiOnsiY3JlYXRlIjoxMjAwMDAwMDAwMDAwLCJkZWxldGUiOjI0MDAwMDAwMDAwMDAsInVwZGF0ZSI6MTIwMDAwMDAwMDAwMH19",
          "dependencies": [
            "aws_security_group.eks_nodes",
            "data.aws_availability_zones.available",
            "module.eks.aws_cloudwatch_log_group.this",
            "module.eks.aws_eks_cluster.this",
            "module.eks.aws_iam_policy.cni_ipv6_policy",
            "module.eks.aws_iam_role.eks_auto",
            "module.eks.aws_iam_role.this",
            "module.eks.aws_iam_role_policy_attachment.this",
            "module.eks.aws_security_group.cluster",
            "module.eks.aws_security_group.node",
            "module.eks.aws_security_group_rule.cluster",
            "module.eks.aws_security_group_rule.node",
            "module.eks.data.aws_caller_identity.current",
            "module.eks.data.aws_eks_addon_version.this",
            "module.eks.data.aws_iam_policy_document.assume_role_policy",
            "module.eks.data.aws_iam_policy_document.cni_ipv6_policy",
            "module.eks.data.aws_iam_policy_document.node_assume_role_policy",
            "module.eks.data.aws_iam_session_context.current",
            "module.eks.data.aws_partition.current",
            "module.eks.module.eks_managed_node_group.aws_autoscaling_schedule.this",
            "module.eks.module.eks_managed_node_group.aws_eks_node_group.this",
            "module.eks.module.eks_managed_node_group.aws_iam_role.this",
            "module.eks.module.eks_managed_node_group.aws_iam_role_policy.this",
            "module.eks.module.eks_managed_node_group.aws_iam_role_policy_attachment.additional",
            "module.eks.module.eks_managed_node_group.aws_iam_role_policy_attachment.this",
            "module.eks.module.eks_managed_node_group.aws_launch_template.this",
            "module.eks.module.eks_managed_node_group.aws_placement_group.this",
            "module.eks.module.eks_managed_node_group.data.aws_caller_identity.current",
            "module.eks.module.eks_managed_node_group.data.aws_ec2_instance_type.this",
            "module.eks.module.eks_managed_node_group.data.aws_ec2_instance_type_offerings.this",
            "module.eks.module.eks_managed_node_group.data.aws_iam_policy_document.assume_role_policy",
            "module.eks.module.eks_managed_node_group.data.aws_iam_policy_document.role",
            "module.eks.module.eks_managed_node_group.data.aws_partition.current",
            "module.eks.module.eks_managed_node_group.data.aws_ssm_parameter.ami",
            "module.eks.module.eks_managed_node_group.data.aws_subnets.placement_group",
            "module.eks.module.eks_managed_node_group.module.user_data.data.cloudinit_config.al2023_eks_managed_node_group",
            "module.eks.module.eks_managed_node_group.module.user_data.data.cloudinit_config.linux_eks_managed_node_group",
            "module.eks.module.eks_managed_node_group.module.user_data.null_resource.validate_cluster_service_cidr",
            "module.eks.module.fargate_profile.aws_eks_fargate_profile.this",
            "module.eks.module.fargate_profile.aws_iam_role.this",
            "module.eks.module.fargate_profile.aws_iam_role_policy.this",
            "module.eks.module.fargate_profile.aws_iam_role_policy_attachment.additional",
            "module.eks.module.fargate_profile.aws_iam_role_policy_attachment.this",
            "module.eks.module.fargate_profile.data.aws_caller_identity.current",
            "module.eks.module.fargate_profile.data.aws_iam_policy_document.assume_role_policy",
            "module.eks.module.fargate_profile.data.aws_iam_policy_document.role",
            "module.eks.module.fargate_profile.data.aws_partition.current",
            "module.eks.module.fargate_profile.data.aws_region.current",
            "module.eks.module.kms.aws_kms_external_key.this",
            "module.eks.module.kms.aws_kms_key.this",
            "module.eks.module.kms.aws_kms_replica_external_key.this",
            "module.eks.module.kms.aws_kms_replica_key.this",
            "module.eks.module.kms.data.aws_caller_identity.current",
            "module.eks.module.kms.data.aws_iam_policy_document.this",
            "module.eks.module.kms.data.aws_partition.current",
            "module.eks.module.self_managed_node_group.aws_autoscaling_group.this",
            "module.eks.module.self_managed_node_group.aws_autoscaling_schedule.this",
            "module.eks.module.self_managed_node_group.aws_eks_access_entry.this",
            "module.eks.module.self_managed_node_group.aws_iam_instance_profile.this",
            "module.eks.module.self_managed_node_group.aws_iam_role.this",
            "module.eks.module.self_managed_node_group.aws_iam_role_policy.this",
            "module.eks.module.self_managed_node_group.aws_iam_role_policy_attachment.additional",
            "module.eks.module.self_managed_node_group.aws_iam_role_policy_attachment.this",
            "module.eks.module.self_managed_node_group.aws_launch_template.this",
            "module.eks.module.self_managed_node_group.aws_placement_group.this",
            "module.eks.module.self_managed_node_group.data.aws_caller_identity.current",
            "module.eks.module.self_managed_node_group.data.aws_ec2_instance_type.this",
            "module.eks.module.self_managed_node_group.data.aws_ec2_instance_type_offerings.this",
            "module.eks.module.self_managed_node_group.data.aws_iam_policy_document.assume_role_policy",
            "module.eks.module.self_managed_node_group.data.aws_iam_policy_document.role",
            "module.eks.module.self_managed_node_group.data.aws_partition.current",
            "module.eks.module.self_managed_node_group.data.aws_ssm_parameter.ami",
            "module.eks.module.self_managed_node_group.data.aws_subnets.placement_group",
            "module.eks.module.self_managed_node_group.module.user_data.data.cloudinit_config.al2023_eks_managed_node_group",
            "module.eks.module.self_managed_node_group.module.user_data.data.cloudinit_config.linux_eks_managed_node_group",
            "module.eks.module.self_managed_node_group.module.user_data.null_resource.validate_cluster_service_cidr",
            "module.eks.time_sleep.this",
            "module.vpc.aws_subnet.private",
            "module.vpc.aws_vpc.this",
            "module.vpc.aws_vpc_ipv4_cidr_block_association.this"
          ]
        }
      ]
    },
    {
      "module": "module.eks",
      "mode": "managed",
      "type": "aws_eks_cluster",
      "name": "this",
      "provider": "provider[\"registry.terraform.io/hashicorp/aws\"]",
      "instances": [
        {
          "index_key": 0,
          "schema_version": 1,
          "attributes": {
            "access_config": [
              {
                "authentication_mode": "API_AND_CONFIG_MAP",
                "bootstrap_cluster_creator_admin_permissions": false
              }
            ],
            "arn": "arn:aws:eks:us-east-1:567751785679:cluster/aegis-spoke-prod",
            "bootstrap_self_managed_addons": true,
            "certificate_authority": [
              {
                "data": "LS0tLS1CRUdJTiBDRVJUSUZJQ0FURS0tLS0tCk1JSURCVENDQWUyZ0F3SUJBZ0lJWWdYcm9pUWdxcVV3RFFZSktvWklodmNOQVFFTEJRQXdGVEVUTUJFR0ExVUUKQXhNS2EzVmlaWEp1WlhSbGN6QWVGdzB5TlRFd01EVXhOakk0TWpsYUZ3MHpOVEV3TURNeE5qTXpNamxhTUJVeApFekFSQmdOVkJBTVRDbXQxWW1WeWJtVjBaWE13Z2dFaU1BMEdDU3FHU0liM0RRRUJBUVVBQTRJQkR3QXdnZ0VLCkFvSUJBUUNtWDB1MVVaQ1ljTjlydnNUdWVvajhVb1drY2ZoUUczQkFWYmlmVkRNMDFldWgrYkpNQzZXUHdOS1kKVzB1MGlZTHNHdHJzdzAvclYyK1IrTlJ2TG15SUp0MDhmK2h1azl1ZFdwcWxyTVA1c1VOZ05wUG4vdWthQkJHcQo0aWt2d28zNjI4N1BDRUlBTzE2M01RWE8rUndOQzllMDFuTkkzeHJzQVl5ZzVUUkJ3TGxDN2gxNWl2bGR5YndrCjB3SVl2eEVvUnM2SVJDZ3dwYzlhQmRQbStqb1R3b2NPSG9STXA0d21HNTg5SXk2bnJjZC9WQm5GVXdEVWN0WnEKZnpBU0I5cDM4S25iNHV4Z1RrTGlHVTVIVE9NWnBTT292Z2hWdXROd3NwRWc1MXRmMHlHSnZnWFlaNEltMmE0Vgo0MjJ6Y2lFQ1NDY2c3VGxVUC9sRXRaWDlJeW1mQWdNQkFBR2pXVEJYTUE0R0ExVWREd0VCL3dRRUF3SUNwREFQCkJnTlZIUk1CQWY4RUJUQURBUUgvTUIwR0ExVWREZ1FXQkJRSlVuNGFWMU9rb3RzRTRnb0dNek16ZzB2OGxEQVYKQmdOVkhSRUVEakFNZ2dwcmRXSmxjbTVsZEdWek1BMEdDU3FHU0liM0RRRUJDd1VBQTRJQkFRQ1p0SGgvdnFoawpTb1NNUThCdUErT0pPZU1tbndram8zOU9vWDdpR2d4OFpHcWphRWJWKy9uZ3MvQ3Aram1vbU5QLzYwcjY5K0V4CldJNFdwZy82ZC82dElSSWdZa0h1M2R2UHpNdlVod3BHaHFJek1EYkVLQ1M2dHBmUmxpSVkzcG83anB6SDZzZ00KUWJtSC9CWlNXaXV0c3lHWnl4QStjd3p6L1VrbC9xcm1ETkZPeTlkeEx1LzF2K280VnFtbHpJV08xME1qVDh0Rwp4dHpOZ2VqZldkSnNkWWxSTlVLNHlvN2FRZVNWVnpaSXljMVFWM0NzckdiQmxvS1ZVcVpMenpkZ0N5K3pBcXVsCmFUNDN4Sy9TNU5ZRDJQbFVYZHBBTFZQM3dsQUVFeC9qS0tMQnM2emRyUk1wU0kvcEtiNjRxZWMzMGFjL0IrWSsKOXBOZ04vTnlJaFpFCi0tLS0tRU5EIENFUlRJRklDQVRFLS0tLS0K"
              }
            ],
            "cluster_id": null,
            "compute_config": [],
            "created_at": "2025-10-05T16:27:28Z",
            "enabled_cluster_log_types": [
              "api",
              "audit",
              "authenticator"
            ],
            "encryption_config": [
              {
                "provider": [
                  {
                    "key_arn": "arn:aws:kms:us-east-1:567751785679:key/c8414b5f-a951-4f7b-b7c0-25bbee7571d0"
                  }
                ],
                "resources": [
                  "secrets"
                ]
              }
            ],
            "endpoint": "https://1E694418DA0B464F8519D6DC2E448AAF.gr7.us-east-1.eks.amazonaws.com",
            "force_update_version": null,
            "id": "aegis-spoke-prod",
            "identity": [
              {
                "oidc": [
                  {
                    "issuer": "https://oidc.eks.us-east-1.amazonaws.com/id/1E694418DA0B464F8519D6DC2E448AAF"
                  }
                ]
              }
            ],
            "kubernetes_network_config": [
              {
                "elastic_load_balancing": [
                  {
                    "enabled": false
                  }
                ],
                "ip_family": "ipv4",
                "service_ipv4_cidr": "172.20.0.0/16",
                "service_ipv6_cidr": ""
              }
            ],
            "name": "aegis-spoke-prod",
            "outpost_config": [],
            "platform_version": "eks.23",
            "remote_network_config": [],
            "role_arn": "arn:aws:iam::567751785679:role/aegis-spoke-prod-cluster-20251005162701735700000008",
            "status": "ACTIVE",
            "storage_config": [],
            "tags": {
              "Environment": "prod",
              "ManagedBy": "terraform",
              "Project": "aegis",
              "terraform-aws-modules": "eks"
            },
            "tags_all": {
              "Environment": "prod",
              "ManagedBy": "terraform",
              "Project": "aegis",
              "terraform-aws-modules": "eks"
            },
            "timeouts": {
              "create": null,
              "delete": null,
              "update": null
            },
            "upgrade_policy": [
              {
                "support_type": "EXTENDED"
              }
            ],
            "version": "1.32",
            "vpc_config": [
              {
                "cluster_security_group_id": "sg-06400d7946dfe8793",
                "endpoint_private_access": true,
                "endpoint_public_access": true,
                "public_access_cidrs": [
                  "0.0.0.0/0"
                ],
                "security_group_ids": [
                  "sg-01fe2124b2beb0e61"
                ],
                "subnet_ids": [
                  "subnet-05b8d47245ce869fe",
                  "subnet-08682c075a16ef93b",
                  "subnet-0f4cbcc23979e4b94"
                ],
                "vpc_id": "vpc-0a4b821294f120863"
              }
            ],
            "zonal_shift_config": []
          },
          "sensitive_attributes": [],
          "identity_schema_version": 0,
          "private": "eyJlMmJmYjczMC1lY2FhLTExZTYtOGY4OC0zNDM2M2JjN2M0YzAiOnsiY3JlYXRlIjoxODAwMDAwMDAwMDAwLCJkZWxldGUiOjkwMDAwMDAwMDAwMCwidXBkYXRlIjozNjAwMDAwMDAwMDAwfSwic2NoZW1hX3ZlcnNpb24iOiIxIn0=",
          "dependencies": [
            "data.aws_availability_zones.available",
            "module.eks.aws_cloudwatch_log_group.this",
            "module.eks.aws_iam_policy.cni_ipv6_policy",
            "module.eks.aws_iam_role.eks_auto",
            "module.eks.aws_iam_role.this",
            "module.eks.aws_iam_role_policy_attachment.this",
            "module.eks.aws_security_group.cluster",
            "module.eks.aws_security_group.node",
            "module.eks.aws_security_group_rule.cluster",
            "module.eks.aws_security_group_rule.node",
            "module.eks.data.aws_caller_identity.current",
            "module.eks.data.aws_iam_policy_document.assume_role_policy",
            "module.eks.data.aws_iam_policy_document.cni_ipv6_policy",
            "module.eks.data.aws_iam_policy_document.node_assume_role_policy",
            "module.eks.data.aws_iam_session_context.current",
            "module.eks.data.aws_partition.current",
            "module.eks.module.kms.aws_kms_external_key.this",
            "module.eks.module.kms.aws_kms_key.this",
            "module.eks.module.kms.aws_kms_replica_external_key.this",
            "module.eks.module.kms.aws_kms_replica_key.this",
            "module.eks.module.kms.data.aws_caller_identity.current",
            "module.eks.module.kms.data.aws_iam_policy_document.this",
            "module.eks.module.kms.data.aws_partition.current",
            "module.vpc.aws_subnet.private",
            "module.vpc.aws_vpc.this",
            "module.vpc.aws_vpc_ipv4_cidr_block_association.this"
          ],
          "create_before_destroy": true
        }
      ]
    },
    {
      "module": "module.eks",
      "mode": "managed",
      "type": "aws_iam_openid_connect_provider",
      "name": "oidc_provider",
      "provider": "provider[\"registry.terraform.io/hashicorp/aws\"]",
      "instances": [
        {
          "index_key": 0,
          "schema_version": 0,
          "attributes": {
            "arn": "arn:aws:iam::567751785679:oidc-provider/oidc.eks.us-east-1.amazonaws.com/id/1E694418DA0B464F8519D6DC2E448AAF",
            "client_id_list": [
              "sts.amazonaws.com"
            ],
            "id": "arn:aws:iam::567751785679:oidc-provider/oidc.eks.us-east-1.amazonaws.com/id/1E694418DA0B464F8519D6DC2E448AAF",
            "tags": {
              "Environment": "prod",
              "ManagedBy": "terraform",
              "Name": "aegis-spoke-prod-eks-irsa",
              "Project": "aegis"
            },
            "tags_all": {
              "Environment": "prod",
              "ManagedBy": "terraform",
              "Name": "aegis-spoke-prod-eks-irsa",
              "Project": "aegis"
            },
            "thumbprint_list": [
              "9e99a48a9960b14926bb7f3b02e22da2b0ab7280"
            ],
            "url": "oidc.eks.us-east-1.amazonaws.com/id/1E694418DA0B464F8519D6DC2E448AAF"
          },
          "sensitive_attributes": [],
          "identity_schema_version": 0,
          "private": "bnVsbA==",
          "dependencies": [
            "data.aws_availability_zones.available",
            "module.eks.aws_cloudwatch_log_group.this",
            "module.eks.aws_eks_cluster.this",
            "module.eks.aws_iam_policy.cni_ipv6_policy",
            "module.eks.aws_iam_role.eks_auto",
            "module.eks.aws_iam_role.this",
            "module.eks.aws_iam_role_policy_attachment.this",
            "module.eks.aws_security_group.cluster",
            "module.eks.aws_security_group.node",
            "module.eks.aws_security_group_rule.cluster",
            "module.eks.aws_security_group_rule.node",
            "module.eks.data.aws_caller_identity.current",
            "module.eks.data.aws_iam_policy_document.assume_role_policy",
            "module.eks.data.aws_iam_policy_document.cni_ipv6_policy",
            "module.eks.data.aws_iam_policy_document.node_assume_role_policy",
            "module.eks.data.aws_iam_session_context.current",
            "module.eks.data.aws_partition.current",
            "module.eks.data.tls_certificate.this",
            "module.eks.module.kms.aws_kms_external_key.this",
            "module.eks.module.kms.aws_kms_key.this",
            "module.eks.module.kms.aws_kms_replica_external_key.this",
            "module.eks.module.kms.aws_kms_replica_key.this",
            "module.eks.module.kms.data.aws_caller_identity.current",
            "module.eks.module.kms.data.aws_iam_policy_document.this",
            "module.eks.module.kms.data.aws_partition.current",
            "module.vpc.aws_subnet.private",
            "module.vpc.aws_vpc.this",
            "module.vpc.aws_vpc_ipv4_cidr_block_association.this"
          ]
        }
      ]
    },
    {
      "module": "module.eks",
      "mode": "managed",
      "type": "aws_iam_policy",
      "name": "cluster_encryption",
      "provider": "provider[\"registry.terraform.io/hashicorp/aws\"]",
      "instances": [
        {
          "index_key": 0,
          "schema_version": 0,
          "attributes": {
            "arn": "arn:aws:iam::567751785679:policy/aegis-spoke-prod-cluster-ClusterEncryption20251005162726538500000017",
            "attachment_count": 1,
            "description": "Cluster encryption policy to allow cluster role to utilize CMK provided",
            "id": "arn:aws:iam::567751785679:policy/aegis-spoke-prod-cluster-ClusterEncryption20251005162726538500000017",
            "name": "aegis-spoke-prod-cluster-ClusterEncryption20251005162726538500000017",
            "name_prefix": "aegis-spoke-prod-cluster-ClusterEncryption",
            "path": "/",
            "policy": "{\"Statement\":[{\"Action\":[\"kms:Encrypt\",\"kms:Decrypt\",\"kms:ListGrants\",\"kms:DescribeKey\"],\"Effect\":\"Allow\",\"Resource\":\"arn:aws:kms:us-east-1:567751785679:key/c8414b5f-a951-4f7b-b7c0-25bbee7571d0\"}],\"Version\":\"2012-10-17\"}",
            "policy_id": "ANPAYIMFEXTHSU5LASL7U",
            "tags": {
              "Environment": "prod",
              "ManagedBy": "terraform",
              "Project": "aegis"
            },
            "tags_all": {
              "Environment": "prod",
              "ManagedBy": "terraform",
              "Project": "aegis"
            }
          },
          "sensitive_attributes": [],
          "identity_schema_version": 0,
          "private": "bnVsbA==",
          "dependencies": [
            "module.eks.aws_iam_role.this",
            "module.eks.data.aws_caller_identity.current",
            "module.eks.data.aws_iam_policy_document.assume_role_policy",
            "module.eks.data.aws_iam_session_context.current",
            "module.eks.module.kms.aws_kms_external_key.this",
            "module.eks.module.kms.aws_kms_key.this",
            "module.eks.module.kms.aws_kms_replica_external_key.this",
            "module.eks.module.kms.aws_kms_replica_key.this",
            "module.eks.module.kms.data.aws_caller_identity.current",
            "module.eks.module.kms.data.aws_iam_policy_document.this",
            "module.eks.module.kms.data.aws_partition.current"
          ]
        }
      ]
    },
    {
      "module": "module.eks",
      "mode": "managed",
      "type": "aws_iam_policy",
      "name": "custom",
      "provider": "provider[\"registry.terraform.io/hashicorp/aws\"]",
      "instances": [
        {
          "index_key": 0,
          "schema_version": 0,
          "attributes": {
            "arn": "arn:aws:iam::567751785679:policy/aegis-spoke-prod-cluster-20251005162701566900000007",
            "attachment_count": 1,
            "description": "",
            "id": "arn:aws:iam::567751785679:policy/aegis-spoke-prod-cluster-20251005162701566900000007",
            "name": "aegis-spoke-prod-cluster-20251005162701566900000007",
            "name_prefix": "aegis-spoke-prod-cluster-",
            "path": "/",
            "policy": "{\"Statement\":[{\"Action\":[\"ec2:RunInstances\",\"ec2:CreateLaunchTemplate\",\"ec2:CreateFleet\"],\"Condition\":{\"StringEquals\":{\"aws:RequestTag/eks:eks-cluster-name\":\"${aws:PrincipalTag/eks:eks-cluster-name}\"},\"StringLike\":{\"aws:RequestTag/eks:kubernetes-node-class-name\":\"*\",\"aws:RequestTag/eks:kubernetes-node-pool-name\":\"*\"}},\"Effect\":\"Allow\",\"Resource\":\"*\",\"Sid\":\"Compute\"},{\"Action\":[\"ec2:CreateVolume\",\"ec2:CreateSnapshot\"],\"Condition\":{\"StringEquals\":{\"aws:RequestTag/eks:eks-cluster-name\":\"${aws:PrincipalTag/eks:eks-cluster-name}\"}},\"Effect\":\"Allow\",\"Resource\":[\"arn:aws:ec2:*:*:volume/*\",\"arn:aws:ec2:*:*:snapshot/*\"],\"Sid\":\"Storage\"},{\"Action\":\"ec2:CreateNetworkInterface\",\"Condition\":{\"StringEquals\":{\"aws:RequestTag/eks:eks-cluster-name\":\"${aws:PrincipalTag/eks:eks-cluster-name}\",\"aws:RequestTag/eks:kubernetes-cni-node-name\":\"*\"}},\"Effect\":\"Allow\",\"Resource\":\"*\",\"Sid\":\"Networking\"},{\"Action\":[\"elasticloadbalancing:CreateTargetGroup\",\"elasticloadbalancing:CreateRule\",\"elasticloadbalancing:CreateLoadBalancer\",\"elasticloadbalancing:CreateListener\",\"ec2:CreateSecurityGroup\"],\"Condition\":{\"StringEquals\":{\"aws:RequestTag/eks:eks-cluster-name\":\"${aws:PrincipalTag/eks:eks-cluster-name}\"}},\"Effect\":\"Allow\",\"Resource\":\"*\",\"Sid\":\"LoadBalancer\"},{\"Action\":\"shield:CreateProtection\",\"Condition\":{\"StringEquals\":{\"aws:RequestTag/eks:eks-cluster-name\":\"${aws:PrincipalTag/eks:eks-cluster-name}\"}},\"Effect\":\"Allow\",\"Resource\":\"*\",\"Sid\":\"ShieldProtection\"},{\"Action\":\"shield:TagResource\",\"Condition\":{\"StringEquals\":{\"aws:RequestTag/eks:eks-cluster-name\":\"${aws:PrincipalTag/eks:eks-cluster-name}\"}},\"Effect\":\"Allow\",\"Resource\":\"arn:aws:shield::*:protection/*\",\"Sid\":\"ShieldTagResource\"}],\"Version\":\"2012-10-17\"}",
            "policy_id": "ANPAYIMFEXTHZLDBAN7KW",
            "tags": {
              "Environment": "prod",
              "ManagedBy": "terraform",
              "Project": "aegis"
            },
            "tags_all": {
              "Environment": "prod",
              "ManagedBy": "terraform",
              "Project": "aegis"
            }
          },
          "sensitive_attributes": [],
          "identity_schema_version": 0,
          "private": "bnVsbA==",
          "dependencies": [
            "module.eks.data.aws_iam_policy_document.custom",
            "module.eks.data.aws_partition.current"
          ]
        }
      ]
    },
    {
      "module": "module.eks",
      "mode": "managed",
      "type": "aws_iam_role",
      "name": "this",
      "provider": "provider[\"registry.terraform.io/hashicorp/aws\"]",
      "instances": [
        {
          "index_key": 0,
          "schema_version": 0,
          "attributes": {
            "arn": "arn:aws:iam::567751785679:role/aegis-spoke-prod-cluster-20251005162701735700000008",
            "assume_role_policy": "{\"Statement\":[{\"Action\":[\"sts:TagSession\",\"sts:AssumeRole\"],\"Effect\":\"Allow\",\"Principal\":{\"Service\":\"eks.amazonaws.com\"},\"Sid\":\"EKSClusterAssumeRole\"}],\"Version\":\"2012-10-17\"}",
            "create_date": "2025-10-05T16:27:01Z",
            "description": "",
            "force_detach_policies": true,
            "id": "aegis-spoke-prod-cluster-20251005162701735700000008",
            "inline_policy": [],
            "managed_policy_arns": [
              "arn:aws:iam::567751785679:policy/aegis-spoke-prod-cluster-20251005162701566900000007",
              "arn:aws:iam::567751785679:policy/aegis-spoke-prod-cluster-ClusterEncryption20251005162726538500000017",
              "arn:aws:iam::aws:policy/AmazonEKSClusterPolicy",
              "arn:aws:iam::aws:policy/AmazonEKSVPCResourceController"
            ],
            "max_session_duration": 3600,
            "name": "aegis-spoke-prod-cluster-20251005162701735700000008",
            "name_prefix": "aegis-spoke-prod-cluster-",
            "path": "/",
            "permissions_boundary": "",
            "tags": {
              "Environment": "prod",
              "ManagedBy": "terraform",
              "Project": "aegis"
            },
            "tags_all": {
              "Environment": "prod",
              "ManagedBy": "terraform",
              "Project": "aegis"
            },
            "unique_id": "AROAYIMFEXTH6LAUQ4V4P"
          },
          "sensitive_attributes": [],
          "identity_schema_version": 0,
          "private": "bnVsbA==",
          "dependencies": [
            "module.eks.data.aws_iam_policy_document.assume_role_policy"
          ],
          "create_before_destroy": true
        }
      ]
    },
    {
      "module": "module.eks",
      "mode": "managed",
      "type": "aws_iam_role_policy_attachment",
      "name": "cluster_encryption",
      "provider": "provider[\"registry.terraform.io/hashicorp/aws\"]",
      "instances": [
        {
          "index_key": 0,
          "schema_version": 0,
          "attributes": {
            "id": "aegis-spoke-prod-cluster-20251005162701735700000008-20251005162726760700000018",
            "policy_arn": "arn:aws:iam::567751785679:policy/aegis-spoke-prod-cluster-ClusterEncryption20251005162726538500000017",
            "role": "aegis-spoke-prod-cluster-20251005162701735700000008"
          },
          "sensitive_attributes": [],
          "identity_schema_version": 0,
          "private": "bnVsbA==",
          "dependencies": [
            "module.eks.aws_iam_policy.cluster_encryption",
            "module.eks.aws_iam_role.this",
            "module.eks.data.aws_caller_identity.current",
            "module.eks.data.aws_iam_policy_document.assume_role_policy",
            "module.eks.data.aws_iam_session_context.current",
            "module.eks.module.kms.aws_kms_external_key.this",
            "module.eks.module.kms.aws_kms_key.this",
            "module.eks.module.kms.aws_kms_replica_external_key.this",
            "module.eks.module.kms.aws_kms_replica_key.this",
            "module.eks.module.kms.data.aws_caller_identity.current",
            "module.eks.module.kms.data.aws_iam_policy_document.this",
            "module.eks.module.kms.data.aws_partition.current"
          ]
        }
      ]
    },
    {
      "module": "module.eks",
      "mode": "managed",
      "type": "aws_iam_role_policy_attachment",
      "name": "custom",
      "provider": "provider[\"registry.terraform.io/hashicorp/aws\"]",
      "instances": [
        {
          "index_key": 0,
          "schema_version": 0,
          "attributes": {
            "id": "aegis-spoke-prod-cluster-20251005162701735700000008-2025100516270273880000000b",
            "policy_arn": "arn:aws:iam::567751785679:policy/aegis-spoke-prod-cluster-20251005162701566900000007",
            "role": "aegis-spoke-prod-cluster-20251005162701735700000008"
          },
          "sensitive_attributes": [],
          "identity_schema_version": 0,
          "private": "bnVsbA==",
          "dependencies": [
            "module.eks.aws_iam_policy.custom",
            "module.eks.aws_iam_role.this",
            "module.eks.data.aws_iam_policy_document.assume_role_policy",
            "module.eks.data.aws_iam_policy_document.custom",
            "module.eks.data.aws_partition.current"
          ]
        }
      ]
    },
    {
      "module": "module.eks",
      "mode": "managed",
      "type": "aws_iam_role_policy_attachment",
      "name": "this",
      "provider": "provider[\"registry.terraform.io/hashicorp/aws\"]",
      "instances": [
        {
          "index_key": "AmazonEKSClusterPolicy",
          "schema_version": 0,
          "attributes": {
            "id": "aegis-spoke-prod-cluster-20251005162701735700000008-2025100516270281000000000d",
            "policy_arn": "arn:aws:iam::aws:policy/AmazonEKSClusterPolicy",
            "role": "aegis-spoke-prod-cluster-20251005162701735700000008"
          },
          "sensitive_attributes": [],
          "identity_schema_version": 0,
          "private": "bnVsbA==",
          "dependencies": [
            "module.eks.aws_iam_role.this",
            "module.eks.data.aws_iam_policy_document.assume_role_policy",
            "module.eks.data.aws_partition.current"
          ],
          "create_before_destroy": true
        },
        {
          "index_key": "AmazonEKSVPCResourceController",
          "schema_version": 0,
          "attributes": {
            "id": "aegis-spoke-prod-cluster-20251005162701735700000008-2025100516270279260000000c",
            "policy_arn": "arn:aws:iam::aws:policy/AmazonEKSVPCResourceController",
            "role": "aegis-spoke-prod-cluster-20251005162701735700000008"
          },
          "sensitive_attributes": [],
          "identity_schema_version": 0,
          "private": "bnVsbA==",
          "dependencies": [
            "module.eks.aws_iam_role.this",
            "module.eks.data.aws_iam_policy_document.assume_role_policy",
            "module.eks.data.aws_partition.current"
          ],
          "create_before_destroy": true
        }
      ]
    },
    {
      "module": "module.eks",
      "mode": "managed",
      "type": "aws_security_group",
      "name": "cluster",
      "provider": "provider[\"registry.terraform.io/hashicorp/aws\"]",
      "instances": [
        {
          "index_key": 0,
          "schema_version": 1,
          "attributes": {
            "arn": "arn:aws:ec2:us-east-1:567751785679:security-group/sg-01fe2124b2beb0e61",
            "description": "EKS cluster security group",
            "egress": [],
            "id": "sg-01fe2124b2beb0e61",
            "ingress": [
              {
                "cidr_blocks": [],
                "description": "Node groups to cluster API",
                "from_port": 443,
                "ipv6_cidr_blocks": [],
                "prefix_list_ids": [],
                "protocol": "tcp",
                "security_groups": [
                  "sg-02f8d1ae16ce513a3"
                ],
                "self": false,
                "to_port": 443
              }
            ],
            "name": "aegis-spoke-prod-cluster-sg-20251005162701340200000002",
            "name_prefix": "aegis-spoke-prod-cluster-sg-",
            "owner_id": "567751785679",
            "revoke_rules_on_delete": false,
            "tags": {
              "Environment": "prod",
              "ManagedBy": "terraform",
              "Name": "aegis-spoke-prod-cluster-sg",
              "Project": "aegis"
            },
            "tags_all": {
              "Environment": "prod",
              "ManagedBy": "terraform",
              "Name": "aegis-spoke-prod-cluster-sg",
              "Project": "aegis"
            },
            "timeouts": null,
            "vpc_id": "vpc-0a4b821294f120863"
          },
          "sensitive_attributes": [],
          "identity_schema_version": 0,
          "private": "eyJlMmJmYjczMC1lY2FhLTExZTYtOGY4OC0zNDM2M2JjN2M0YzAiOnsiY3JlYXRlIjo2MDAwMDAwMDAwMDAsImRlbGV0ZSI6OTAwMDAwMDAwMDAwfSwic2NoZW1hX3ZlcnNpb24iOiIxIn0=",
          "dependencies": [
            "module.vpc.aws_vpc.this"
          ],
          "create_before_destroy": true
        }
      ]
    },
    {
      "module": "module.eks",
      "mode": "managed",
      "type": "aws_security_group",
      "name": "node",
      "provider": "provider[\"registry.terraform.io/hashicorp/aws\"]",
      "instances": [
        {
          "index_key": 0,
          "schema_version": 1,
          "attributes": {
            "arn": "arn:aws:ec2:us-east-1:567751785679:security-group/sg-02f8d1ae16ce513a3",
            "description": "EKS node shared security group",
            "egress": [
              {
                "cidr_blocks": [
                  "0.0.0.0/0"
                ],
                "description": "Allow all egress",
                "from_port": 0,
                "ipv6_cidr_blocks": [],
                "prefix_list_ids": [],
                "protocol": "-1",
                "security_groups": [],
                "self": false,
                "to_port": 0
              }
            ],
            "id": "sg-02f8d1ae16ce513a3",
            "ingress": [
              {
                "cidr_blocks": [],
                "description": "Cluster API to node 4443/tcp webhook",
                "from_port": 4443,
                "ipv6_cidr_blocks": [],
                "prefix_list_ids": [],
                "protocol": "tcp",
                "security_groups": [
                  "sg-01fe2124b2beb0e61"
                ],
                "self": false,
                "to_port": 4443
              },
              {
                "cidr_blocks": [],
                "description": "Cluster API to node 6443/tcp webhook",
                "from_port": 6443,
                "ipv6_cidr_blocks": [],
                "prefix_list_ids": [],
                "protocol": "tcp",
                "security_groups": [
                  "sg-01fe2124b2beb0e61"
                ],
                "self": false,
                "to_port": 6443
              },
              {
                "cidr_blocks": [],
                "description": "Cluster API to node 8443/tcp webhook",
                "from_port": 8443,
                "ipv6_cidr_blocks": [],
                "prefix_list_ids": [],
                "protocol": "tcp",
                "security_groups": [
                  "sg-01fe2124b2beb0e61"
                ],
                "self": false,
                "to_port": 8443
              },
              {
                "cidr_blocks": [],
                "description": "Cluster API to node 9443/tcp webhook",
                "from_port": 9443,
                "ipv6_cidr_blocks": [],
                "prefix_list_ids": [],
                "protocol": "tcp",
                "security_groups": [
                  "sg-01fe2124b2beb0e61"
                ],
                "self": false,
                "to_port": 9443
              },
              {
                "cidr_blocks": [],
                "description": "Cluster API to node groups",
                "from_port": 443,
                "ipv6_cidr_blocks": [],
                "prefix_list_ids": [],
                "protocol": "tcp",
                "security_groups": [
                  "sg-01fe2124b2beb0e61"
                ],
                "self": false,
                "to_port": 443
              },
              {
                "cidr_blocks": [],
                "description": "Cluster API to node kubelets",
                "from_port": 10250,
                "ipv6_cidr_blocks": [],
                "prefix_list_ids": [],
                "protocol": "tcp",
                "security_groups": [
                  "sg-01fe2124b2beb0e61"
                ],
                "self": false,
                "to_port": 10250
              },
              {
                "cidr_blocks": [],
                "description": "Node to node CoreDNS UDP",
                "from_port": 53,
                "ipv6_cidr_blocks": [],
                "prefix_list_ids": [],
                "protocol": "udp",
                "security_groups": [],
                "self": true,
                "to_port": 53
              },
              {
                "cidr_blocks": [],
                "description": "Node to node CoreDNS",
                "from_port": 53,
                "ipv6_cidr_blocks": [],
                "prefix_list_ids": [],
                "protocol": "tcp",
                "security_groups": [],
                "self": true,
                "to_port": 53
              },
              {
                "cidr_blocks": [],
                "description": "Node to node ingress on ephemeral ports",
                "from_port": 1025,
                "ipv6_cidr_blocks": [],
                "prefix_list_ids": [],
                "protocol": "tcp",
                "security_groups": [],
                "self": true,
                "to_port": 65535
              }
            ],
            "name": "aegis-spoke-prod-node-sg-20251005162701341000000003",
            "name_prefix": "aegis-spoke-prod-node-sg-",
            "owner_id": "567751785679",
            "revoke_rules_on_delete": false,
            "tags": {
              "Environment": "prod",
              "ManagedBy": "terraform",
              "Name": "aegis-spoke-prod-node-sg",
              "Project": "aegis",
              "kubernetes.io/cluster/aegis-spoke-prod": "owned"
            },
            "tags_all": {
              "Environment": "prod",
              "ManagedBy": "terraform",
              "Name": "aegis-spoke-prod-node-sg",
              "Project": "aegis",
              "kubernetes.io/cluster/aegis-spoke-prod": "owned"
            },
            "timeouts": null,
            "vpc_id": "vpc-0a4b821294f120863"
          },
          "sensitive_attributes": [],
          "identity_schema_version": 0,
          "private": "eyJlMmJmYjczMC1lY2FhLTExZTYtOGY4OC0zNDM2M2JjN2M0YzAiOnsiY3JlYXRlIjo2MDAwMDAwMDAwMDAsImRlbGV0ZSI6OTAwMDAwMDAwMDAwfSwic2NoZW1hX3ZlcnNpb24iOiIxIn0=",
          "dependencies": [
            "module.vpc.aws_vpc.this"
          ],
          "create_before_destroy": true
        }
      ]
    },
    {
      "module": "module.eks",
      "mode": "managed",
      "type": "aws_security_group_rule",
      "name": "cluster",
      "provider": "provider[\"registry.terraform.io/hashicorp/aws\"]",
      "instances": [
        {
          "index_key": "ingress_nodes_443",
          "schema_version": 2,
          "attributes": {
            "cidr_blocks": null,
            "description": "Node groups to cluster API",
            "from_port": 443,
            "id": "sgrule-3972024024",
            "ipv6_cidr_blocks": null,
            "prefix_list_ids": null,
            "protocol": "tcp",
            "security_group_id": "sg-01fe2124b2beb0e61",
            "security_group_rule_id": "sgr-0cfcc4fe0e6b857d9",
            "self": false,
            "source_security_group_id": "sg-02f8d1ae16ce513a3",
            "timeouts": null,
            "to_port": 443,
            "type": "ingress"
          },
          "sensitive_attributes": [],
          "identity_schema_version": 0,
          "private": "eyJlMmJmYjczMC1lY2FhLTExZTYtOGY4OC0zNDM2M2JjN2M0YzAiOnsiY3JlYXRlIjozMDAwMDAwMDAwMDB9LCJzY2hlbWFfdmVyc2lvbiI6IjIifQ==",
          "dependencies": [
            "module.eks.aws_security_group.cluster",
            "module.eks.aws_security_group.node",
            "module.vpc.aws_vpc.this"
          ],
          "create_before_destroy": true
        }
      ]
    },
    {
      "module": "module.eks",
      "mode": "managed",
      "type": "aws_security_group_rule",
      "name": "node",
      "provider": "provider[\"registry.terraform.io/hashicorp/aws\"]",
      "instances": [
        {
          "index_key": "egress_all",
          "schema_version": 2,
          "attributes": {
            "cidr_blocks": [
              "0.0.0.0/0"
            ],
            "description": "Allow all egress",
            "from_port": 0,
            "id": "sgrule-2166524783",
            "ipv6_cidr_blocks": null,
            "prefix_list_ids": [],
            "protocol": "-1",
            "security_group_id": "sg-02f8d1ae16ce513a3",
            "security_group_rule_id": "sgr-0a4456c768a5cdb77",
            "self": false,
            "source_security_group_id": null,
            "timeouts": null,
            "to_port": 0,
            "type": "egress"
          },
          "sensitive_attributes": [],
          "identity_schema_version": 0,
          "private": "eyJlMmJmYjczMC1lY2FhLTExZTYtOGY4OC0zNDM2M2JjN2M0YzAiOnsiY3JlYXRlIjozMDAwMDAwMDAwMDB9LCJzY2hlbWFfdmVyc2lvbiI6IjIifQ==",
          "dependencies": [
            "module.eks.aws_security_group.cluster",
            "module.eks.aws_security_group.node",
            "module.vpc.aws_vpc.this"
          ],
          "create_before_destroy": true
        },
        {
          "index_key": "ingress_cluster_443",
          "schema_version": 2,
          "attributes": {
            "cidr_blocks": null,
            "description": "Cluster API to node groups",
            "from_port": 443,
            "id": "sgrule-3926765878",
            "ipv6_cidr_blocks": null,
            "prefix_list_ids": [],
            "protocol": "tcp",
            "security_group_id": "sg-02f8d1ae16ce513a3",
            "security_group_rule_id": "sgr-0e407083d5bd691ed",
            "self": false,
            "source_security_group_id": "sg-01fe2124b2beb0e61",
            "timeouts": null,
            "to_port": 443,
            "type": "ingress"
          },
          "sensitive_attributes": [],
          "identity_schema_version": 0,
          "private": "eyJlMmJmYjczMC1lY2FhLTExZTYtOGY4OC0zNDM2M2JjN2M0YzAiOnsiY3JlYXRlIjozMDAwMDAwMDAwMDB9LCJzY2hlbWFfdmVyc2lvbiI6IjIifQ==",
          "dependencies": [
            "module.eks.aws_security_group.cluster",
            "module.eks.aws_security_group.node",
            "module.vpc.aws_vpc.this"
          ],
          "create_before_destroy": true
        },
        {
          "index_key": "ingress_cluster_4443_webhook",
          "schema_version": 2,
          "attributes": {
            "cidr_blocks": null,
            "description": "Cluster API to node 4443/tcp webhook",
            "from_port": 4443,
            "id": "sgrule-2187426425",
            "ipv6_cidr_blocks": null,
            "prefix_list_ids": [],
            "protocol": "tcp",
            "security_group_id": "sg-02f8d1ae16ce513a3",
            "security_group_rule_id": "sgr-0d5cd1a7e2ce60a1a",
            "self": false,
            "source_security_group_id": "sg-01fe2124b2beb0e61",
            "timeouts": null,
            "to_port": 4443,
            "type": "ingress"
          },
          "sensitive_attributes": [],
          "identity_schema_version": 0,
          "private": "eyJlMmJmYjczMC1lY2FhLTExZTYtOGY4OC0zNDM2M2JjN2M0YzAiOnsiY3JlYXRlIjozMDAwMDAwMDAwMDB9LCJzY2hlbWFfdmVyc2lvbiI6IjIifQ==",
          "dependencies": [
            "module.eks.aws_security_group.cluster",
            "module.eks.aws_security_group.node",
            "module.vpc.aws_vpc.this"
          ],
          "create_before_destroy": true
        },
        {
          "index_key": "ingress_cluster_6443_webhook",
          "schema_version": 2,
          "attributes": {
            "cidr_blocks": null,
            "description": "Cluster API to node 6443/tcp webhook",
            "from_port": 6443,
            "id": "sgrule-1260592623",
            "ipv6_cidr_blocks": null,
            "prefix_list_ids": [],
            "protocol": "tcp",
            "security_group_id": "sg-02f8d1ae16ce513a3",
            "security_group_rule_id": "sgr-00bc4b5b443889dbb",
            "self": false,
            "source_security_group_id": "sg-01fe2124b2beb0e61",
            "timeouts": null,
            "to_port": 6443,
            "type": "ingress"
          },
          "sensitive_attributes": [],
          "identity_schema_version": 0,
          "private": "eyJlMmJmYjczMC1lY2FhLTExZTYtOGY4OC0zNDM2M2JjN2M0YzAiOnsiY3JlYXRlIjozMDAwMDAwMDAwMDB9LCJzY2hlbWFfdmVyc2lvbiI6IjIifQ==",
          "dependencies": [
            "module.eks.aws_security_group.cluster",
            "module.eks.aws_security_group.node",
            "module.vpc.aws_vpc.this"
          ],
          "create_before_destroy": true
        },
        {
          "index_key": "ingress_cluster_8443_webhook",
          "schema_version": 2,
          "attributes": {
            "cidr_blocks": null,
            "description": "Cluster API to node 8443/tcp webhook",
            "from_port": 8443,
            "id": "sgrule-1484726734",
            "ipv6_cidr_blocks": null,
            "prefix_list_ids": [],
            "protocol": "tcp",
            "security_group_id": "sg-02f8d1ae16ce513a3",
            "security_group_rule_id": "sgr-09b12eeb11a03055d",
            "self": false,
            "source_security_group_id": "sg-01fe2124b2beb0e61",
            "timeouts": null,
            "to_port": 8443,
            "type": "ingress"
          },
          "sensitive_attributes": [],
          "identity_schema_version": 0,
          "private": "eyJlMmJmYjczMC1lY2FhLTExZTYtOGY4OC0zNDM2M2JjN2M0YzAiOnsiY3JlYXRlIjozMDAwMDAwMDAwMDB9LCJzY2hlbWFfdmVyc2lvbiI6IjIifQ==",
          "dependencies": [
            "module.eks.aws_security_group.cluster",
            "module.eks.aws_security_group.node",
            "module.vpc.aws_vpc.this"
          ],
          "create_before_destroy": true
        },
        {
          "index_key": "ingress_cluster_9443_webhook",
          "schema_version": 2,
          "attributes": {
            "cidr_blocks": null,
            "description": "Cluster API to node 9443/tcp webhook",
            "from_port": 9443,
            "id": "sgrule-1021186565",
            "ipv6_cidr_blocks": null,
            "prefix_list_ids": [],
            "protocol": "tcp",
            "security_group_id": "sg-02f8d1ae16ce513a3",
            "security_group_rule_id": "sgr-02cc8c40ee57b944d",
            "self": false,
            "source_security_group_id": "sg-01fe2124b2beb0e61",
            "timeouts": null,
            "to_port": 9443,
            "type": "ingress"
          },
          "sensitive_attributes": [],
          "identity_schema_version": 0,
          "private": "eyJlMmJmYjczMC1lY2FhLTExZTYtOGY4OC0zNDM2M2JjN2M0YzAiOnsiY3JlYXRlIjozMDAwMDAwMDAwMDB9LCJzY2hlbWFfdmVyc2lvbiI6IjIifQ==",
          "dependencies": [
            "module.eks.aws_security_group.cluster",
            "module.eks.aws_security_group.node",
            "module.vpc.aws_vpc.this"
          ],
          "create_before_destroy": true
        },
        {
          "index_key": "ingress_cluster_kubelet",
          "schema_version": 2,
          "attributes": {
            "cidr_blocks": null,
            "description": "Cluster API to node kubelets",
            "from_port": 10250,
            "id": "sgrule-1112575337",
            "ipv6_cidr_blocks": null,
            "prefix_list_ids": [],
            "protocol": "tcp",
            "security_group_id": "sg-02f8d1ae16ce513a3",
            "security_group_rule_id": "sgr-0dcd3fe4c1fff5e53",
            "self": false,
            "source_security_group_id": "sg-01fe2124b2beb0e61",
            "timeouts": null,
            "to_port": 10250,
            "type": "ingress"
          },
          "sensitive_attributes": [],
          "identity_schema_version": 0,
          "private": "eyJlMmJmYjczMC1lY2FhLTExZTYtOGY4OC0zNDM2M2JjN2M0YzAiOnsiY3JlYXRlIjozMDAwMDAwMDAwMDB9LCJzY2hlbWFfdmVyc2lvbiI6IjIifQ==",
          "dependencies": [
            "module.eks.aws_security_group.cluster",
            "module.eks.aws_security_group.node",
            "module.vpc.aws_vpc.this"
          ],
          "create_before_destroy": true
        },
        {
          "index_key": "ingress_nodes_ephemeral",
          "schema_version": 2,
          "attributes": {
            "cidr_blocks": null,
            "description": "Node to node ingress on ephemeral ports",
            "from_port": 1025,
            "id": "sgrule-2258789683",
            "ipv6_cidr_blocks": null,
            "prefix_list_ids": [],
            "protocol": "tcp",
            "security_group_id": "sg-02f8d1ae16ce513a3",
            "security_group_rule_id": "sgr-0c0bf862d40c74942",
            "self": true,
            "source_security_group_id": null,
            "timeouts": null,
            "to_port": 65535,
            "type": "ingress"
          },
          "sensitive_attributes": [],
          "identity_schema_version": 0,
          "private": "eyJlMmJmYjczMC1lY2FhLTExZTYtOGY4OC0zNDM2M2JjN2M0YzAiOnsiY3JlYXRlIjozMDAwMDAwMDAwMDB9LCJzY2hlbWFfdmVyc2lvbiI6IjIifQ==",
          "dependencies": [
            "module.eks.aws_security_group.cluster",
            "module.eks.aws_security_group.node",
            "module.vpc.aws_vpc.this"
          ],
          "create_before_destroy": true
        },
        {
          "index_key": "ingress_self_coredns_tcp",
          "schema_version": 2,
          "attributes": {
            "cidr_blocks": null,
            "description": "Node to node CoreDNS",
            "from_port": 53,
            "id": "sgrule-2760581403",
            "ipv6_cidr_blocks": null,
            "prefix_list_ids": [],
            "protocol": "tcp",
            "security_group_id": "sg-02f8d1ae16ce513a3",
            "security_group_rule_id": "sgr-0bc6b65e6b0655690",
            "self": true,
            "source_security_group_id": null,
            "timeouts": null,
            "to_port": 53,
            "type": "ingress"
          },
          "sensitive_attributes": [],
          "identity_schema_version": 0,
          "private": "eyJlMmJmYjczMC1lY2FhLTExZTYtOGY4OC0zNDM2M2JjN2M0YzAiOnsiY3JlYXRlIjozMDAwMDAwMDAwMDB9LCJzY2hlbWFfdmVyc2lvbiI6IjIifQ==",
          "dependencies": [
            "module.eks.aws_security_group.cluster",
            "module.eks.aws_security_group.node",
            "module.vpc.aws_vpc.this"
          ],
          "create_before_destroy": true
        },
        {
          "index_key": "ingress_self_coredns_udp",
          "schema_version": 2,
          "attributes": {
            "cidr_blocks": null,
            "description": "Node to node CoreDNS UDP",
            "from_port": 53,
            "id": "sgrule-13927156",
            "ipv6_cidr_blocks": null,
            "prefix_list_ids": [],
            "protocol": "udp",
            "security_group_id": "sg-02f8d1ae16ce513a3",
            "security_group_rule_id": "sgr-06c4dd8dbe94f24b8",
            "self": true,
            "source_security_group_id": null,
            "timeouts": null,
            "to_port": 53,
            "type": "ingress"
          },
          "sensitive_attributes": [],
          "identity_schema_version": 0,
          "private": "eyJlMmJmYjczMC1lY2FhLTExZTYtOGY4OC0zNDM2M2JjN2M0YzAiOnsiY3JlYXRlIjozMDAwMDAwMDAwMDB9LCJzY2hlbWFfdmVyc2lvbiI6IjIifQ==",
          "dependencies": [
            "module.eks.aws_security_group.cluster",
            "module.eks.aws_security_group.node",
            "module.vpc.aws_vpc.this"
          ],
          "create_before_destroy": true
        }
      ]
    },
    {
      "module": "module.eks",
      "mode": "managed",
      "type": "time_sleep",
      "name": "this",
      "provider": "provider[\"registry.terraform.io/hashicorp/time\"]",
      "instances": [
        {
          "index_key": 0,
          "schema_version": 0,
          "attributes": {
            "create_duration": "30s",
            "destroy_duration": null,
            "id": "2025-10-05T16:37:50Z",
            "triggers": {
              "cluster_certificate_authority_data": "LS0tLS1CRUdJTiBDRVJUSUZJQ0FURS0tLS0tCk1JSURCVENDQWUyZ0F3SUJBZ0lJWWdYcm9pUWdxcVV3RFFZSktvWklodmNOQVFFTEJRQXdGVEVUTUJFR0ExVUUKQXhNS2EzVmlaWEp1WlhSbGN6QWVGdzB5TlRFd01EVXhOakk0TWpsYUZ3MHpOVEV3TURNeE5qTXpNamxhTUJVeApFekFSQmdOVkJBTVRDbXQxWW1WeWJtVjBaWE13Z2dFaU1BMEdDU3FHU0liM0RRRUJBUVVBQTRJQkR3QXdnZ0VLCkFvSUJBUUNtWDB1MVVaQ1ljTjlydnNUdWVvajhVb1drY2ZoUUczQkFWYmlmVkRNMDFldWgrYkpNQzZXUHdOS1kKVzB1MGlZTHNHdHJzdzAvclYyK1IrTlJ2TG15SUp0MDhmK2h1azl1ZFdwcWxyTVA1c1VOZ05wUG4vdWthQkJHcQo0aWt2d28zNjI4N1BDRUlBTzE2M01RWE8rUndOQzllMDFuTkkzeHJzQVl5ZzVUUkJ3TGxDN2gxNWl2bGR5YndrCjB3SVl2eEVvUnM2SVJDZ3dwYzlhQmRQbStqb1R3b2NPSG9STXA0d21HNTg5SXk2bnJjZC9WQm5GVXdEVWN0WnEKZnpBU0I5cDM4S25iNHV4Z1RrTGlHVTVIVE9NWnBTT292Z2hWdXROd3NwRWc1MXRmMHlHSnZnWFlaNEltMmE0Vgo0MjJ6Y2lFQ1NDY2c3VGxVUC9sRXRaWDlJeW1mQWdNQkFBR2pXVEJYTUE0R0ExVWREd0VCL3dRRUF3SUNwREFQCkJnTlZIUk1CQWY4RUJUQURBUUgvTUIwR0ExVWREZ1FXQkJRSlVuNGFWMU9rb3RzRTRnb0dNek16ZzB2OGxEQVYKQmdOVkhSRUVEakFNZ2dwcmRXSmxjbTVsZEdWek1BMEdDU3FHU0liM0RRRUJDd1VBQTRJQkFRQ1p0SGgvdnFoawpTb1NNUThCdUErT0pPZU1tbndram8zOU9vWDdpR2d4OFpHcWphRWJWKy9uZ3MvQ3Aram1vbU5QLzYwcjY5K0V4CldJNFdwZy82ZC82dElSSWdZa0h1M2R2UHpNdlVod3BHaHFJek1EYkVLQ1M2dHBmUmxpSVkzcG83anB6SDZzZ00KUWJtSC9CWlNXaXV0c3lHWnl4QStjd3p6L1VrbC9xcm1ETkZPeTlkeEx1LzF2K280VnFtbHpJV08xME1qVDh0Rwp4dHpOZ2VqZldkSnNkWWxSTlVLNHlvN2FRZVNWVnpaSXljMVFWM0NzckdiQmxvS1ZVcVpMenpkZ0N5K3pBcXVsCmFUNDN4Sy9TNU5ZRDJQbFVYZHBBTFZQM3dsQUVFeC9qS0tMQnM2emRyUk1wU0kvcEtiNjRxZWMzMGFjL0IrWSsKOXBOZ04vTnlJaFpFCi0tLS0tRU5EIENFUlRJRklDQVRFLS0tLS0K",
              "cluster_endpoint": "https://1E694418DA0B464F8519D6DC2E448AAF.gr7.us-east-1.eks.amazonaws.com",
              "cluster_name": "aegis-spoke-prod",
              "cluster_service_cidr": "172.20.0.0/16",
              "cluster_version": "1.32"
            }
          },
          "sensitive_attributes": [],
          "identity_schema_version": 0,
          "dependencies": [
            "data.aws_availability_zones.available",
            "module.eks.aws_cloudwatch_log_group.this",
            "module.eks.aws_eks_cluster.this",
            "module.eks.aws_iam_policy.cni_ipv6_policy",
            "module.eks.aws_iam_role.eks_auto",
            "module.eks.aws_iam_role.this",
            "module.eks.aws_iam_role_policy_attachment.this",
            "module.eks.aws_security_group.cluster",
            "module.eks.aws_security_group.node",
            "module.eks.aws_security_group_rule.cluster",
            "module.eks.aws_security_group_rule.node",
            "module.eks.data.aws_caller_identity.current",
            "module.eks.data.aws_iam_policy_document.assume_role_policy",
            "module.eks.data.aws_iam_policy_document.cni_ipv6_policy",
            "module.eks.data.aws_iam_policy_document.node_assume_role_policy",
            "module.eks.data.aws_iam_session_context.current",
            "module.eks.data.aws_partition.current",
            "module.eks.module.kms.aws_kms_external_key.this",
            "module.eks.module.kms.aws_kms_key.this",
            "module.eks.module.kms.aws_kms_replica_external_key.this",
            "module.eks.module.kms.aws_kms_replica_key.this",
            "module.eks.module.kms.data.aws_caller_identity.current",
            "module.eks.module.kms.data.aws_iam_policy_document.this",
            "module.eks.module.kms.data.aws_partition.current",
            "module.vpc.aws_subnet.private",
            "module.vpc.aws_vpc.this",
            "module.vpc.aws_vpc_ipv4_cidr_block_association.this"
          ],
          "create_before_destroy": true
        }
      ]
    },
    {
      "module": "module.eks.module.eks_managed_node_group[\"cpu_workers\"]",
      "mode": "data",
      "type": "aws_caller_identity",
      "name": "current",
      "provider": "provider[\"registry.terraform.io/hashicorp/aws\"]",
      "instances": [
        {
          "schema_version": 0,
          "attributes": {
            "account_id": "567751785679",
            "arn": "arn:aws:iam::567751785679:root",
            "id": "567751785679",
            "user_id": "567751785679"
          },
          "sensitive_attributes": [],
          "identity_schema_version": 0
        }
      ]
    },
    {
      "module": "module.eks.module.eks_managed_node_group[\"cpu_workers\"]",
      "mode": "data",
      "type": "aws_iam_policy_document",
      "name": "assume_role_policy",
      "provider": "provider[\"registry.terraform.io/hashicorp/aws\"]",
      "instances": [
        {
          "index_key": 0,
          "schema_version": 0,
          "attributes": {
            "id": "2560088296",
            "json": "{\n  \"Version\": \"2012-10-17\",\n  \"Statement\": [\n    {\n      \"Sid\": \"EKSNodeAssumeRole\",\n      \"Effect\": \"Allow\",\n      \"Action\": \"sts:AssumeRole\",\n      \"Principal\": {\n        \"Service\": \"ec2.amazonaws.com\"\n      }\n    }\n  ]\n}",
            "minified_json": "{\"Version\":\"2012-10-17\",\"Statement\":[{\"Sid\":\"EKSNodeAssumeRole\",\"Effect\":\"Allow\",\"Action\":\"sts:AssumeRole\",\"Principal\":{\"Service\":\"ec2.amazonaws.com\"}}]}",
            "override_json": null,
            "override_policy_documents": null,
            "policy_id": null,
            "source_json": null,
            "source_policy_documents": null,
            "statement": [
              {
                "actions": [
                  "sts:AssumeRole"
                ],
                "condition": [],
                "effect": "Allow",
                "not_actions": [],
                "not_principals": [],
                "not_resources": [],
                "principals": [
                  {
                    "identifiers": [
                      "ec2.amazonaws.com"
                    ],
                    "type": "Service"
                  }
                ],
                "resources": [],
                "sid": "EKSNodeAssumeRole"
              }
            ],
            "version": "2012-10-17"
          },
          "sensitive_attributes": [],
          "identity_schema_version": 0
        }
      ]
    },
    {
      "module": "module.eks.module.eks_managed_node_group[\"cpu_workers\"]",
      "mode": "data",
      "type": "aws_partition",
      "name": "current",
      "provider": "provider[\"registry.terraform.io/hashicorp/aws\"]",
      "instances": [
        {
          "schema_version": 0,
          "attributes": {
            "dns_suffix": "amazonaws.com",
            "id": "aws",
            "partition": "aws",
            "reverse_dns_prefix": "com.amazonaws"
          },
          "sensitive_attributes": [],
          "identity_schema_version": 0
        }
      ]
    },
    {
      "module": "module.eks.module.eks_managed_node_group[\"cpu_workers\"]",
      "mode": "managed",
      "type": "aws_eks_node_group",
      "name": "this",
      "provider": "provider[\"registry.terraform.io/hashicorp/aws\"]",
      "instances": [
        {
          "index_key": 0,
          "schema_version": 0,
          "attributes": {
            "ami_type": "AL2_x86_64",
            "arn": "arn:aws:eks:us-east-1:567751785679:nodegroup/aegis-spoke-prod/cpu-workers-2025100516375658850000001d/32ccda9e-569b-330b-7dab-b165be3c3b49",
            "capacity_type": "SPOT",
            "cluster_name": "aegis-spoke-prod",
            "disk_size": 0,
            "force_update_version": null,
            "id": "aegis-spoke-prod:cpu-workers-2025100516375658850000001d",
            "instance_types": [
              "t3.medium"
            ],
            "labels": {
              "Environment": "prod",
              "NodeType": "cpu-worker"
            },
            "launch_template": [
              {
                "id": "lt-05cbd04729a2edc2e",
                "name": "aegis-spoke-prod-cpu-workers-20251005163751035300000019",
                "version": "1"
              }
            ],
            "node_group_name": "cpu-workers-2025100516375658850000001d",
            "node_group_name_prefix": "cpu-workers-",
            "node_repair_config": [],
            "node_role_arn": "arn:aws:iam::567751785679:role/cpu-workers-eks-node-group-2025100516270648410000000f",
            "release_version": "1.32.9-20250920",
            "remote_access": [],
            "resources": [
              {
                "autoscaling_groups": [
                  {
                    "name": "eks-cpu-workers-2025100516375658850000001d-32ccda9e-569b-330b-7dab-b165be3c3b49"
                  }
                ],
                "remote_access_security_group_id": ""
              }
            ],
            "scaling_config": [
              {
                "desired_size": 2,
                "max_size": 3,
                "min_size": 1
              }
            ],
            "status": "ACTIVE",
            "subnet_ids": [
              "subnet-05b8d47245ce869fe",
              "subnet-08682c075a16ef93b",
              "subnet-0f4cbcc23979e4b94"
            ],
            "tags": {
              "Environment": "prod",
              "ManagedBy": "terraform",
              "Name": "cpu-workers",
              "Project": "aegis"
            },
            "tags_all": {
              "Environment": "prod",
              "ManagedBy": "terraform",
              "Name": "cpu-workers",
              "Project": "aegis"
            },
            "taint": [],
            "timeouts": {
              "create": null,
              "delete": null,
              "update": null
            },
            "update_config": [
              {
                "max_unavailable": 0,
                "max_unavailable_percentage": 33
              }
            ],
            "version": "1.32"
          },
          "sensitive_attributes": [],
          "identity_schema_version": 0,
          "private": "eyJlMmJmYjczMC1lY2FhLTExZTYtOGY4OC0zNDM2M2JjN2M0YzAiOnsiY3JlYXRlIjozNjAwMDAwMDAwMDAwLCJkZWxldGUiOjM2MDAwMDAwMDAwMDAsInVwZGF0ZSI6MzYwMDAwMDAwMDAwMH19",
          "dependencies": [
            "aws_security_group.eks_nodes",
            "data.aws_availability_zones.available",
            "module.eks.aws_cloudwatch_log_group.this",
            "module.eks.aws_eks_cluster.this",
            "module.eks.aws_iam_policy.cni_ipv6_policy",
            "module.eks.aws_iam_role.eks_auto",
            "module.eks.aws_iam_role.this",
            "module.eks.aws_iam_role_policy_attachment.this",
            "module.eks.aws_security_group.cluster",
            "module.eks.aws_security_group.node",
            "module.eks.aws_security_group_rule.cluster",
            "module.eks.aws_security_group_rule.node",
            "module.eks.data.aws_caller_identity.current",
            "module.eks.data.aws_iam_policy_document.assume_role_policy",
            "module.eks.data.aws_iam_policy_document.cni_ipv6_policy",
            "module.eks.data.aws_iam_policy_document.node_assume_role_policy",
            "module.eks.data.aws_iam_session_context.current",
            "module.eks.data.aws_partition.current",
            "module.eks.module.eks_managed_node_group.aws_iam_role.this",
            "module.eks.module.eks_managed_node_group.aws_iam_role_policy_attachment.additional",
            "module.eks.module.eks_managed_node_group.aws_iam_role_policy_attachment.this",
            "module.eks.module.eks_managed_node_group.aws_launch_template.this",
            "module.eks.module.eks_managed_node_group.aws_placement_group.this",
            "module.eks.module.eks_managed_node_group.data.aws_caller_identity.current",
            "module.eks.module.eks_managed_node_group.data.aws_ec2_instance_type.this",
            "module.eks.module.eks_managed_node_group.data.aws_ec2_instance_type_offerings.this",
            "module.eks.module.eks_managed_node_group.data.aws_iam_policy_document.assume_role_policy",
            "module.eks.module.eks_managed_node_group.data.aws_partition.current",
            "module.eks.module.eks_managed_node_group.data.aws_ssm_parameter.ami",
            "module.eks.module.eks_managed_node_group.data.aws_subnets.placement_group",
            "module.eks.module.eks_managed_node_group.module.user_data.data.cloudinit_config.al2023_eks_managed_node_group",
            "module.eks.module.eks_managed_node_group.module.user_data.data.cloudinit_config.linux_eks_managed_node_group",
            "module.eks.module.kms.aws_kms_external_key.this",
            "module.eks.module.kms.aws_kms_key.this",
            "module.eks.module.kms.aws_kms_replica_external_key.this",
            "module.eks.module.kms.aws_kms_replica_key.this",
            "module.eks.module.kms.data.aws_caller_identity.current",
            "module.eks.module.kms.data.aws_iam_policy_document.this",
            "module.eks.module.kms.data.aws_partition.current",
            "module.eks.time_sleep.this",
            "module.vpc.aws_subnet.private",
            "module.vpc.aws_vpc.this",
            "module.vpc.aws_vpc_ipv4_cidr_block_association.this"
          ],
          "create_before_destroy": true
        }
      ]
    },
    {
      "module": "module.eks.module.eks_managed_node_group[\"cpu_workers\"]",
      "mode": "managed",
      "type": "aws_iam_role",
      "name": "this",
      "provider": "provider[\"registry.terraform.io/hashicorp/aws\"]",
      "instances": [
        {
          "index_key": 0,
          "schema_version": 0,
          "attributes": {
            "arn": "arn:aws:iam::567751785679:role/cpu-workers-eks-node-group-2025100516270648410000000f",
            "assume_role_policy": "{\"Statement\":[{\"Action\":\"sts:AssumeRole\",\"Effect\":\"Allow\",\"Principal\":{\"Service\":\"ec2.amazonaws.com\"},\"Sid\":\"EKSNodeAssumeRole\"}],\"Version\":\"2012-10-17\"}",
            "create_date": "2025-10-05T16:27:06Z",
            "description": "EKS managed node group IAM role",
            "force_detach_policies": true,
            "id": "cpu-workers-eks-node-group-2025100516270648410000000f",
            "inline_policy": [],
            "managed_policy_arns": [
              "arn:aws:iam::aws:policy/AmazonEC2ContainerRegistryReadOnly",
              "arn:aws:iam::aws:policy/AmazonEKSWorkerNodePolicy",
              "arn:aws:iam::aws:policy/AmazonEKS_CNI_Policy"
            ],
            "max_session_duration": 3600,
            "name": "cpu-workers-eks-node-group-2025100516270648410000000f",
            "name_prefix": "cpu-workers-eks-node-group-",
            "path": "/",
            "permissions_boundary": "",
            "tags": {
              "Environment": "prod",
              "ManagedBy": "terraform",
              "Name": "aegis-spoke-prod-cpu-workers",
              "Project": "aegis"
            },
            "tags_all": {
              "Environment": "prod",
              "ManagedBy": "terraform",
              "Name": "aegis-spoke-prod-cpu-workers",
              "Project": "aegis"
            },
            "unique_id": "AROAYIMFEXTH2MANURQMG"
          },
          "sensitive_attributes": [],
          "identity_schema_version": 0,
          "private": "bnVsbA==",
          "dependencies": [
            "aws_security_group.eks_nodes",
            "data.aws_availability_zones.available",
            "module.eks.module.eks_managed_node_group.data.aws_iam_policy_document.assume_role_policy",
            "module.vpc.aws_subnet.private",
            "module.vpc.aws_vpc.this",
            "module.vpc.aws_vpc_ipv4_cidr_block_association.this"
          ],
          "create_before_destroy": true
        }
      ]
    },
    {
      "module": "module.eks.module.eks_managed_node_group[\"cpu_workers\"]",
      "mode": "managed",
      "type": "aws_iam_role_policy_attachment",
      "name": "this",
      "provider": "provider[\"registry.terraform.io/hashicorp/aws\"]",
      "instances": [
        {
          "index_key": "AmazonEC2ContainerRegistryReadOnly",
          "schema_version": 0,
          "attributes": {
            "id": "cpu-workers-eks-node-group-2025100516270648410000000f-20251005162706722300000011",
            "policy_arn": "arn:aws:iam::aws:policy/AmazonEC2ContainerRegistryReadOnly",
            "role": "cpu-workers-eks-node-group-2025100516270648410000000f"
          },
          "sensitive_attributes": [],
          "identity_schema_version": 0,
          "private": "bnVsbA==",
          "dependencies": [
            "aws_security_group.eks_nodes",
            "data.aws_availability_zones.available",
            "module.eks.module.eks_managed_node_group.aws_iam_role.this",
            "module.eks.module.eks_managed_node_group.data.aws_caller_identity.current",
            "module.eks.module.eks_managed_node_group.data.aws_iam_policy_document.assume_role_policy",
            "module.eks.module.eks_managed_node_group.data.aws_partition.current",
            "module.vpc.aws_subnet.private",
            "module.vpc.aws_vpc.this",
            "module.vpc.aws_vpc_ipv4_cidr_block_association.this"
          ],
          "create_before_destroy": true
        },
        {
          "index_key": "AmazonEKSWorkerNodePolicy",
          "schema_version": 0,
          "attributes": {
            "id": "cpu-workers-eks-node-group-2025100516270648410000000f-20251005162706904600000015",
            "policy_arn": "arn:aws:iam::aws:policy/AmazonEKSWorkerNodePolicy",
            "role": "cpu-workers-eks-node-group-2025100516270648410000000f"
          },
          "sensitive_attributes": [],
          "identity_schema_version": 0,
          "private": "bnVsbA==",
          "dependencies": [
            "aws_security_group.eks_nodes",
            "data.aws_availability_zones.available",
            "module.eks.module.eks_managed_node_group.aws_iam_role.this",
            "module.eks.module.eks_managed_node_group.data.aws_caller_identity.current",
            "module.eks.module.eks_managed_node_group.data.aws_iam_policy_document.assume_role_policy",
            "module.eks.module.eks_managed_node_group.data.aws_partition.current",
            "module.vpc.aws_subnet.private",
            "module.vpc.aws_vpc.this",
            "module.vpc.aws_vpc_ipv4_cidr_block_association.this"
          ],
          "create_before_destroy": true
        },
        {
          "index_key": "AmazonEKS_CNI_Policy",
          "schema_version": 0,
          "attributes": {
            "id": "cpu-workers-eks-node-group-2025100516270648410000000f-20251005162706946000000016",
            "policy_arn": "arn:aws:iam::aws:policy/AmazonEKS_CNI_Policy",
            "role": "cpu-workers-eks-node-group-2025100516270648410000000f"
          },
          "sensitive_attributes": [],
          "identity_schema_version": 0,
          "private": "bnVsbA==",
          "dependencies": [
            "aws_security_group.eks_nodes",
            "data.aws_availability_zones.available",
            "module.eks.module.eks_managed_node_group.aws_iam_role.this",
            "module.eks.module.eks_managed_node_group.data.aws_caller_identity.current",
            "module.eks.module.eks_managed_node_group.data.aws_iam_policy_document.assume_role_policy",
            "module.eks.module.eks_managed_node_group.data.aws_partition.current",
            "module.vpc.aws_subnet.private",
            "module.vpc.aws_vpc.this",
            "module.vpc.aws_vpc_ipv4_cidr_block_association.this"
          ],
          "create_before_destroy": true
        }
      ]
    },
    {
      "module": "module.eks.module.eks_managed_node_group[\"cpu_workers\"]",
      "mode": "managed",
      "type": "aws_launch_template",
      "name": "this",
      "provider": "provider[\"registry.terraform.io/hashicorp/aws\"]",
      "instances": [
        {
          "index_key": 0,
          "schema_version": 0,
          "attributes": {
            "arn": "arn:aws:ec2:us-east-1:567751785679:launch-template/lt-05cbd04729a2edc2e",
            "block_device_mappings": [],
            "capacity_reservation_specification": [],
            "cpu_options": [],
            "credit_specification": [],
            "default_version": 1,
            "description": "Custom launch template for cpu-workers EKS managed node group",
            "disable_api_stop": false,
            "disable_api_termination": false,
            "ebs_optimized": "",
            "elastic_gpu_specifications": [],
            "elastic_inference_accelerator": [],
            "enclave_options": [],
            "hibernation_options": [],
            "iam_instance_profile": [],
            "id": "lt-05cbd04729a2edc2e",
            "image_id": "",
            "instance_initiated_shutdown_behavior": "",
            "instance_market_options": [],
            "instance_requirements": [],
            "instance_type": "",
            "kernel_id": "",
            "key_name": "",
            "latest_version": 1,
            "license_specification": [],
            "maintenance_options": [],
            "metadata_options": [
              {
                "http_endpoint": "enabled",
                "http_protocol_ipv6": "",
                "http_put_response_hop_limit": 2,
                "http_tokens": "required",
                "instance_metadata_tags": ""
              }
            ],
            "monitoring": [
              {
                "enabled": true
              }
            ],
            "name": "aegis-spoke-prod-cpu-workers-20251005163751035300000019",
            "name_prefix": "aegis-spoke-prod-cpu-workers-",
            "network_interfaces": [],
            "placement": [],
            "private_dns_name_options": [],
            "ram_disk_id": "",
            "security_group_names": [],
            "tag_specifications": [
              {
                "resource_type": "instance",
                "tags": {
                  "Environment": "prod",
                  "ManagedBy": "terraform",
                  "Name": "cpu-workers",
                  "Project": "aegis"
                }
              },
              {
                "resource_type": "network-interface",
                "tags": {
                  "Environment": "prod",
                  "ManagedBy": "terraform",
                  "Name": "cpu-workers",
                  "Project": "aegis"
                }
              },
              {
                "resource_type": "volume",
                "tags": {
                  "Environment": "prod",
                  "ManagedBy": "terraform",
                  "Name": "cpu-workers",
                  "Project": "aegis"
                }
              }
            ],
            "tags": {
              "Environment": "prod",
              "ManagedBy": "terraform",
              "Name": "aegis-spoke-prod-cpu-workers",
              "Project": "aegis"
            },
            "tags_all": {
              "Environment": "prod",
              "ManagedBy": "terraform",
              "Name": "aegis-spoke-prod-cpu-workers",
              "Project": "aegis"
            },
            "update_default_version": true,
            "user_data": "",
            "vpc_security_group_ids": [
              "sg-02f8d1ae16ce513a3",
              "sg-0a204c4c6e75b8746"
            ]
          },
          "sensitive_attributes": [],
          "identity_schema_version": 0,
          "private": "bnVsbA==",
          "dependencies": [
            "aws_security_group.eks_nodes",
            "data.aws_availability_zones.available",
            "module.eks.aws_cloudwatch_log_group.this",
            "module.eks.aws_eks_cluster.this",
            "module.eks.aws_iam_policy.cni_ipv6_policy",
            "module.eks.aws_iam_role.eks_auto",
            "module.eks.aws_iam_role.this",
            "module.eks.aws_iam_role_policy_attachment.this",
            "module.eks.aws_security_group.cluster",
            "module.eks.aws_security_group.node",
            "module.eks.aws_security_group_rule.cluster",
            "module.eks.aws_security_group_rule.node",
            "module.eks.data.aws_caller_identity.current",
            "module.eks.data.aws_iam_policy_document.assume_role_policy",
            "module.eks.data.aws_iam_policy_document.cni_ipv6_policy",
            "module.eks.data.aws_iam_policy_document.node_assume_role_policy",
            "module.eks.data.aws_iam_session_context.current",
            "module.eks.data.aws_partition.current",
            "module.eks.module.eks_managed_node_group.aws_iam_role.this",
            "module.eks.module.eks_managed_node_group.aws_iam_role_policy_attachment.additional",
            "module.eks.module.eks_managed_node_group.aws_iam_role_policy_attachment.this",
            "module.eks.module.eks_managed_node_group.aws_placement_group.this",
            "module.eks.module.eks_managed_node_group.data.aws_caller_identity.current",
            "module.eks.module.eks_managed_node_group.data.aws_ec2_instance_type.this",
            "module.eks.module.eks_managed_node_group.data.aws_iam_policy_document.assume_role_policy",
            "module.eks.module.eks_managed_node_group.data.aws_partition.current",
            "module.eks.module.eks_managed_node_group.module.user_data.data.cloudinit_config.al2023_eks_managed_node_group",
            "module.eks.module.eks_managed_node_group.module.user_data.data.cloudinit_config.linux_eks_managed_node_group",
            "module.eks.module.kms.aws_kms_external_key.this",
            "module.eks.module.kms.aws_kms_key.this",
            "module.eks.module.kms.aws_kms_replica_external_key.this",
            "module.eks.module.kms.aws_kms_replica_key.this",
            "module.eks.module.kms.data.aws_caller_identity.current",
            "module.eks.module.kms.data.aws_iam_policy_document.this",
            "module.eks.module.kms.data.aws_partition.current",
            "module.eks.time_sleep.this",
            "module.vpc.aws_subnet.private",
            "module.vpc.aws_vpc.this",
            "module.vpc.aws_vpc_ipv4_cidr_block_association.this"
          ],
          "create_before_destroy": true
        }
      ]
    },
    {
      "module": "module.eks.module.eks_managed_node_group[\"cpu_workers\"].module.user_data",
      "mode": "managed",
      "type": "null_resource",
      "name": "validate_cluster_service_cidr",
      "provider": "provider[\"registry.terraform.io/hashicorp/null\"]",
      "instances": [
        {
          "schema_version": 0,
          "attributes": {
            "id": "8230725385491942680",
            "triggers": null
          },
          "sensitive_attributes": [],
          "identity_schema_version": 0,
          "dependencies": [
            "aws_security_group.eks_nodes",
            "data.aws_availability_zones.available",
            "module.eks.aws_cloudwatch_log_group.this",
            "module.eks.aws_eks_cluster.this",
            "module.eks.aws_iam_policy.cni_ipv6_policy",
            "module.eks.aws_iam_role.eks_auto",
            "module.eks.aws_iam_role.this",
            "module.eks.aws_iam_role_policy_attachment.this",
            "module.eks.aws_security_group.cluster",
            "module.eks.aws_security_group.node",
            "module.eks.aws_security_group_rule.cluster",
            "module.eks.aws_security_group_rule.node",
            "module.eks.data.aws_caller_identity.current",
            "module.eks.data.aws_iam_policy_document.assume_role_policy",
            "module.eks.data.aws_iam_policy_document.cni_ipv6_policy",
            "module.eks.data.aws_iam_policy_document.node_assume_role_policy",
            "module.eks.data.aws_iam_session_context.current",
            "module.eks.data.aws_partition.current",
            "module.eks.module.kms.aws_kms_external_key.this",
            "module.eks.module.kms.aws_kms_key.this",
            "module.eks.module.kms.aws_kms_replica_external_key.this",
            "module.eks.module.kms.aws_kms_replica_key.this",
            "module.eks.module.kms.data.aws_caller_identity.current",
            "module.eks.module.kms.data.aws_iam_policy_document.this",
            "module.eks.module.kms.data.aws_partition.current",
            "module.eks.time_sleep.this",
            "module.vpc.aws_subnet.private",
            "module.vpc.aws_vpc.this",
            "module.vpc.aws_vpc_ipv4_cidr_block_association.this"
          ]
        }
      ]
    },
    {
      "module": "module.eks.module.eks_managed_node_group[\"gpu_workers\"]",
      "mode": "data",
      "type": "aws_caller_identity",
      "name": "current",
      "provider": "provider[\"registry.terraform.io/hashicorp/aws\"]",
      "instances": [
        {
          "schema_version": 0,
          "attributes": {
            "account_id": "567751785679",
            "arn": "arn:aws:iam::567751785679:root",
            "id": "567751785679",
            "user_id": "567751785679"
          },
          "sensitive_attributes": [],
          "identity_schema_version": 0
        }
      ]
    },
    {
      "module": "module.eks.module.eks_managed_node_group[\"gpu_workers\"]",
      "mode": "data",
      "type": "aws_iam_policy_document",
      "name": "assume_role_policy",
      "provider": "provider[\"registry.terraform.io/hashicorp/aws\"]",
      "instances": [
        {
          "index_key": 0,
          "schema_version": 0,
          "attributes": {
            "id": "2560088296",
            "json": "{\n  \"Version\": \"2012-10-17\",\n  \"Statement\": [\n    {\n      \"Sid\": \"EKSNodeAssumeRole\",\n      \"Effect\": \"Allow\",\n      \"Action\": \"sts:AssumeRole\",\n      \"Principal\": {\n        \"Service\": \"ec2.amazonaws.com\"\n      }\n    }\n  ]\n}",
            "minified_json": "{\"Version\":\"2012-10-17\",\"Statement\":[{\"Sid\":\"EKSNodeAssumeRole\",\"Effect\":\"Allow\",\"Action\":\"sts:AssumeRole\",\"Principal\":{\"Service\":\"ec2.amazonaws.com\"}}]}",
            "override_json": null,
            "override_policy_documents": null,
            "policy_id": null,
            "source_json": null,
            "source_policy_documents": null,
            "statement": [
              {
                "actions": [
                  "sts:AssumeRole"
                ],
                "condition": [],
                "effect": "Allow",
                "not_actions": [],
                "not_principals": [],
                "not_resources": [],
                "principals": [
                  {
                    "identifiers": [
                      "ec2.amazonaws.com"
                    ],
                    "type": "Service"
                  }
                ],
                "resources": [],
                "sid": "EKSNodeAssumeRole"
              }
            ],
            "version": "2012-10-17"
          },
          "sensitive_attributes": [],
          "identity_schema_version": 0
        }
      ]
    },
    {
      "module": "module.eks.module.eks_managed_node_group[\"gpu_workers\"]",
      "mode": "data",
      "type": "aws_partition",
      "name": "current",
      "provider": "provider[\"registry.terraform.io/hashicorp/aws\"]",
      "instances": [
        {
          "schema_version": 0,
          "attributes": {
            "dns_suffix": "amazonaws.com",
            "id": "aws",
            "partition": "aws",
            "reverse_dns_prefix": "com.amazonaws"
          },
          "sensitive_attributes": [],
          "identity_schema_version": 0
        }
      ]
    },
    {
      "module": "module.eks.module.eks_managed_node_group[\"gpu_workers\"]",
      "mode": "managed",
      "type": "aws_eks_node_group",
      "name": "this",
      "provider": "provider[\"registry.terraform.io/hashicorp/aws\"]",
      "instances": [
        {
          "index_key": 0,
          "schema_version": 0,
          "attributes": {
            "ami_type": "AL2_x86_64_GPU",
            "arn": "arn:aws:eks:us-east-1:567751785679:nodegroup/aegis-spoke-prod/gpu-workers-g4-2025100516375658850000001f/00ccda9e-569a-1262-8dfb-de2f0be63d61",
            "capacity_type": "SPOT",
            "cluster_name": "aegis-spoke-prod",
            "disk_size": 0,
            "force_update_version": null,
            "id": "aegis-spoke-prod:gpu-workers-g4-2025100516375658850000001f",
            "instance_types": [
              "g4dn.xlarge"
            ],
            "labels": {
              "Environment": "prod",
              "NodeType": "gpu-worker",
              "aegis.io/gpu-flavor": "nvidia-tesla-t4"
            },
            "launch_template": [
              {
                "id": "lt-0cb7a1df0b036004c",
                "name": "aegis-spoke-prod-gpu-workers-2025100516375103530000001b",
                "version": "1"
              }
            ],
            "node_group_name": "gpu-workers-g4-2025100516375658850000001f",
            "node_group_name_prefix": "gpu-workers-g4-",
            "node_repair_config": [],
            "node_role_arn": "arn:aws:iam::567751785679:role/gpu-workers-g4-eks-node-group-20251005162706484100000010",
            "release_version": "1.32.9-20250920",
            "remote_access": [],
            "resources": [
              {
                "autoscaling_groups": [
                  {
                    "name": "eks-gpu-workers-g4-2025100516375658850000001f-00ccda9e-569a-1262-8dfb-de2f0be63d61"
                  }
                ],
                "remote_access_security_group_id": ""
              }
            ],
            "scaling_config": [
              {
                "desired_size": 0,
                "max_size": 2,
                "min_size": 0
              }
            ],
            "status": "ACTIVE",
            "subnet_ids": [
              "subnet-05b8d47245ce869fe",
              "subnet-08682c075a16ef93b",
              "subnet-0f4cbcc23979e4b94"
            ],
            "tags": {
              "Environment": "prod",
              "ManagedBy": "terraform",
              "Name": "gpu-workers-g4",
              "Project": "aegis"
            },
            "tags_all": {
              "Environment": "prod",
              "ManagedBy": "terraform",
              "Name": "gpu-workers-g4",
              "Project": "aegis"
            },
            "taint": [
              {
                "effect": "NO_SCHEDULE",
                "key": "nvidia.com/gpu",
                "value": "true"
              }
            ],
            "timeouts": {
              "create": null,
              "delete": null,
              "update": null
            },
            "update_config": [
              {
                "max_unavailable": 0,
                "max_unavailable_percentage": 33
              }
            ],
            "version": "1.32"
          },
          "sensitive_attributes": [],
          "identity_schema_version": 0,
          "private": "eyJlMmJmYjczMC1lY2FhLTExZTYtOGY4OC0zNDM2M2JjN2M0YzAiOnsiY3JlYXRlIjozNjAwMDAwMDAwMDAwLCJkZWxldGUiOjM2MDAwMDAwMDAwMDAsInVwZGF0ZSI6MzYwMDAwMDAwMDAwMH19",
          "dependencies": [
            "aws_security_group.eks_nodes",
            "data.aws_availability_zones.available",
            "module.eks.aws_cloudwatch_log_group.this",
            "module.eks.aws_eks_cluster.this",
            "module.eks.aws_iam_policy.cni_ipv6_policy",
            "module.eks.aws_iam_role.eks_auto",
            "module.eks.aws_iam_role.this",
            "module.eks.aws_iam_role_policy_attachment.this",
            "module.eks.aws_security_group.cluster",
            "module.eks.aws_security_group.node",
            "module.eks.aws_security_group_rule.cluster",
            "module.eks.aws_security_group_rule.node",
            "module.eks.data.aws_caller_identity.current",
            "module.eks.data.aws_iam_policy_document.assume_role_policy",
            "module.eks.data.aws_iam_policy_document.cni_ipv6_policy",
            "module.eks.data.aws_iam_policy_document.node_assume_role_policy",
            "module.eks.data.aws_iam_session_context.current",
            "module.eks.data.aws_partition.current",
            "module.eks.module.eks_managed_node_group.aws_iam_role.this",
            "module.eks.module.eks_managed_node_group.aws_iam_role_policy_attachment.additional",
            "module.eks.module.eks_managed_node_group.aws_iam_role_policy_attachment.this",
            "module.eks.module.eks_managed_node_group.aws_launch_template.this",
            "module.eks.module.eks_managed_node_group.aws_placement_group.this",
            "module.eks.module.eks_managed_node_group.data.aws_caller_identity.current",
            "module.eks.module.eks_managed_node_group.data.aws_ec2_instance_type.this",
            "module.eks.module.eks_managed_node_group.data.aws_ec2_instance_type_offerings.this",
            "module.eks.module.eks_managed_node_group.data.aws_iam_policy_document.assume_role_policy",
            "module.eks.module.eks_managed_node_group.data.aws_partition.current",
            "module.eks.module.eks_managed_node_group.data.aws_ssm_parameter.ami",
            "module.eks.module.eks_managed_node_group.data.aws_subnets.placement_group",
            "module.eks.module.eks_managed_node_group.module.user_data.data.cloudinit_config.al2023_eks_managed_node_group",
            "module.eks.module.eks_managed_node_group.module.user_data.data.cloudinit_config.linux_eks_managed_node_group",
            "module.eks.module.kms.aws_kms_external_key.this",
            "module.eks.module.kms.aws_kms_key.this",
            "module.eks.module.kms.aws_kms_replica_external_key.this",
            "module.eks.module.kms.aws_kms_replica_key.this",
            "module.eks.module.kms.data.aws_caller_identity.current",
            "module.eks.module.kms.data.aws_iam_policy_document.this",
            "module.eks.module.kms.data.aws_partition.current",
            "module.eks.time_sleep.this",
            "module.vpc.aws_subnet.private",
            "module.vpc.aws_vpc.this",
            "module.vpc.aws_vpc_ipv4_cidr_block_association.this"
          ],
          "create_before_destroy": true
        }
      ]
    },
    {
      "module": "module.eks.module.eks_managed_node_group[\"gpu_workers\"]",
      "mode": "managed",
      "type": "aws_iam_role",
      "name": "this",
      "provider": "provider[\"registry.terraform.io/hashicorp/aws\"]",
      "instances": [
        {
          "index_key": 0,
          "schema_version": 0,
          "attributes": {
            "arn": "arn:aws:iam::567751785679:role/gpu-workers-g4-eks-node-group-20251005162706484100000010",
            "assume_role_policy": "{\"Statement\":[{\"Action\":\"sts:AssumeRole\",\"Effect\":\"Allow\",\"Principal\":{\"Service\":\"ec2.amazonaws.com\"},\"Sid\":\"EKSNodeAssumeRole\"}],\"Version\":\"2012-10-17\"}",
            "create_date": "2025-10-05T16:27:06Z",
            "description": "EKS managed node group IAM role",
            "force_detach_policies": true,
            "id": "gpu-workers-g4-eks-node-group-20251005162706484100000010",
            "inline_policy": [],
            "managed_policy_arns": [
              "arn:aws:iam::aws:policy/AmazonEC2ContainerRegistryReadOnly",
              "arn:aws:iam::aws:policy/AmazonEKSWorkerNodePolicy",
              "arn:aws:iam::aws:policy/AmazonEKS_CNI_Policy"
            ],
            "max_session_duration": 3600,
            "name": "gpu-workers-g4-eks-node-group-20251005162706484100000010",
            "name_prefix": "gpu-workers-g4-eks-node-group-",
            "path": "/",
            "permissions_boundary": "",
            "tags": {
              "Environment": "prod",
              "ManagedBy": "terraform",
              "Name": "aegis-spoke-prod-gpu-workers",
              "Project": "aegis"
            },
            "tags_all": {
              "Environment": "prod",
              "ManagedBy": "terraform",
              "Name": "aegis-spoke-prod-gpu-workers",
              "Project": "aegis"
            },
            "unique_id": "AROAYIMFEXTHQROCY5BND"
          },
          "sensitive_attributes": [],
          "identity_schema_version": 0,
          "private": "bnVsbA==",
          "dependencies": [
            "aws_security_group.eks_nodes",
            "data.aws_availability_zones.available",
            "module.eks.module.eks_managed_node_group.data.aws_iam_policy_document.assume_role_policy",
            "module.vpc.aws_subnet.private",
            "module.vpc.aws_vpc.this",
            "module.vpc.aws_vpc_ipv4_cidr_block_association.this"
          ],
          "create_before_destroy": true
        }
      ]
    },
    {
      "module": "module.eks.module.eks_managed_node_group[\"gpu_workers\"]",
      "mode": "managed",
      "type": "aws_iam_role_policy_attachment",
      "name": "this",
      "provider": "provider[\"registry.terraform.io/hashicorp/aws\"]",
      "instances": [
        {
          "index_key": "AmazonEC2ContainerRegistryReadOnly",
          "schema_version": 0,
          "attributes": {
            "id": "gpu-workers-g4-eks-node-group-20251005162706484100000010-20251005162706815200000013",
            "policy_arn": "arn:aws:iam::aws:policy/AmazonEC2ContainerRegistryReadOnly",
            "role": "gpu-workers-g4-eks-node-group-20251005162706484100000010"
          },
          "sensitive_attributes": [],
          "identity_schema_version": 0,
          "private": "bnVsbA==",
          "dependencies": [
            "aws_security_group.eks_nodes",
            "data.aws_availability_zones.available",
            "module.eks.module.eks_managed_node_group.aws_iam_role.this",
            "module.eks.module.eks_managed_node_group.data.aws_caller_identity.current",
            "module.eks.module.eks_managed_node_group.data.aws_iam_policy_document.assume_role_policy",
            "module.eks.module.eks_managed_node_group.data.aws_partition.current",
            "module.vpc.aws_subnet.private",
            "module.vpc.aws_vpc.this",
            "module.vpc.aws_vpc_ipv4_cidr_block_association.this"
          ],
          "create_before_destroy": true
        },
        {
          "index_key": "AmazonEKSWorkerNodePolicy",
          "schema_version": 0,
          "attributes": {
            "id": "gpu-workers-g4-eks-node-group-20251005162706484100000010-20251005162706862400000014",
            "policy_arn": "arn:aws:iam::aws:policy/AmazonEKSWorkerNodePolicy",
            "role": "gpu-workers-g4-eks-node-group-20251005162706484100000010"
          },
          "sensitive_attributes": [],
          "identity_schema_version": 0,
          "private": "bnVsbA==",
          "dependencies": [
            "aws_security_group.eks_nodes",
            "data.aws_availability_zones.available",
            "module.eks.module.eks_managed_node_group.aws_iam_role.this",
            "module.eks.module.eks_managed_node_group.data.aws_caller_identity.current",
            "module.eks.module.eks_managed_node_group.data.aws_iam_policy_document.assume_role_policy",
            "module.eks.module.eks_managed_node_group.data.aws_partition.current",
            "module.vpc.aws_subnet.private",
            "module.vpc.aws_vpc.this",
            "module.vpc.aws_vpc_ipv4_cidr_block_association.this"
          ],
          "create_before_destroy": true
        },
        {
          "index_key": "AmazonEKS_CNI_Policy",
          "schema_version": 0,
          "attributes": {
            "id": "gpu-workers-g4-eks-node-group-20251005162706484100000010-20251005162706749200000012",
            "policy_arn": "arn:aws:iam::aws:policy/AmazonEKS_CNI_Policy",
            "role": "gpu-workers-g4-eks-node-group-20251005162706484100000010"
          },
          "sensitive_attributes": [],
          "identity_schema_version": 0,
          "private": "bnVsbA==",
          "dependencies": [
            "aws_security_group.eks_nodes",
            "data.aws_availability_zones.available",
            "module.eks.module.eks_managed_node_group.aws_iam_role.this",
            "module.eks.module.eks_managed_node_group.data.aws_caller_identity.current",
            "module.eks.module.eks_managed_node_group.data.aws_iam_policy_document.assume_role_policy",
            "module.eks.module.eks_managed_node_group.data.aws_partition.current",
            "module.vpc.aws_subnet.private",
            "module.vpc.aws_vpc.this",
            "module.vpc.aws_vpc_ipv4_cidr_block_association.this"
          ],
          "create_before_destroy": true
        }
      ]
    },
    {
      "module": "module.eks.module.eks_managed_node_group[\"gpu_workers\"]",
      "mode": "managed",
      "type": "aws_launch_template",
      "name": "this",
      "provider": "provider[\"registry.terraform.io/hashicorp/aws\"]",
      "instances": [
        {
          "index_key": 0,
          "schema_version": 0,
          "attributes": {
            "arn": "arn:aws:ec2:us-east-1:567751785679:launch-template/lt-0cb7a1df0b036004c",
            "block_device_mappings": [],
            "capacity_reservation_specification": [],
            "cpu_options": [],
            "credit_specification": [],
            "default_version": 1,
            "description": "Custom launch template for gpu-workers-g4 EKS managed node group",
            "disable_api_stop": false,
            "disable_api_termination": false,
            "ebs_optimized": "",
            "elastic_gpu_specifications": [],
            "elastic_inference_accelerator": [],
            "enclave_options": [],
            "hibernation_options": [],
            "iam_instance_profile": [],
            "id": "lt-0cb7a1df0b036004c",
            "image_id": "",
            "instance_initiated_shutdown_behavior": "",
            "instance_market_options": [],
            "instance_requirements": [],
            "instance_type": "",
            "kernel_id": "",
            "key_name": "",
            "latest_version": 1,
            "license_specification": [],
            "maintenance_options": [],
            "metadata_options": [
              {
                "http_endpoint": "enabled",
                "http_protocol_ipv6": "",
                "http_put_response_hop_limit": 2,
                "http_tokens": "required",
                "instance_metadata_tags": ""
              }
            ],
            "monitoring": [
              {
                "enabled": true
              }
            ],
            "name": "aegis-spoke-prod-gpu-workers-2025100516375103530000001b",
            "name_prefix": "aegis-spoke-prod-gpu-workers-",
            "network_interfaces": [],
            "placement": [],
            "private_dns_name_options": [],
            "ram_disk_id": "",
            "security_group_names": [],
            "tag_specifications": [
              {
                "resource_type": "instance",
                "tags": {
                  "Environment": "prod",
                  "ManagedBy": "terraform",
                  "Name": "gpu-workers-g4",
                  "Project": "aegis"
                }
              },
              {
                "resource_type": "network-interface",
                "tags": {
                  "Environment": "prod",
                  "ManagedBy": "terraform",
                  "Name": "gpu-workers-g4",
                  "Project": "aegis"
                }
              },
              {
                "resource_type": "volume",
                "tags": {
                  "Environment": "prod",
                  "ManagedBy": "terraform",
                  "Name": "gpu-workers-g4",
                  "Project": "aegis"
                }
              }
            ],
            "tags": {
              "Environment": "prod",
              "ManagedBy": "terraform",
              "Name": "aegis-spoke-prod-gpu-workers",
              "Project": "aegis"
            },
            "tags_all": {
              "Environment": "prod",
              "ManagedBy": "terraform",
              "Name": "aegis-spoke-prod-gpu-workers",
              "Project": "aegis"
            },
            "update_default_version": true,
            "user_data": "",
            "vpc_security_group_ids": [
              "sg-02f8d1ae16ce513a3",
              "sg-0a204c4c6e75b8746"
            ]
          },
          "sensitive_attributes": [],
          "identity_schema_version": 0,
          "private": "bnVsbA==",
          "dependencies": [
            "aws_security_group.eks_nodes",
            "data.aws_availability_zones.available",
            "module.eks.aws_cloudwatch_log_group.this",
            "module.eks.aws_eks_cluster.this",
            "module.eks.aws_iam_policy.cni_ipv6_policy",
            "module.eks.aws_iam_role.eks_auto",
            "module.eks.aws_iam_role.this",
            "module.eks.aws_iam_role_policy_attachment.this",
            "module.eks.aws_security_group.cluster",
            "module.eks.aws_security_group.node",
            "module.eks.aws_security_group_rule.cluster",
            "module.eks.aws_security_group_rule.node",
            "module.eks.data.aws_caller_identity.current",
            "module.eks.data.aws_iam_policy_document.assume_role_policy",
            "module.eks.data.aws_iam_policy_document.cni_ipv6_policy",
            "module.eks.data.aws_iam_policy_document.node_assume_role_policy",
            "module.eks.data.aws_iam_session_context.current",
            "module.eks.data.aws_partition.current",
            "module.eks.module.eks_managed_node_group.aws_iam_role.this",
            "module.eks.module.eks_managed_node_group.aws_iam_role_policy_attachment.additional",
            "module.eks.module.eks_managed_node_group.aws_iam_role_policy_attachment.this",
            "module.eks.module.eks_managed_node_group.aws_placement_group.this",
            "module.eks.module.eks_managed_node_group.data.aws_caller_identity.current",
            "module.eks.module.eks_managed_node_group.data.aws_ec2_instance_type.this",
            "module.eks.module.eks_managed_node_group.data.aws_iam_policy_document.assume_role_policy",
            "module.eks.module.eks_managed_node_group.data.aws_partition.current",
            "module.eks.module.eks_managed_node_group.module.user_data.data.cloudinit_config.al2023_eks_managed_node_group",
            "module.eks.module.eks_managed_node_group.module.user_data.data.cloudinit_config.linux_eks_managed_node_group",
            "module.eks.module.kms.aws_kms_external_key.this",
            "module.eks.module.kms.aws_kms_key.this",
            "module.eks.module.kms.aws_kms_replica_external_key.this",
            "module.eks.module.kms.aws_kms_replica_key.this",
            "module.eks.module.kms.data.aws_caller_identity.current",
            "module.eks.module.kms.data.aws_iam_policy_document.this",
            "module.eks.module.kms.data.aws_partition.current",
            "module.eks.time_sleep.this",
            "module.vpc.aws_subnet.private",
            "module.vpc.aws_vpc.this",
            "module.vpc.aws_vpc_ipv4_cidr_block_association.this"
          ],
          "create_before_destroy": true
        }
      ]
    },
    {
      "module": "module.eks.module.eks_managed_node_group[\"gpu_workers\"].module.user_data",
      "mode": "managed",
      "type": "null_resource",
      "name": "validate_cluster_service_cidr",
      "provider": "provider[\"registry.terraform.io/hashicorp/null\"]",
      "instances": [
        {
          "schema_version": 0,
          "attributes": {
            "id": "5366213116802660903",
            "triggers": null
          },
          "sensitive_attributes": [],
          "identity_schema_version": 0,
          "dependencies": [
            "aws_security_group.eks_nodes",
            "data.aws_availability_zones.available",
            "module.eks.aws_cloudwatch_log_group.this",
            "module.eks.aws_eks_cluster.this",
            "module.eks.aws_iam_policy.cni_ipv6_policy",
            "module.eks.aws_iam_role.eks_auto",
            "module.eks.aws_iam_role.this",
            "module.eks.aws_iam_role_policy_attachment.this",
            "module.eks.aws_security_group.cluster",
            "module.eks.aws_security_group.node",
            "module.eks.aws_security_group_rule.cluster",
            "module.eks.aws_security_group_rule.node",
            "module.eks.data.aws_caller_identity.current",
            "module.eks.data.aws_iam_policy_document.assume_role_policy",
            "module.eks.data.aws_iam_policy_document.cni_ipv6_policy",
            "module.eks.data.aws_iam_policy_document.node_assume_role_policy",
            "module.eks.data.aws_iam_session_context.current",
            "module.eks.data.aws_partition.current",
            "module.eks.module.kms.aws_kms_external_key.this",
            "module.eks.module.kms.aws_kms_key.this",
            "module.eks.module.kms.aws_kms_replica_external_key.this",
            "module.eks.module.kms.aws_kms_replica_key.this",
            "module.eks.module.kms.data.aws_caller_identity.current",
            "module.eks.module.kms.data.aws_iam_policy_document.this",
            "module.eks.module.kms.data.aws_partition.current",
            "module.eks.time_sleep.this",
            "module.vpc.aws_subnet.private",
            "module.vpc.aws_vpc.this",
            "module.vpc.aws_vpc_ipv4_cidr_block_association.this"
          ]
        }
      ]
    },
    {
      "module": "module.eks.module.kms",
      "mode": "data",
      "type": "aws_caller_identity",
      "name": "current",
      "provider": "provider[\"registry.terraform.io/hashicorp/aws\"]",
      "instances": [
        {
          "index_key": 0,
          "schema_version": 0,
          "attributes": {
            "account_id": "567751785679",
            "arn": "arn:aws:iam::567751785679:root",
            "id": "567751785679",
            "user_id": "567751785679"
          },
          "sensitive_attributes": [],
          "identity_schema_version": 0
        }
      ]
    },
    {
      "module": "module.eks.module.kms",
      "mode": "data",
      "type": "aws_iam_policy_document",
      "name": "this",
      "provider": "provider[\"registry.terraform.io/hashicorp/aws\"]",
      "instances": [
        {
          "index_key": 0,
          "schema_version": 0,
          "attributes": {
            "id": "442271711",
            "json": "{\n  \"Version\": \"2012-10-17\",\n  \"Statement\": [\n    {\n      \"Sid\": \"Default\",\n      \"Effect\": \"Allow\",\n      \"Action\": \"kms:*\",\n      \"Resource\": \"*\",\n      \"Principal\": {\n        \"AWS\": \"arn:aws:iam::567751785679:root\"\n      }\n    },\n    {\n      \"Sid\": \"KeyAdministration\",\n      \"Effect\": \"Allow\",\n      \"Action\": [\n        \"kms:Update*\",\n        \"kms:UntagResource\",\n        \"kms:TagResource\",\n        \"kms:ScheduleKeyDeletion\",\n        \"kms:Revoke*\",\n        \"kms:ReplicateKey\",\n        \"kms:Put*\",\n        \"kms:List*\",\n        \"kms:ImportKeyMaterial\",\n        \"kms:Get*\",\n        \"kms:Enable*\",\n        \"kms:Disable*\",\n        \"kms:Describe*\",\n        \"kms:Delete*\",\n        \"kms:Create*\",\n        \"kms:CancelKeyDeletion\"\n      ],\n      \"Resource\": \"*\",\n      \"Principal\": {\n        \"AWS\": \"arn:aws:iam::567751785679:root\"\n      }\n    },\n    {\n      \"Sid\": \"KeyUsage\",\n      \"Effect\": \"Allow\",\n      \"Action\": [\n        \"kms:ReEncrypt*\",\n        \"kms:GenerateDataKey*\",\n        \"kms:Encrypt\",\n        \"kms:DescribeKey\",\n        \"kms:Decrypt\"\n      ],\n      \"Resource\": \"*\",\n      \"Principal\": {\n        \"AWS\": \"arn:aws:iam::567751785679:role/aegis-spoke-prod-cluster-20251005162701735700000008\"\n      }\n    }\n  ]\n}",
            "minified_json": "{\"Version\":\"2012-10-17\",\"Statement\":[{\"Sid\":\"Default\",\"Effect\":\"Allow\",\"Action\":\"kms:*\",\"Resource\":\"*\",\"Principal\":{\"AWS\":\"arn:aws:iam::567751785679:root\"}},{\"Sid\":\"KeyAdministration\",\"Effect\":\"Allow\",\"Action\":[\"kms:Update*\",\"kms:UntagResource\",\"kms:TagResource\",\"kms:ScheduleKeyDeletion\",\"kms:Revoke*\",\"kms:ReplicateKey\",\"kms:Put*\",\"kms:List*\",\"kms:ImportKeyMaterial\",\"kms:Get*\",\"kms:Enable*\",\"kms:Disable*\",\"kms:Describe*\",\"kms:Delete*\",\"kms:Create*\",\"kms:CancelKeyDeletion\"],\"Resource\":\"*\",\"Principal\":{\"AWS\":\"arn:aws:iam::567751785679:root\"}},{\"Sid\":\"KeyUsage\",\"Effect\":\"Allow\",\"Action\":[\"kms:ReEncrypt*\",\"kms:GenerateDataKey*\",\"kms:Encrypt\",\"kms:DescribeKey\",\"kms:Decrypt\"],\"Resource\":\"*\",\"Principal\":{\"AWS\":\"arn:aws:iam::567751785679:role/aegis-spoke-prod-cluster-20251005162701735700000008\"}}]}",
            "override_json": null,
            "override_policy_documents": null,
            "policy_id": null,
            "source_json": null,
            "source_policy_documents": null,
            "statement": [
              {
                "actions": [
                  "kms:*"
                ],
                "condition": [],
                "effect": "Allow",
                "not_actions": [],
                "not_principals": [],
                "not_resources": [],
                "principals": [
                  {
                    "identifiers": [
                      "arn:aws:iam::567751785679:root"
                    ],
                    "type": "AWS"
                  }
                ],
                "resources": [
                  "*"
                ],
                "sid": "Default"
              },
              {
                "actions": [
                  "kms:CancelKeyDeletion",
                  "kms:Create*",
                  "kms:Delete*",
                  "kms:Describe*",
                  "kms:Disable*",
                  "kms:Enable*",
                  "kms:Get*",
                  "kms:ImportKeyMaterial",
                  "kms:List*",
                  "kms:Put*",
                  "kms:ReplicateKey",
                  "kms:Revoke*",
                  "kms:ScheduleKeyDeletion",
                  "kms:TagResource",
                  "kms:UntagResource",
                  "kms:Update*"
                ],
                "condition": [],
                "effect": "Allow",
                "not_actions": [],
                "not_principals": [],
                "not_resources": [],
                "principals": [
                  {
                    "identifiers": [
                      "arn:aws:iam::567751785679:root"
                    ],
                    "type": "AWS"
                  }
                ],
                "resources": [
                  "*"
                ],
                "sid": "KeyAdministration"
              },
              {
                "actions": [
                  "kms:Decrypt",
                  "kms:DescribeKey",
                  "kms:Encrypt",
                  "kms:GenerateDataKey*",
                  "kms:ReEncrypt*"
                ],
                "condition": [],
                "effect": "Allow",
                "not_actions": [],
                "not_principals": [],
                "not_resources": [],
                "principals": [
                  {
                    "identifiers": [
                      "arn:aws:iam::567751785679:role/aegis-spoke-prod-cluster-20251005162701735700000008"
                    ],
                    "type": "AWS"
                  }
                ],
                "resources": [
                  "*"
                ],
                "sid": "KeyUsage"
              }
            ],
            "version": "2012-10-17"
          },
          "sensitive_attributes": [],
          "identity_schema_version": 0
        }
      ]
    },
    {
      "module": "module.eks.module.kms",
      "mode": "data",
      "type": "aws_partition",
      "name": "current",
      "provider": "provider[\"registry.terraform.io/hashicorp/aws\"]",
      "instances": [
        {
          "index_key": 0,
          "schema_version": 0,
          "attributes": {
            "dns_suffix": "amazonaws.com",
            "id": "aws",
            "partition": "aws",
            "reverse_dns_prefix": "com.amazonaws"
          },
          "sensitive_attributes": [],
          "identity_schema_version": 0
        }
      ]
    },
    {
      "module": "module.eks.module.kms",
      "mode": "managed",
      "type": "aws_kms_alias",
      "name": "this",
      "provider": "provider[\"registry.terraform.io/hashicorp/aws\"]",
      "instances": [
        {
          "index_key": "cluster",
          "schema_version": 0,
          "attributes": {
            "arn": "arn:aws:kms:us-east-1:567751785679:alias/eks/aegis-spoke-prod",
            "id": "alias/eks/aegis-spoke-prod",
            "name": "alias/eks/aegis-spoke-prod",
            "name_prefix": "",
            "target_key_arn": "arn:aws:kms:us-east-1:567751785679:key/c8414b5f-a951-4f7b-b7c0-25bbee7571d0",
            "target_key_id": "c8414b5f-a951-4f7b-b7c0-25bbee7571d0"
          },
          "sensitive_attributes": [],
          "identity_schema_version": 0,
          "private": "bnVsbA==",
          "dependencies": [
            "module.eks.aws_iam_role.this",
            "module.eks.data.aws_caller_identity.current",
            "module.eks.data.aws_iam_policy_document.assume_role_policy",
            "module.eks.data.aws_iam_session_context.current",
            "module.eks.module.kms.aws_kms_external_key.this",
            "module.eks.module.kms.aws_kms_key.this",
            "module.eks.module.kms.aws_kms_replica_external_key.this",
            "module.eks.module.kms.aws_kms_replica_key.this",
            "module.eks.module.kms.data.aws_caller_identity.current",
            "module.eks.module.kms.data.aws_iam_policy_document.this",
            "module.eks.module.kms.data.aws_partition.current"
          ]
        }
      ]
    },
    {
      "module": "module.eks.module.kms",
      "mode": "managed",
      "type": "aws_kms_key",
      "name": "this",
      "provider": "provider[\"registry.terraform.io/hashicorp/aws\"]",
      "instances": [
        {
          "index_key": 0,
          "schema_version": 0,
          "attributes": {
            "arn": "arn:aws:kms:us-east-1:567751785679:key/c8414b5f-a951-4f7b-b7c0-25bbee7571d0",
            "bypass_policy_lockout_safety_check": false,
            "custom_key_store_id": "",
            "customer_master_key_spec": "SYMMETRIC_DEFAULT",
            "deletion_window_in_days": null,
            "description": "aegis-spoke-prod cluster encryption key",
            "enable_key_rotation": true,
            "id": "c8414b5f-a951-4f7b-b7c0-25bbee7571d0",
            "is_enabled": true,
            "key_id": "c8414b5f-a951-4f7b-b7c0-25bbee7571d0",
            "key_usage": "ENCRYPT_DECRYPT",
            "multi_region": false,
            "policy": "{\"Statement\":[{\"Action\":\"kms:*\",\"Effect\":\"Allow\",\"Principal\":{\"AWS\":\"arn:aws:iam::567751785679:root\"},\"Resource\":\"*\",\"Sid\":\"Default\"},{\"Action\":[\"kms:Update*\",\"kms:UntagResource\",\"kms:TagResource\",\"kms:ScheduleKeyDeletion\",\"kms:Revoke*\",\"kms:ReplicateKey\",\"kms:Put*\",\"kms:List*\",\"kms:ImportKeyMaterial\",\"kms:Get*\",\"kms:Enable*\",\"kms:Disable*\",\"kms:Describe*\",\"kms:Delete*\",\"kms:Create*\",\"kms:CancelKeyDeletion\"],\"Effect\":\"Allow\",\"Principal\":{\"AWS\":\"arn:aws:iam::567751785679:root\"},\"Resource\":\"*\",\"Sid\":\"KeyAdministration\"},{\"Action\":[\"kms:ReEncrypt*\",\"kms:GenerateDataKey*\",\"kms:Encrypt\",\"kms:DescribeKey\",\"kms:Decrypt\"],\"Effect\":\"Allow\",\"Principal\":{\"AWS\":\"arn:aws:iam::567751785679:role/aegis-spoke-prod-cluster-20251005162701735700000008\"},\"Resource\":\"*\",\"Sid\":\"KeyUsage\"}],\"Version\":\"2012-10-17\"}",
            "rotation_period_in_days": 365,
            "tags": {
              "Environment": "prod",
              "ManagedBy": "terraform",
              "Project": "aegis",
              "terraform-aws-modules": "eks"
            },
            "tags_all": {
              "Environment": "prod",
              "ManagedBy": "terraform",
              "Project": "aegis",
              "terraform-aws-modules": "eks"
            },
            "timeouts": null,
            "xks_key_id": ""
          },
          "sensitive_attributes": [],
          "identity_schema_version": 0,
          "private": "eyJlMmJmYjczMC1lY2FhLTExZTYtOGY4OC0zNDM2M2JjN2M0YzAiOnsiY3JlYXRlIjoxMjAwMDAwMDAwMDB9fQ==",
          "dependencies": [
            "module.eks.aws_iam_role.this",
            "module.eks.data.aws_caller_identity.current",
            "module.eks.data.aws_iam_policy_document.assume_role_policy",
            "module.eks.data.aws_iam_session_context.current",
            "module.eks.module.kms.data.aws_caller_identity.current",
            "module.eks.module.kms.data.aws_iam_policy_document.this",
            "module.eks.module.kms.data.aws_partition.current"
          ],
          "create_before_destroy": true
        }
      ]
    },
    {
      "module": "module.rds.module.db_instance",
      "mode": "data",
      "type": "aws_iam_policy_document",
      "name": "enhanced_monitoring",
      "provider": "provider[\"registry.terraform.io/hashicorp/aws\"]",
      "instances": [
        {
          "schema_version": 0,
          "attributes": {
            "id": "76086537",
            "json": "{\n  \"Version\": \"2012-10-17\",\n  \"Statement\": [\n    {\n      \"Effect\": \"Allow\",\n      \"Action\": \"sts:AssumeRole\",\n      \"Principal\": {\n        \"Service\": \"monitoring.rds.amazonaws.com\"\n      }\n    }\n  ]\n}",
            "minified_json": "{\"Version\":\"2012-10-17\",\"Statement\":[{\"Effect\":\"Allow\",\"Action\":\"sts:AssumeRole\",\"Principal\":{\"Service\":\"monitoring.rds.amazonaws.com\"}}]}",
            "override_json": null,
            "override_policy_documents": null,
            "policy_id": null,
            "source_json": null,
            "source_policy_documents": null,
            "statement": [
              {
                "actions": [
                  "sts:AssumeRole"
                ],
                "condition": [],
                "effect": "Allow",
                "not_actions": [],
                "not_principals": [],
                "not_resources": [],
                "principals": [
                  {
                    "identifiers": [
                      "monitoring.rds.amazonaws.com"
                    ],
                    "type": "Service"
                  }
                ],
                "resources": [],
                "sid": ""
              }
            ],
            "version": "2012-10-17"
          },
          "sensitive_attributes": [],
          "identity_schema_version": 0
        }
      ]
    },
    {
      "module": "module.rds.module.db_instance",
      "mode": "data",
      "type": "aws_partition",
      "name": "current",
      "provider": "provider[\"registry.terraform.io/hashicorp/aws\"]",
      "instances": [
        {
          "schema_version": 0,
          "attributes": {
            "dns_suffix": "amazonaws.com",
            "id": "aws",
            "partition": "aws",
            "reverse_dns_prefix": "com.amazonaws"
          },
          "sensitive_attributes": [],
          "identity_schema_version": 0
        }
      ]
    },
    {
      "module": "module.rds.module.db_instance",
      "mode": "managed",
      "type": "aws_db_instance",
      "name": "this",
      "provider": "provider[\"registry.terraform.io/hashicorp/aws\"]",
      "instances": [
        {
          "index_key": 0,
          "schema_version": 2,
          "attributes": {
            "address": "aegis-spoke-prod-db.cepmyey24yl0.us-east-1.rds.amazonaws.com",
            "allocated_storage": 20,
            "allow_major_version_upgrade": false,
            "apply_immediately": true,
            "arn": "arn:aws:rds:us-east-1:567751785679:db:aegis-spoke-prod-db",
            "auto_minor_version_upgrade": true,
            "availability_zone": "us-east-1c",
            "backup_retention_period": 7,
            "backup_target": "region",
            "backup_window": "03:00-04:00",
            "blue_green_update": [],
            "ca_cert_identifier": "rds-ca-rsa2048-g1",
            "character_set_name": "",
            "copy_tags_to_snapshot": false,
            "custom_iam_instance_profile": "",
            "customer_owned_ip_enabled": false,
            "database_insights_mode": "standard",
            "db_name": "aegis",
            "db_subnet_group_name": "aegis-spoke-prod-db-subnet-group",
            "dedicated_log_volume": false,
            "delete_automated_backups": true,
            "deletion_protection": false,
            "domain": "",
            "domain_auth_secret_arn": "",
            "domain_dns_ips": [],
            "domain_fqdn": "",
            "domain_iam_role_name": "",
            "domain_ou": "",
            "enabled_cloudwatch_logs_exports": [],
            "endpoint": "aegis-spoke-prod-db.cepmyey24yl0.us-east-1.rds.amazonaws.com:5432",
            "engine": "postgres",
            "engine_lifecycle_support": "open-source-rds-extended-support",
            "engine_version": "15.12",
            "engine_version_actual": "15.12",
            "final_snapshot_identifier": "aegis-spoke-prod-final-snapshot-aegis-spoke-prod-db-89fa97aa",
            "hosted_zone_id": "Z2R2ITUGPM61AM",
            "iam_database_authentication_enabled": false,
            "id": "db-BQ5LRBECYMWTQE2EPWJBPU4ONQ",
            "identifier": "aegis-spoke-prod-db",
            "identifier_prefix": "",
            "instance_class": "db.t3.micro",
            "iops": 3000,
            "kms_key_id": "arn:aws:kms:us-east-1:567751785679:key/7beb8e5d-d150-4e6f-90c4-5aee68357a75",
            "latest_restorable_time": "2025-10-05T17:59:35Z",
            "license_model": "postgresql-license",
            "listener_endpoint": [],
            "maintenance_window": "sun:04:00-sun:05:00",
            "manage_master_user_password": false,
            "master_user_secret": [],
            "master_user_secret_kms_key_id": null,
            "max_allocated_storage": 100,
            "monitoring_interval": 60,
            "monitoring_role_arn": "arn:aws:iam::567751785679:role/aegis-spoke-prod-rds-monitoring-role",
            "multi_az": false,
            "nchar_character_set_name": "",
            "network_type": "IPV4",
            "option_group_name": "default:postgres-15",
            "parameter_group_name": "aegis-spoke-prod-postgres-params-20251001191732012000000003",
            "password": "XBb!\u0026Tvc)SwZA7Qaw[F$J%PcGFIlkwRo",
            "password_wo": null,
            "password_wo_version": null,
            "performance_insights_enabled": true,
            "performance_insights_kms_key_id": "arn:aws:kms:us-east-1:567751785679:key/7beb8e5d-d150-4e6f-90c4-5aee68357a75",
            "performance_insights_retention_period": 7,
            "port": 5432,
            "publicly_accessible": false,
            "replica_mode": "",
            "replicas": [],
            "replicate_source_db": "",
            "resource_id": "db-BQ5LRBECYMWTQE2EPWJBPU4ONQ",
            "restore_to_point_in_time": [],
            "s3_import": [],
            "skip_final_snapshot": false,
            "snapshot_identifier": null,
            "status": "available",
            "storage_encrypted": true,
            "storage_throughput": 125,
            "storage_type": "gp3",
            "tags": {
              "Environment": "prod",
              "ManagedBy": "terraform",
              "Name": "aegis-spoke-prod-database",
              "Project": "aegis"
            },
            "tags_all": {
              "Environment": "prod",
              "ManagedBy": "terraform",
              "Name": "aegis-spoke-prod-database",
              "Project": "aegis"
            },
            "timeouts": {
              "create": null,
              "delete": null,
              "update": null
            },
            "timezone": "",
            "upgrade_storage_config": null,
            "username": "aegis_api",
            "vpc_security_group_ids": [
              "sg-0aa0f68539bb6606a"
            ]
          },
          "sensitive_attributes": [
            [
              {
                "type": "get_attr",
                "value": "password"
              }
            ],
            [
              {
                "type": "get_attr",
                "value": "password_wo"
              }
            ]
          ],
          "identity_schema_version": 0,
          "private": "eyJlMmJmYjczMC1lY2FhLTExZTYtOGY4OC0zNDM2M2JjN2M0YzAiOnsiY3JlYXRlIjozMDAwMDAwMDAwMDAwLCJkZWxldGUiOjM2MDAwMDAwMDAwMDAsInVwZGF0ZSI6NDgwMDAwMDAwMDAwMH0sInNjaGVtYV92ZXJzaW9uIjoiMiJ9",
          "dependencies": [
            "aws_security_group.eks_nodes",
            "aws_security_group.rds",
            "data.aws_availability_zones.available",
            "module.rds.module.db_instance.aws_cloudwatch_log_group.this",
            "module.rds.module.db_instance.aws_iam_role.enhanced_monitoring",
            "module.rds.module.db_instance.data.aws_iam_policy_document.enhanced_monitoring",
            "module.rds.module.db_instance.random_id.snapshot_identifier",
            "module.rds.module.db_option_group.aws_db_option_group.this",
            "module.rds.module.db_parameter_group.aws_db_parameter_group.this",
            "module.rds.module.db_subnet_group.aws_db_subnet_group.this",
            "module.vpc.aws_db_subnet_group.database",
            "module.vpc.aws_subnet.database",
            "module.vpc.aws_vpc.this",
            "module.vpc.aws_vpc_ipv4_cidr_block_association.this",
            "random_password.db_password"
          ]
        }
      ]
    },
    {
      "module": "module.rds.module.db_instance",
      "mode": "managed",
      "type": "aws_iam_role",
      "name": "enhanced_monitoring",
      "provider": "provider[\"registry.terraform.io/hashicorp/aws\"]",
      "instances": [
        {
          "index_key": 0,
          "schema_version": 0,
          "attributes": {
            "arn": "arn:aws:iam::567751785679:role/aegis-spoke-prod-rds-monitoring-role",
            "assume_role_policy": "{\"Statement\":[{\"Action\":\"sts:AssumeRole\",\"Effect\":\"Allow\",\"Principal\":{\"Service\":\"monitoring.rds.amazonaws.com\"}}],\"Version\":\"2012-10-17\"}",
            "create_date": "2025-10-01T19:17:32Z",
            "description": "",
            "force_detach_policies": false,
            "id": "aegis-spoke-prod-rds-monitoring-role",
            "inline_policy": [],
            "managed_policy_arns": [
              "arn:aws:iam::aws:policy/service-role/AmazonRDSEnhancedMonitoringRole"
            ],
            "max_session_duration": 3600,
            "name": "aegis-spoke-prod-rds-monitoring-role",
            "name_prefix": "",
            "path": "/",
            "permissions_boundary": "",
            "tags": {
              "Environment": "prod",
              "ManagedBy": "terraform",
              "Name": "aegis-spoke-prod-database",
              "Project": "aegis"
            },
            "tags_all": {
              "Environment": "prod",
              "ManagedBy": "terraform",
              "Name": "aegis-spoke-prod-database",
              "Project": "aegis"
            },
            "unique_id": "AROAYIMFEXTHQZZJR6IJN"
          },
          "sensitive_attributes": [],
          "identity_schema_version": 0,
          "private": "bnVsbA==",
          "dependencies": [
            "module.rds.module.db_instance.data.aws_iam_policy_document.enhanced_monitoring"
          ]
        }
      ]
    },
    {
      "module": "module.rds.module.db_instance",
      "mode": "managed",
      "type": "aws_iam_role_policy_attachment",
      "name": "enhanced_monitoring",
      "provider": "provider[\"registry.terraform.io/hashicorp/aws\"]",
      "instances": [
        {
          "index_key": 0,
          "schema_version": 0,
          "attributes": {
            "id": "aegis-spoke-prod-rds-monitoring-role-20251005162701430500000006",
            "policy_arn": "arn:aws:iam::aws:policy/service-role/AmazonRDSEnhancedMonitoringRole",
            "role": "aegis-spoke-prod-rds-monitoring-role"
          },
          "sensitive_attributes": [],
          "identity_schema_version": 0,
          "private": "bnVsbA==",
          "dependencies": [
            "module.rds.module.db_instance.aws_iam_role.enhanced_monitoring",
            "module.rds.module.db_instance.data.aws_iam_policy_document.enhanced_monitoring",
            "module.rds.module.db_instance.data.aws_partition.current"
          ]
        }
      ]
    },
    {
      "module": "module.rds.module.db_instance",
      "mode": "managed",
      "type": "random_id",
      "name": "snapshot_identifier",
      "provider": "provider[\"registry.terraform.io/hashicorp/random\"]",
      "instances": [
        {
          "index_key": 0,
          "schema_version": 0,
          "attributes": {
            "b64_std": "ifqXqg==",
            "b64_url": "ifqXqg",
            "byte_length": 4,
            "dec": "2314901418",
            "hex": "89fa97aa",
            "id": "ifqXqg",
            "keepers": {
              "id": "aegis-spoke-prod-db",
              "snapshot_identifier": null
            },
            "prefix": null
          },
          "sensitive_attributes": [],
          "identity_schema_version": 0
        }
      ]
    },
    {
      "module": "module.rds.module.db_parameter_group",
      "mode": "managed",
      "type": "aws_db_parameter_group",
      "name": "this",
      "provider": "provider[\"registry.terraform.io/hashicorp/aws\"]",
      "instances": [
        {
          "index_key": 0,
          "schema_version": 0,
          "attributes": {
            "arn": "arn:aws:rds:us-east-1:567751785679:pg:aegis-spoke-prod-postgres-params-20251001191732012000000003",
            "description": "aegis-spoke-prod-postgres-params parameter group",
            "family": "postgres15",
            "id": "aegis-spoke-prod-postgres-params-20251001191732012000000003",
            "name": "aegis-spoke-prod-postgres-params-20251001191732012000000003",
            "name_prefix": "aegis-spoke-prod-postgres-params-",
            "parameter": [
              {
                "apply_method": "immediate",
                "name": "log_min_duration_statement",
                "value": "1000"
              },
              {
                "apply_method": "immediate",
                "name": "log_statement",
                "value": "all"
              },
              {
                "apply_method": "immediate",
                "name": "shared_preload_libraries",
                "value": "pg_stat_statements"
              }
            ],
            "skip_destroy": false,
            "tags": {
              "Environment": "prod",
              "ManagedBy": "terraform",
              "Name": "aegis-spoke-prod-postgres-params",
              "Project": "aegis"
            },
            "tags_all": {
              "Environment": "prod",
              "ManagedBy": "terraform",
              "Name": "aegis-spoke-prod-postgres-params",
              "Project": "aegis"
            }
          },
          "sensitive_attributes": [],
          "identity_schema_version": 0,
          "private": "bnVsbA==",
          "create_before_destroy": true
        }
      ]
    },
    {
      "module": "module.vpc",
      "mode": "managed",
      "type": "aws_db_subnet_group",
      "name": "database",
      "provider": "provider[\"registry.terraform.io/hashicorp/aws\"]",
      "instances": [
        {
          "index_key": 0,
          "schema_version": 0,
          "attributes": {
            "arn": "arn:aws:rds:us-east-1:567751785679:subgrp:aegis-spoke-prod-db-subnet-group",
            "description": "Database subnet group for aegis-spoke-prod-vpc",
            "id": "aegis-spoke-prod-db-subnet-group",
            "name": "aegis-spoke-prod-db-subnet-group",
            "name_prefix": "",
            "subnet_ids": [
              "subnet-0118b9cc28373cc3a",
              "subnet-06049112efcd9e372",
              "subnet-08ce5ebce8d0dd879"
            ],
            "supported_network_types": [
              "IPV4"
            ],
            "tags": {
              "Environment": "prod",
              "ManagedBy": "terraform",
              "Name": "aegis-spoke-prod-db-subnet-group",
              "Project": "aegis"
            },
            "tags_all": {
              "Environment": "prod",
              "ManagedBy": "terraform",
              "Name": "aegis-spoke-prod-db-subnet-group",
              "Project": "aegis"
            },
            "vpc_id": "vpc-0a4b821294f120863"
          },
          "sensitive_attributes": [],
          "identity_schema_version": 0,
          "private": "bnVsbA==",
          "dependencies": [
            "data.aws_availability_zones.available",
            "module.vpc.aws_subnet.database",
            "module.vpc.aws_vpc.this",
            "module.vpc.aws_vpc_ipv4_cidr_block_association.this"
          ]
        }
      ]
    },
    {
      "module": "module.vpc",
      "mode": "managed",
      "type": "aws_default_network_acl",
      "name": "this",
      "provider": "provider[\"registry.terraform.io/hashicorp/aws\"]",
      "instances": [
        {
          "index_key": 0,
          "schema_version": 0,
          "attributes": {
            "arn": "arn:aws:ec2:us-east-1:567751785679:network-acl/acl-0c56639cbb6357980",
            "default_network_acl_id": "acl-0c56639cbb6357980",
            "egress": [
              {
                "action": "allow",
                "cidr_block": "",
                "from_port": 0,
                "icmp_code": 0,
                "icmp_type": 0,
                "ipv6_cidr_block": "::/0",
                "protocol": "-1",
                "rule_no": 101,
                "to_port": 0
              },
              {
                "action": "allow",
                "cidr_block": "0.0.0.0/0",
                "from_port": 0,
                "icmp_code": 0,
                "icmp_type": 0,
                "ipv6_cidr_block": "",
                "protocol": "-1",
                "rule_no": 100,
                "to_port": 0
              }
            ],
            "id": "acl-0c56639cbb6357980",
            "ingress": [
              {
                "action": "allow",
                "cidr_block": "",
                "from_port": 0,
                "icmp_code": 0,
                "icmp_type": 0,
                "ipv6_cidr_block": "::/0",
                "protocol": "-1",
                "rule_no": 101,
                "to_port": 0
              },
              {
                "action": "allow",
                "cidr_block": "0.0.0.0/0",
                "from_port": 0,
                "icmp_code": 0,
                "icmp_type": 0,
                "ipv6_cidr_block": "",
                "protocol": "-1",
                "rule_no": 100,
                "to_port": 0
              }
            ],
            "owner_id": "567751785679",
            "subnet_ids": [
              "subnet-0118b9cc28373cc3a",
              "subnet-05b8d47245ce869fe",
              "subnet-06049112efcd9e372",
              "subnet-067e401f485153da4",
              "subnet-07e2e188e57b8ac02",
              "subnet-08682c075a16ef93b",
              "subnet-08ce5ebce8d0dd879",
              "subnet-0ed2ca24118825861",
              "subnet-0f4cbcc23979e4b94"
            ],
            "tags": {
              "Environment": "prod",
              "ManagedBy": "terraform",
              "Name": "aegis-spoke-prod-vpc-default",
              "Project": "aegis"
            },
            "tags_all": {
              "Environment": "prod",
              "ManagedBy": "terraform",
              "Name": "aegis-spoke-prod-vpc-default",
              "Project": "aegis"
            },
            "vpc_id": "vpc-0a4b821294f120863"
          },
          "sensitive_attributes": [],
          "identity_schema_version": 0,
          "private": "bnVsbA==",
          "dependencies": [
            "module.vpc.aws_vpc.this"
          ]
        }
      ]
    },
    {
      "module": "module.vpc",
      "mode": "managed",
      "type": "aws_default_route_table",
      "name": "default",
      "provider": "provider[\"registry.terraform.io/hashicorp/aws\"]",
      "instances": [
        {
          "index_key": 0,
          "schema_version": 0,
          "attributes": {
            "arn": "arn:aws:ec2:us-east-1:567751785679:route-table/rtb-0326b3ba44c28ab38",
            "default_route_table_id": "rtb-0326b3ba44c28ab38",
            "id": "rtb-0326b3ba44c28ab38",
            "owner_id": "567751785679",
            "propagating_vgws": [],
            "route": [],
            "tags": {
              "Environment": "prod",
              "ManagedBy": "terraform",
              "Name": "aegis-spoke-prod-vpc-default",
              "Project": "aegis"
            },
            "tags_all": {
              "Environment": "prod",
              "ManagedBy": "terraform",
              "Name": "aegis-spoke-prod-vpc-default",
              "Project": "aegis"
            },
            "timeouts": {
              "create": "5m",
              "update": "5m"
            },
            "vpc_id": "vpc-0a4b821294f120863"
          },
          "sensitive_attributes": [],
          "identity_schema_version": 0,
          "private": "eyJlMmJmYjczMC1lY2FhLTExZTYtOGY4OC0zNDM2M2JjN2M0YzAiOnsiY3JlYXRlIjozMDAwMDAwMDAwMDAsInVwZGF0ZSI6MzAwMDAwMDAwMDAwfX0=",
          "dependencies": [
            "module.vpc.aws_vpc.this"
          ]
        }
      ]
    },
    {
      "module": "module.vpc",
      "mode": "managed",
      "type": "aws_default_security_group",
      "name": "this",
      "provider": "provider[\"registry.terraform.io/hashicorp/aws\"]",
      "instances": [
        {
          "index_key": 0,
          "schema_version": 1,
          "attributes": {
            "arn": "arn:aws:ec2:us-east-1:567751785679:security-group/sg-056ec910cef58bf4e",
            "description": "default VPC security group",
            "egress": [],
            "id": "sg-056ec910cef58bf4e",
            "ingress": [],
            "name": "default",
            "name_prefix": "",
            "owner_id": "567751785679",
            "revoke_rules_on_delete": false,
            "tags": {
              "Environment": "prod",
              "ManagedBy": "terraform",
              "Name": "aegis-spoke-prod-vpc-default",
              "Project": "aegis"
            },
            "tags_all": {
              "Environment": "prod",
              "ManagedBy": "terraform",
              "Name": "aegis-spoke-prod-vpc-default",
              "Project": "aegis"
            },
            "vpc_id": "vpc-0a4b821294f120863"
          },
          "sensitive_attributes": [],
          "identity_schema_version": 0,
          "private": "eyJzY2hlbWFfdmVyc2lvbiI6IjEifQ==",
          "dependencies": [
            "module.vpc.aws_vpc.this"
          ]
        }
      ]
    },
    {
      "module": "module.vpc",
      "mode": "managed",
      "type": "aws_eip",
      "name": "nat",
      "provider": "provider[\"registry.terraform.io/hashicorp/aws\"]",
      "instances": [
        {
          "index_key": 0,
          "schema_version": 0,
          "attributes": {
            "address": null,
            "allocation_id": "eipalloc-07145f77bbb8c7662",
            "arn": "arn:aws:ec2:us-east-1:567751785679:elastic-ip/eipalloc-07145f77bbb8c7662",
            "associate_with_private_ip": null,
            "association_id": "eipassoc-0fe4bbc8d9999dfd8",
            "carrier_ip": "",
            "customer_owned_ip": "",
            "customer_owned_ipv4_pool": "",
            "domain": "vpc",
            "id": "eipalloc-07145f77bbb8c7662",
            "instance": "",
            "ipam_pool_id": null,
            "network_border_group": "us-east-1",
            "network_interface": "eni-03918b6380e0d963a",
            "private_dns": "ip-10-0-101-38.ec2.internal",
            "private_ip": "10.0.101.38",
            "ptr_record": "",
            "public_dns": "ec2-3-215-50-237.compute-1.amazonaws.com",
            "public_ip": "3.215.50.237",
            "public_ipv4_pool": "amazon",
            "tags": {
              "Environment": "prod",
              "ManagedBy": "terraform",
              "Name": "aegis-spoke-prod-vpc-us-east-1a",
              "Project": "aegis"
            },
            "tags_all": {
              "Environment": "prod",
              "ManagedBy": "terraform",
              "Name": "aegis-spoke-prod-vpc-us-east-1a",
              "Project": "aegis"
            },
            "timeouts": null,
            "vpc": true
          },
          "sensitive_attributes": [],
          "identity_schema_version": 0,
          "private": "eyJlMmJmYjczMC1lY2FhLTExZTYtOGY4OC0zNDM2M2JjN2M0YzAiOnsiZGVsZXRlIjoxODAwMDAwMDAwMDAsInJlYWQiOjkwMDAwMDAwMDAwMCwidXBkYXRlIjozMDAwMDAwMDAwMDB9fQ==",
          "dependencies": [
            "data.aws_availability_zones.available",
            "module.vpc.aws_internet_gateway.this",
            "module.vpc.aws_vpc.this",
            "module.vpc.aws_vpc_ipv4_cidr_block_association.this"
          ]
        }
      ]
    },
    {
      "module": "module.vpc",
      "mode": "managed",
      "type": "aws_internet_gateway",
      "name": "this",
      "provider": "provider[\"registry.terraform.io/hashicorp/aws\"]",
      "instances": [
        {
          "index_key": 0,
          "schema_version": 0,
          "attributes": {
            "arn": "arn:aws:ec2:us-east-1:567751785679:internet-gateway/igw-03c4330d32e59213e",
            "id": "igw-03c4330d32e59213e",
            "owner_id": "567751785679",
            "tags": {
              "Environment": "prod",
              "ManagedBy": "terraform",
              "Name": "aegis-spoke-prod-vpc",
              "Project": "aegis"
            },
            "tags_all": {
              "Environment": "prod",
              "ManagedBy": "terraform",
              "Name": "aegis-spoke-prod-vpc",
              "Project": "aegis"
            },
            "timeouts": null,
            "vpc_id": "vpc-0a4b821294f120863"
          },
          "sensitive_attributes": [],
          "identity_schema_version": 0,
          "private": "eyJlMmJmYjczMC1lY2FhLTExZTYtOGY4OC0zNDM2M2JjN2M0YzAiOnsiY3JlYXRlIjoxMjAwMDAwMDAwMDAwLCJkZWxldGUiOjEyMDAwMDAwMDAwMDAsInVwZGF0ZSI6MTIwMDAwMDAwMDAwMH19",
          "dependencies": [
            "module.vpc.aws_vpc.this",
            "module.vpc.aws_vpc_ipv4_cidr_block_association.this"
          ]
        }
      ]
    },
    {
      "module": "module.vpc",
      "mode": "managed",
      "type": "aws_nat_gateway",
      "name": "this",
      "provider": "provider[\"registry.terraform.io/hashicorp/aws\"]",
      "instances": [
        {
          "index_key": 0,
          "schema_version": 0,
          "attributes": {
            "allocation_id": "eipalloc-07145f77bbb8c7662",
            "association_id": "eipassoc-0fe4bbc8d9999dfd8",
            "connectivity_type": "public",
            "id": "nat-0b0840882d33a5650",
            "network_interface_id": "eni-03918b6380e0d963a",
            "private_ip": "10.0.101.38",
            "public_ip": "3.215.50.237",
            "secondary_allocation_ids": [],
            "secondary_private_ip_address_count": 0,
            "secondary_private_ip_addresses": [],
            "subnet_id": "subnet-0ed2ca24118825861",
            "tags": {
              "Environment": "prod",
              "ManagedBy": "terraform",
              "Name": "aegis-spoke-prod-vpc-us-east-1a",
              "Project": "aegis"
            },
            "tags_all": {
              "Environment": "prod",
              "ManagedBy": "terraform",
              "Name": "aegis-spoke-prod-vpc-us-east-1a",
              "Project": "aegis"
            },
            "timeouts": null
          },
          "sensitive_attributes": [],
          "identity_schema_version": 0,
          "private": "eyJlMmJmYjczMC1lY2FhLTExZTYtOGY4OC0zNDM2M2JjN2M0YzAiOnsiY3JlYXRlIjo2MDAwMDAwMDAwMDAsImRlbGV0ZSI6MTgwMDAwMDAwMDAwMCwidXBkYXRlIjo2MDAwMDAwMDAwMDB9fQ==",
          "dependencies": [
            "data.aws_availability_zones.available",
            "module.vpc.aws_eip.nat",
            "module.vpc.aws_internet_gateway.this",
            "module.vpc.aws_subnet.public",
            "module.vpc.aws_vpc.this",
            "module.vpc.aws_vpc_ipv4_cidr_block_association.this"
          ]
        }
      ]
    },
    {
      "module": "module.vpc",
      "mode": "managed",
      "type": "aws_route",
      "name": "private_nat_gateway",
      "provider": "provider[\"registry.terraform.io/hashicorp/aws\"]",
      "instances": [
        {
          "index_key": 0,
          "schema_version": 0,
          "attributes": {
            "carrier_gateway_id": "",
            "core_network_arn": "",
            "destination_cidr_block": "0.0.0.0/0",
            "destination_ipv6_cidr_block": "",
            "destination_prefix_list_id": "",
            "egress_only_gateway_id": "",
            "gateway_id": "",
            "id": "r-rtb-0129c62523fe43dcf1080289494",
            "instance_id": "",
            "instance_owner_id": "",
            "local_gateway_id": "",
            "nat_gateway_id": "nat-0b0840882d33a5650",
            "network_interface_id": "",
            "origin": "CreateRoute",
            "route_table_id": "rtb-0129c62523fe43dcf",
            "state": "active",
            "timeouts": {
              "create": "5m",
              "delete": null,
              "update": null
            },
            "transit_gateway_id": "",
            "vpc_endpoint_id": "",
            "vpc_peering_connection_id": ""
          },
          "sensitive_attributes": [],
          "identity_schema_version": 0,
          "private": "eyJlMmJmYjczMC1lY2FhLTExZTYtOGY4OC0zNDM2M2JjN2M0YzAiOnsiY3JlYXRlIjozMDAwMDAwMDAwMDAsImRlbGV0ZSI6MzAwMDAwMDAwMDAwLCJ1cGRhdGUiOjEyMDAwMDAwMDAwMH19",
          "dependencies": [
            "data.aws_availability_zones.available",
            "module.vpc.aws_eip.nat",
            "module.vpc.aws_internet_gateway.this",
            "module.vpc.aws_nat_gateway.this",
            "module.vpc.aws_route_table.private",
            "module.vpc.aws_subnet.public",
            "module.vpc.aws_vpc.this",
            "module.vpc.aws_vpc_ipv4_cidr_block_association.this"
          ]
        }
      ]
    },
    {
      "module": "module.vpc",
      "mode": "managed",
      "type": "aws_route",
      "name": "public_internet_gateway",
      "provider": "provider[\"registry.terraform.io/hashicorp/aws\"]",
      "instances": [
        {
          "index_key": 0,
          "schema_version": 0,
          "attributes": {
            "carrier_gateway_id": "",
            "core_network_arn": "",
            "destination_cidr_block": "0.0.0.0/0",
            "destination_ipv6_cidr_block": "",
            "destination_prefix_list_id": "",
            "egress_only_gateway_id": "",
            "gateway_id": "igw-03c4330d32e59213e",
            "id": "r-rtb-0d54db817ebfc7aa81080289494",
            "instance_id": "",
            "instance_owner_id": "",
            "local_gateway_id": "",
            "nat_gateway_id": "",
            "network_interface_id": "",
            "origin": "CreateRoute",
            "route_table_id": "rtb-0d54db817ebfc7aa8",
            "state": "active",
            "timeouts": {
              "create": "5m",
              "delete": null,
              "update": null
            },
            "transit_gateway_id": "",
            "vpc_endpoint_id": "",
            "vpc_peering_connection_id": ""
          },
          "sensitive_attributes": [],
          "identity_schema_version": 0,
          "private": "eyJlMmJmYjczMC1lY2FhLTExZTYtOGY4OC0zNDM2M2JjN2M0YzAiOnsiY3JlYXRlIjozMDAwMDAwMDAwMDAsImRlbGV0ZSI6MzAwMDAwMDAwMDAwLCJ1cGRhdGUiOjEyMDAwMDAwMDAwMH19",
          "dependencies": [
            "data.aws_availability_zones.available",
            "module.vpc.aws_internet_gateway.this",
            "module.vpc.aws_route_table.public",
            "module.vpc.aws_vpc.this",
            "module.vpc.aws_vpc_ipv4_cidr_block_association.this"
          ]
        }
      ]
    },
    {
      "module": "module.vpc",
      "mode": "managed",
      "type": "aws_route_table",
      "name": "private",
      "provider": "provider[\"registry.terraform.io/hashicorp/aws\"]",
      "instances": [
        {
          "index_key": 0,
          "schema_version": 0,
          "attributes": {
            "arn": "arn:aws:ec2:us-east-1:567751785679:route-table/rtb-0129c62523fe43dcf",
            "id": "rtb-0129c62523fe43dcf",
            "owner_id": "567751785679",
            "propagating_vgws": [],
            "route": [
              {
                "carrier_gateway_id": "",
                "cidr_block": "0.0.0.0/0",
                "core_network_arn": "",
                "destination_prefix_list_id": "",
                "egress_only_gateway_id": "",
                "gateway_id": "",
                "ipv6_cidr_block": "",
                "local_gateway_id": "",
                "nat_gateway_id": "nat-0b0840882d33a5650",
                "network_interface_id": "",
                "transit_gateway_id": "",
                "vpc_endpoint_id": "",
                "vpc_peering_connection_id": ""
              }
            ],
            "tags": {
              "Environment": "prod",
              "ManagedBy": "terraform",
              "Name": "aegis-spoke-prod-vpc-private",
              "Project": "aegis"
            },
            "tags_all": {
              "Environment": "prod",
              "ManagedBy": "terraform",
              "Name": "aegis-spoke-prod-vpc-private",
              "Project": "aegis"
            },
            "timeouts": null,
            "vpc_id": "vpc-0a4b821294f120863"
          },
          "sensitive_attributes": [],
          "identity_schema_version": 0,
          "private": "eyJlMmJmYjczMC1lY2FhLTExZTYtOGY4OC0zNDM2M2JjN2M0YzAiOnsiY3JlYXRlIjozMDAwMDAwMDAwMDAsImRlbGV0ZSI6MzAwMDAwMDAwMDAwLCJ1cGRhdGUiOjEyMDAwMDAwMDAwMH19",
          "dependencies": [
            "data.aws_availability_zones.available",
            "module.vpc.aws_vpc.this",
            "module.vpc.aws_vpc_ipv4_cidr_block_association.this"
          ]
        }
      ]
    },
    {
      "module": "module.vpc",
      "mode": "managed",
      "type": "aws_route_table",
      "name": "public",
      "provider": "provider[\"registry.terraform.io/hashicorp/aws\"]",
      "instances": [
        {
          "index_key": 0,
          "schema_version": 0,
          "attributes": {
            "arn": "arn:aws:ec2:us-east-1:567751785679:route-table/rtb-0d54db817ebfc7aa8",
            "id": "rtb-0d54db817ebfc7aa8",
            "owner_id": "567751785679",
            "propagating_vgws": [],
            "route": [
              {
                "carrier_gateway_id": "",
                "cidr_block": "0.0.0.0/0",
                "core_network_arn": "",
                "destination_prefix_list_id": "",
                "egress_only_gateway_id": "",
                "gateway_id": "igw-03c4330d32e59213e",
                "ipv6_cidr_block": "",
                "local_gateway_id": "",
                "nat_gateway_id": "",
                "network_interface_id": "",
                "transit_gateway_id": "",
                "vpc_endpoint_id": "",
                "vpc_peering_connection_id": ""
              }
            ],
            "tags": {
              "Environment": "prod",
              "ManagedBy": "terraform",
              "Name": "aegis-spoke-prod-vpc-public",
              "Project": "aegis"
            },
            "tags_all": {
              "Environment": "prod",
              "ManagedBy": "terraform",
              "Name": "aegis-spoke-prod-vpc-public",
              "Project": "aegis"
            },
            "timeouts": null,
            "vpc_id": "vpc-0a4b821294f120863"
          },
          "sensitive_attributes": [],
          "identity_schema_version": 0,
          "private": "eyJlMmJmYjczMC1lY2FhLTExZTYtOGY4OC0zNDM2M2JjN2M0YzAiOnsiY3JlYXRlIjozMDAwMDAwMDAwMDAsImRlbGV0ZSI6MzAwMDAwMDAwMDAwLCJ1cGRhdGUiOjEyMDAwMDAwMDAwMH19",
          "dependencies": [
            "data.aws_availability_zones.available",
            "module.vpc.aws_vpc.this",
            "module.vpc.aws_vpc_ipv4_cidr_block_association.this"
          ]
        }
      ]
    },
    {
      "module": "module.vpc",
      "mode": "managed",
      "type": "aws_route_table_association",
      "name": "database",
      "provider": "provider[\"registry.terraform.io/hashicorp/aws\"]",
      "instances": [
        {
          "index_key": 0,
          "schema_version": 0,
          "attributes": {
            "gateway_id": "",
            "id": "rtbassoc-0df7530b36eeba681",
            "route_table_id": "rtb-0129c62523fe43dcf",
            "subnet_id": "subnet-06049112efcd9e372",
            "timeouts": null
          },
          "sensitive_attributes": [],
          "identity_schema_version": 0,
          "private": "eyJlMmJmYjczMC1lY2FhLTExZTYtOGY4OC0zNDM2M2JjN2M0YzAiOnsiY3JlYXRlIjozMDAwMDAwMDAwMDAsImRlbGV0ZSI6MzAwMDAwMDAwMDAwLCJ1cGRhdGUiOjEyMDAwMDAwMDAwMH19",
          "dependencies": [
            "data.aws_availability_zones.available",
            "module.vpc.aws_route_table.database",
            "module.vpc.aws_route_table.private",
            "module.vpc.aws_subnet.database",
            "module.vpc.aws_vpc.this",
            "module.vpc.aws_vpc_ipv4_cidr_block_association.this"
          ]
        },
        {
          "index_key": 1,
          "schema_version": 0,
          "attributes": {
            "gateway_id": "",
            "id": "rtbassoc-0c2bc28412e084a28",
            "route_table_id": "rtb-0129c62523fe43dcf",
            "subnet_id": "subnet-0118b9cc28373cc3a",
            "timeouts": null
          },
          "sensitive_attributes": [],
          "identity_schema_version": 0,
          "private": "eyJlMmJmYjczMC1lY2FhLTExZTYtOGY4OC0zNDM2M2JjN2M0YzAiOnsiY3JlYXRlIjozMDAwMDAwMDAwMDAsImRlbGV0ZSI6MzAwMDAwMDAwMDAwLCJ1cGRhdGUiOjEyMDAwMDAwMDAwMH19",
          "dependencies": [
            "data.aws_availability_zones.available",
            "module.vpc.aws_route_table.database",
            "module.vpc.aws_route_table.private",
            "module.vpc.aws_subnet.database",
            "module.vpc.aws_vpc.this",
            "module.vpc.aws_vpc_ipv4_cidr_block_association.this"
          ]
        },
        {
          "index_key": 2,
          "schema_version": 0,
          "attributes": {
            "gateway_id": "",
            "id": "rtbassoc-0340c5a7acfe13ca7",
            "route_table_id": "rtb-0129c62523fe43dcf",
            "subnet_id": "subnet-08ce5ebce8d0dd879",
            "timeouts": null
          },
          "sensitive_attributes": [],
          "identity_schema_version": 0,
          "private": "eyJlMmJmYjczMC1lY2FhLTExZTYtOGY4OC0zNDM2M2JjN2M0YzAiOnsiY3JlYXRlIjozMDAwMDAwMDAwMDAsImRlbGV0ZSI6MzAwMDAwMDAwMDAwLCJ1cGRhdGUiOjEyMDAwMDAwMDAwMH19",
          "dependencies": [
            "data.aws_availability_zones.available",
            "module.vpc.aws_route_table.database",
            "module.vpc.aws_route_table.private",
            "module.vpc.aws_subnet.database",
            "module.vpc.aws_vpc.this",
            "module.vpc.aws_vpc_ipv4_cidr_block_association.this"
          ]
        }
      ]
    },
    {
      "module": "module.vpc",
      "mode": "managed",
      "type": "aws_route_table_association",
      "name": "private",
      "provider": "provider[\"registry.terraform.io/hashicorp/aws\"]",
      "instances": [
        {
          "index_key": 0,
          "schema_version": 0,
          "attributes": {
            "gateway_id": "",
            "id": "rtbassoc-0f2eab2108ce2e2b1",
            "route_table_id": "rtb-0129c62523fe43dcf",
            "subnet_id": "subnet-0f4cbcc23979e4b94",
            "timeouts": null
          },
          "sensitive_attributes": [],
          "identity_schema_version": 0,
          "private": "eyJlMmJmYjczMC1lY2FhLTExZTYtOGY4OC0zNDM2M2JjN2M0YzAiOnsiY3JlYXRlIjozMDAwMDAwMDAwMDAsImRlbGV0ZSI6MzAwMDAwMDAwMDAwLCJ1cGRhdGUiOjEyMDAwMDAwMDAwMH19",
          "dependencies": [
            "data.aws_availability_zones.available",
            "module.vpc.aws_route_table.private",
            "module.vpc.aws_subnet.private",
            "module.vpc.aws_vpc.this",
            "module.vpc.aws_vpc_ipv4_cidr_block_association.this"
          ]
        },
        {
          "index_key": 1,
          "schema_version": 0,
          "attributes": {
            "gateway_id": "",
            "id": "rtbassoc-082dd8b185423628d",
            "route_table_id": "rtb-0129c62523fe43dcf",
            "subnet_id": "subnet-05b8d47245ce869fe",
            "timeouts": null
          },
          "sensitive_attributes": [],
          "identity_schema_version": 0,
          "private": "eyJlMmJmYjczMC1lY2FhLTExZTYtOGY4OC0zNDM2M2JjN2M0YzAiOnsiY3JlYXRlIjozMDAwMDAwMDAwMDAsImRlbGV0ZSI6MzAwMDAwMDAwMDAwLCJ1cGRhdGUiOjEyMDAwMDAwMDAwMH19",
          "dependencies": [
            "data.aws_availability_zones.available",
            "module.vpc.aws_route_table.private",
            "module.vpc.aws_subnet.private",
            "module.vpc.aws_vpc.this",
            "module.vpc.aws_vpc_ipv4_cidr_block_association.this"
          ]
        },
        {
          "index_key": 2,
          "schema_version": 0,
          "attributes": {
            "gateway_id": "",
            "id": "rtbassoc-07e2e37ec43ee07c5",
            "route_table_id": "rtb-0129c62523fe43dcf",
            "subnet_id": "subnet-08682c075a16ef93b",
            "timeouts": null
          },
          "sensitive_attributes": [],
          "identity_schema_version": 0,
          "private": "eyJlMmJmYjczMC1lY2FhLTExZTYtOGY4OC0zNDM2M2JjN2M0YzAiOnsiY3JlYXRlIjozMDAwMDAwMDAwMDAsImRlbGV0ZSI6MzAwMDAwMDAwMDAwLCJ1cGRhdGUiOjEyMDAwMDAwMDAwMH19",
          "dependencies": [
            "data.aws_availability_zones.available",
            "module.vpc.aws_route_table.private",
            "module.vpc.aws_subnet.private",
            "module.vpc.aws_vpc.this",
            "module.vpc.aws_vpc_ipv4_cidr_block_association.this"
          ]
        }
      ]
    },
    {
      "module": "module.vpc",
      "mode": "managed",
      "type": "aws_route_table_association",
      "name": "public",
      "provider": "provider[\"registry.terraform.io/hashicorp/aws\"]",
      "instances": [
        {
          "index_key": 0,
          "schema_version": 0,
          "attributes": {
            "gateway_id": "",
            "id": "rtbassoc-0c0b8ef6c2071b0ad",
            "route_table_id": "rtb-0d54db817ebfc7aa8",
            "subnet_id": "subnet-0ed2ca24118825861",
            "timeouts": null
          },
          "sensitive_attributes": [],
          "identity_schema_version": 0,
          "private": "eyJlMmJmYjczMC1lY2FhLTExZTYtOGY4OC0zNDM2M2JjN2M0YzAiOnsiY3JlYXRlIjozMDAwMDAwMDAwMDAsImRlbGV0ZSI6MzAwMDAwMDAwMDAwLCJ1cGRhdGUiOjEyMDAwMDAwMDAwMH19",
          "dependencies": [
            "data.aws_availability_zones.available",
            "module.vpc.aws_route_table.public",
            "module.vpc.aws_subnet.public",
            "module.vpc.aws_vpc.this",
            "module.vpc.aws_vpc_ipv4_cidr_block_association.this"
          ]
        },
        {
          "index_key": 1,
          "schema_version": 0,
          "attributes": {
            "gateway_id": "",
            "id": "rtbassoc-0a21ee89bdb1b0538",
            "route_table_id": "rtb-0d54db817ebfc7aa8",
            "subnet_id": "subnet-067e401f485153da4",
            "timeouts": null
          },
          "sensitive_attributes": [],
          "identity_schema_version": 0,
          "private": "eyJlMmJmYjczMC1lY2FhLTExZTYtOGY4OC0zNDM2M2JjN2M0YzAiOnsiY3JlYXRlIjozMDAwMDAwMDAwMDAsImRlbGV0ZSI6MzAwMDAwMDAwMDAwLCJ1cGRhdGUiOjEyMDAwMDAwMDAwMH19",
          "dependencies": [
            "data.aws_availability_zones.available",
            "module.vpc.aws_route_table.public",
            "module.vpc.aws_subnet.public",
            "module.vpc.aws_vpc.this",
            "module.vpc.aws_vpc_ipv4_cidr_block_association.this"
          ]
        },
        {
          "index_key": 2,
          "schema_version": 0,
          "attributes": {
            "gateway_id": "",
            "id": "rtbassoc-06ad037801c3e70f2",
            "route_table_id": "rtb-0d54db817ebfc7aa8",
            "subnet_id": "subnet-07e2e188e57b8ac02",
            "timeouts": null
          },
          "sensitive_attributes": [],
          "identity_schema_version": 0,
          "private": "eyJlMmJmYjczMC1lY2FhLTExZTYtOGY4OC0zNDM2M2JjN2M0YzAiOnsiY3JlYXRlIjozMDAwMDAwMDAwMDAsImRlbGV0ZSI6MzAwMDAwMDAwMDAwLCJ1cGRhdGUiOjEyMDAwMDAwMDAwMH19",
          "dependencies": [
            "data.aws_availability_zones.available",
            "module.vpc.aws_route_table.public",
            "module.vpc.aws_subnet.public",
            "module.vpc.aws_vpc.this",
            "module.vpc.aws_vpc_ipv4_cidr_block_association.this"
          ]
        }
      ]
    },
    {
      "module": "module.vpc",
      "mode": "managed",
      "type": "aws_subnet",
      "name": "database",
      "provider": "provider[\"registry.terraform.io/hashicorp/aws\"]",
      "instances": [
        {
          "index_key": 0,
          "schema_version": 1,
          "attributes": {
            "arn": "arn:aws:ec2:us-east-1:567751785679:subnet/subnet-06049112efcd9e372",
            "assign_ipv6_address_on_creation": false,
            "availability_zone": "us-east-1a",
            "availability_zone_id": "use1-az4",
            "cidr_block": "10.0.201.0/24",
            "customer_owned_ipv4_pool": "",
            "enable_dns64": false,
            "enable_lni_at_device_index": 0,
            "enable_resource_name_dns_a_record_on_launch": false,
            "enable_resource_name_dns_aaaa_record_on_launch": false,
            "id": "subnet-06049112efcd9e372",
            "ipv6_cidr_block": "",
            "ipv6_cidr_block_association_id": "",
            "ipv6_native": false,
            "map_customer_owned_ip_on_launch": false,
            "map_public_ip_on_launch": false,
            "outpost_arn": "",
            "owner_id": "567751785679",
            "private_dns_hostname_type_on_launch": "ip-name",
            "tags": {
              "Environment": "prod",
              "ManagedBy": "terraform",
              "Name": "aegis-spoke-prod-database-subnet",
              "Project": "aegis"
            },
            "tags_all": {
              "Environment": "prod",
              "ManagedBy": "terraform",
              "Name": "aegis-spoke-prod-database-subnet",
              "Project": "aegis"
            },
            "timeouts": null,
            "vpc_id": "vpc-0a4b821294f120863"
          },
          "sensitive_attributes": [],
          "identity_schema_version": 0,
          "private": "eyJlMmJmYjczMC1lY2FhLTExZTYtOGY4OC0zNDM2M2JjN2M0YzAiOnsiY3JlYXRlIjo2MDAwMDAwMDAwMDAsImRlbGV0ZSI6MTIwMDAwMDAwMDAwMH0sInNjaGVtYV92ZXJzaW9uIjoiMSJ9",
          "dependencies": [
            "data.aws_availability_zones.available",
            "module.vpc.aws_vpc.this",
            "module.vpc.aws_vpc_ipv4_cidr_block_association.this"
          ]
        },
        {
          "index_key": 1,
          "schema_version": 1,
          "attributes": {
            "arn": "arn:aws:ec2:us-east-1:567751785679:subnet/subnet-0118b9cc28373cc3a",
            "assign_ipv6_address_on_creation": false,
            "availability_zone": "us-east-1b",
            "availability_zone_id": "use1-az6",
            "cidr_block": "10.0.202.0/24",
            "customer_owned_ipv4_pool": "",
            "enable_dns64": false,
            "enable_lni_at_device_index": 0,
            "enable_resource_name_dns_a_record_on_launch": false,
            "enable_resource_name_dns_aaaa_record_on_launch": false,
            "id": "subnet-0118b9cc28373cc3a",
            "ipv6_cidr_block": "",
            "ipv6_cidr_block_association_id": "",
            "ipv6_native": false,
            "map_customer_owned_ip_on_launch": false,
            "map_public_ip_on_launch": false,
            "outpost_arn": "",
            "owner_id": "567751785679",
            "private_dns_hostname_type_on_launch": "ip-name",
            "tags": {
              "Environment": "prod",
              "ManagedBy": "terraform",
              "Name": "aegis-spoke-prod-database-subnet",
              "Project": "aegis"
            },
            "tags_all": {
              "Environment": "prod",
              "ManagedBy": "terraform",
              "Name": "aegis-spoke-prod-database-subnet",
              "Project": "aegis"
            },
            "timeouts": null,
            "vpc_id": "vpc-0a4b821294f120863"
          },
          "sensitive_attributes": [],
          "identity_schema_version": 0,
          "private": "eyJlMmJmYjczMC1lY2FhLTExZTYtOGY4OC0zNDM2M2JjN2M0YzAiOnsiY3JlYXRlIjo2MDAwMDAwMDAwMDAsImRlbGV0ZSI6MTIwMDAwMDAwMDAwMH0sInNjaGVtYV92ZXJzaW9uIjoiMSJ9",
          "dependencies": [
            "data.aws_availability_zones.available",
            "module.vpc.aws_vpc.this",
            "module.vpc.aws_vpc_ipv4_cidr_block_association.this"
          ]
        },
        {
          "index_key": 2,
          "schema_version": 1,
          "attributes": {
            "arn": "arn:aws:ec2:us-east-1:567751785679:subnet/subnet-08ce5ebce8d0dd879",
            "assign_ipv6_address_on_creation": false,
            "availability_zone": "us-east-1c",
            "availability_zone_id": "use1-az1",
            "cidr_block": "10.0.203.0/24",
            "customer_owned_ipv4_pool": "",
            "enable_dns64": false,
            "enable_lni_at_device_index": 0,
            "enable_resource_name_dns_a_record_on_launch": false,
            "enable_resource_name_dns_aaaa_record_on_launch": false,
            "id": "subnet-08ce5ebce8d0dd879",
            "ipv6_cidr_block": "",
            "ipv6_cidr_block_association_id": "",
            "ipv6_native": false,
            "map_customer_owned_ip_on_launch": false,
            "map_public_ip_on_launch": false,
            "outpost_arn": "",
            "owner_id": "567751785679",
            "private_dns_hostname_type_on_launch": "ip-name",
            "tags": {
              "Environment": "prod",
              "ManagedBy": "terraform",
              "Name": "aegis-spoke-prod-database-subnet",
              "Project": "aegis"
            },
            "tags_all": {
              "Environment": "prod",
              "ManagedBy": "terraform",
              "Name": "aegis-spoke-prod-database-subnet",
              "Project": "aegis"
            },
            "timeouts": null,
            "vpc_id": "vpc-0a4b821294f120863"
          },
          "sensitive_attributes": [],
          "identity_schema_version": 0,
          "private": "eyJlMmJmYjczMC1lY2FhLTExZTYtOGY4OC0zNDM2M2JjN2M0YzAiOnsiY3JlYXRlIjo2MDAwMDAwMDAwMDAsImRlbGV0ZSI6MTIwMDAwMDAwMDAwMH0sInNjaGVtYV92ZXJzaW9uIjoiMSJ9",
          "dependencies": [
            "data.aws_availability_zones.available",
            "module.vpc.aws_vpc.this",
            "module.vpc.aws_vpc_ipv4_cidr_block_association.this"
          ]
        }
      ]
    },
    {
      "module": "module.vpc",
      "mode": "managed",
      "type": "aws_subnet",
      "name": "private",
      "provider": "provider[\"registry.terraform.io/hashicorp/aws\"]",
      "instances": [
        {
          "index_key": 0,
          "schema_version": 1,
          "attributes": {
            "arn": "arn:aws:ec2:us-east-1:567751785679:subnet/subnet-0f4cbcc23979e4b94",
            "assign_ipv6_address_on_creation": false,
            "availability_zone": "us-east-1a",
            "availability_zone_id": "use1-az4",
            "cidr_block": "10.0.1.0/24",
            "customer_owned_ipv4_pool": "",
            "enable_dns64": false,
            "enable_lni_at_device_index": 0,
            "enable_resource_name_dns_a_record_on_launch": false,
            "enable_resource_name_dns_aaaa_record_on_launch": false,
            "id": "subnet-0f4cbcc23979e4b94",
            "ipv6_cidr_block": "",
            "ipv6_cidr_block_association_id": "",
            "ipv6_native": false,
            "map_customer_owned_ip_on_launch": false,
            "map_public_ip_on_launch": false,
            "outpost_arn": "",
            "owner_id": "567751785679",
            "private_dns_hostname_type_on_launch": "ip-name",
            "tags": {
              "Environment": "prod",
              "ManagedBy": "terraform",
              "Name": "aegis-spoke-prod-vpc-private-us-east-1a",
              "Project": "aegis",
              "kubernetes.io/cluster/aegis-spoke-prod": "shared",
              "kubernetes.io/role/internal-elb": "1"
            },
            "tags_all": {
              "Environment": "prod",
              "ManagedBy": "terraform",
              "Name": "aegis-spoke-prod-vpc-private-us-east-1a",
              "Project": "aegis",
              "kubernetes.io/cluster/aegis-spoke-prod": "shared",
              "kubernetes.io/role/internal-elb": "1"
            },
            "timeouts": null,
            "vpc_id": "vpc-0a4b821294f120863"
          },
          "sensitive_attributes": [],
          "identity_schema_version": 0,
          "private": "eyJlMmJmYjczMC1lY2FhLTExZTYtOGY4OC0zNDM2M2JjN2M0YzAiOnsiY3JlYXRlIjo2MDAwMDAwMDAwMDAsImRlbGV0ZSI6MTIwMDAwMDAwMDAwMH0sInNjaGVtYV92ZXJzaW9uIjoiMSJ9",
          "dependencies": [
            "data.aws_availability_zones.available",
            "module.vpc.aws_vpc.this",
            "module.vpc.aws_vpc_ipv4_cidr_block_association.this"
          ],
          "create_before_destroy": true
        },
        {
          "index_key": 1,
          "schema_version": 1,
          "attributes": {
            "arn": "arn:aws:ec2:us-east-1:567751785679:subnet/subnet-05b8d47245ce869fe",
            "assign_ipv6_address_on_creation": false,
            "availability_zone": "us-east-1b",
            "availability_zone_id": "use1-az6",
            "cidr_block": "10.0.2.0/24",
            "customer_owned_ipv4_pool": "",
            "enable_dns64": false,
            "enable_lni_at_device_index": 0,
            "enable_resource_name_dns_a_record_on_launch": false,
            "enable_resource_name_dns_aaaa_record_on_launch": false,
            "id": "subnet-05b8d47245ce869fe",
            "ipv6_cidr_block": "",
            "ipv6_cidr_block_association_id": "",
            "ipv6_native": false,
            "map_customer_owned_ip_on_launch": false,
            "map_public_ip_on_launch": false,
            "outpost_arn": "",
            "owner_id": "567751785679",
            "private_dns_hostname_type_on_launch": "ip-name",
            "tags": {
              "Environment": "prod",
              "ManagedBy": "terraform",
              "Name": "aegis-spoke-prod-vpc-private-us-east-1b",
              "Project": "aegis",
              "kubernetes.io/cluster/aegis-spoke-prod": "shared",
              "kubernetes.io/role/internal-elb": "1"
            },
            "tags_all": {
              "Environment": "prod",
              "ManagedBy": "terraform",
              "Name": "aegis-spoke-prod-vpc-private-us-east-1b",
              "Project": "aegis",
              "kubernetes.io/cluster/aegis-spoke-prod": "shared",
              "kubernetes.io/role/internal-elb": "1"
            },
            "timeouts": null,
            "vpc_id": "vpc-0a4b821294f120863"
          },
          "sensitive_attributes": [],
          "identity_schema_version": 0,
          "private": "eyJlMmJmYjczMC1lY2FhLTExZTYtOGY4OC0zNDM2M2JjN2M0YzAiOnsiY3JlYXRlIjo2MDAwMDAwMDAwMDAsImRlbGV0ZSI6MTIwMDAwMDAwMDAwMH0sInNjaGVtYV92ZXJzaW9uIjoiMSJ9",
          "dependencies": [
            "data.aws_availability_zones.available",
            "module.vpc.aws_vpc.this",
            "module.vpc.aws_vpc_ipv4_cidr_block_association.this"
          ],
          "create_before_destroy": true
        },
        {
          "index_key": 2,
          "schema_version": 1,
          "attributes": {
            "arn": "arn:aws:ec2:us-east-1:567751785679:subnet/subnet-08682c075a16ef93b",
            "assign_ipv6_address_on_creation": false,
            "availability_zone": "us-east-1c",
            "availability_zone_id": "use1-az1",
            "cidr_block": "10.0.3.0/24",
            "customer_owned_ipv4_pool": "",
            "enable_dns64": false,
            "enable_lni_at_device_index": 0,
            "enable_resource_name_dns_a_record_on_launch": false,
            "enable_resource_name_dns_aaaa_record_on_launch": false,
            "id": "subnet-08682c075a16ef93b",
            "ipv6_cidr_block": "",
            "ipv6_cidr_block_association_id": "",
            "ipv6_native": false,
            "map_customer_owned_ip_on_launch": false,
            "map_public_ip_on_launch": false,
            "outpost_arn": "",
            "owner_id": "567751785679",
            "private_dns_hostname_type_on_launch": "ip-name",
            "tags": {
              "Environment": "prod",
              "ManagedBy": "terraform",
              "Name": "aegis-spoke-prod-vpc-private-us-east-1c",
              "Project": "aegis",
              "kubernetes.io/cluster/aegis-spoke-prod": "shared",
              "kubernetes.io/role/internal-elb": "1"
            },
            "tags_all": {
              "Environment": "prod",
              "ManagedBy": "terraform",
              "Name": "aegis-spoke-prod-vpc-private-us-east-1c",
              "Project": "aegis",
              "kubernetes.io/cluster/aegis-spoke-prod": "shared",
              "kubernetes.io/role/internal-elb": "1"
            },
            "timeouts": null,
            "vpc_id": "vpc-0a4b821294f120863"
          },
          "sensitive_attributes": [],
          "identity_schema_version": 0,
          "private": "eyJlMmJmYjczMC1lY2FhLTExZTYtOGY4OC0zNDM2M2JjN2M0YzAiOnsiY3JlYXRlIjo2MDAwMDAwMDAwMDAsImRlbGV0ZSI6MTIwMDAwMDAwMDAwMH0sInNjaGVtYV92ZXJzaW9uIjoiMSJ9",
          "dependencies": [
            "data.aws_availability_zones.available",
            "module.vpc.aws_vpc.this",
            "module.vpc.aws_vpc_ipv4_cidr_block_association.this"
          ],
          "create_before_destroy": true
        }
      ]
    },
    {
      "module": "module.vpc",
      "mode": "managed",
      "type": "aws_subnet",
      "name": "public",
      "provider": "provider[\"registry.terraform.io/hashicorp/aws\"]",
      "instances": [
        {
          "index_key": 0,
          "schema_version": 1,
          "attributes": {
            "arn": "arn:aws:ec2:us-east-1:567751785679:subnet/subnet-0ed2ca24118825861",
            "assign_ipv6_address_on_creation": false,
            "availability_zone": "us-east-1a",
            "availability_zone_id": "use1-az4",
            "cidr_block": "10.0.101.0/24",
            "customer_owned_ipv4_pool": "",
            "enable_dns64": false,
            "enable_lni_at_device_index": 0,
            "enable_resource_name_dns_a_record_on_launch": false,
            "enable_resource_name_dns_aaaa_record_on_launch": false,
            "id": "subnet-0ed2ca24118825861",
            "ipv6_cidr_block": "",
            "ipv6_cidr_block_association_id": "",
            "ipv6_native": false,
            "map_customer_owned_ip_on_launch": false,
            "map_public_ip_on_launch": false,
            "outpost_arn": "",
            "owner_id": "567751785679",
            "private_dns_hostname_type_on_launch": "ip-name",
            "tags": {
              "Environment": "prod",
              "ManagedBy": "terraform",
              "Name": "aegis-spoke-prod-vpc-public-us-east-1a",
              "Project": "aegis",
              "kubernetes.io/cluster/aegis-spoke-prod": "shared",
              "kubernetes.io/role/elb": "1"
            },
            "tags_all": {
              "Environment": "prod",
              "ManagedBy": "terraform",
              "Name": "aegis-spoke-prod-vpc-public-us-east-1a",
              "Project": "aegis",
              "kubernetes.io/cluster/aegis-spoke-prod": "shared",
              "kubernetes.io/role/elb": "1"
            },
            "timeouts": null,
            "vpc_id": "vpc-0a4b821294f120863"
          },
          "sensitive_attributes": [],
          "identity_schema_version": 0,
          "private": "eyJlMmJmYjczMC1lY2FhLTExZTYtOGY4OC0zNDM2M2JjN2M0YzAiOnsiY3JlYXRlIjo2MDAwMDAwMDAwMDAsImRlbGV0ZSI6MTIwMDAwMDAwMDAwMH0sInNjaGVtYV92ZXJzaW9uIjoiMSJ9",
          "dependencies": [
            "data.aws_availability_zones.available",
            "module.vpc.aws_vpc.this",
            "module.vpc.aws_vpc_ipv4_cidr_block_association.this"
          ]
        },
        {
          "index_key": 1,
          "schema_version": 1,
          "attributes": {
            "arn": "arn:aws:ec2:us-east-1:567751785679:subnet/subnet-067e401f485153da4",
            "assign_ipv6_address_on_creation": false,
            "availability_zone": "us-east-1b",
            "availability_zone_id": "use1-az6",
            "cidr_block": "10.0.102.0/24",
            "customer_owned_ipv4_pool": "",
            "enable_dns64": false,
            "enable_lni_at_device_index": 0,
            "enable_resource_name_dns_a_record_on_launch": false,
            "enable_resource_name_dns_aaaa_record_on_launch": false,
            "id": "subnet-067e401f485153da4",
            "ipv6_cidr_block": "",
            "ipv6_cidr_block_association_id": "",
            "ipv6_native": false,
            "map_customer_owned_ip_on_launch": false,
            "map_public_ip_on_launch": false,
            "outpost_arn": "",
            "owner_id": "567751785679",
            "private_dns_hostname_type_on_launch": "ip-name",
            "tags": {
              "Environment": "prod",
              "ManagedBy": "terraform",
              "Name": "aegis-spoke-prod-vpc-public-us-east-1b",
              "Project": "aegis",
              "kubernetes.io/cluster/aegis-spoke-prod": "shared",
              "kubernetes.io/role/elb": "1"
            },
            "tags_all": {
              "Environment": "prod",
              "ManagedBy": "terraform",
              "Name": "aegis-spoke-prod-vpc-public-us-east-1b",
              "Project": "aegis",
              "kubernetes.io/cluster/aegis-spoke-prod": "shared",
              "kubernetes.io/role/elb": "1"
            },
            "timeouts": null,
            "vpc_id": "vpc-0a4b821294f120863"
          },
          "sensitive_attributes": [],
          "identity_schema_version": 0,
          "private": "eyJlMmJmYjczMC1lY2FhLTExZTYtOGY4OC0zNDM2M2JjN2M0YzAiOnsiY3JlYXRlIjo2MDAwMDAwMDAwMDAsImRlbGV0ZSI6MTIwMDAwMDAwMDAwMH0sInNjaGVtYV92ZXJzaW9uIjoiMSJ9",
          "dependencies": [
            "data.aws_availability_zones.available",
            "module.vpc.aws_vpc.this",
            "module.vpc.aws_vpc_ipv4_cidr_block_association.this"
          ]
        },
        {
          "index_key": 2,
          "schema_version": 1,
          "attributes": {
            "arn": "arn:aws:ec2:us-east-1:567751785679:subnet/subnet-07e2e188e57b8ac02",
            "assign_ipv6_address_on_creation": false,
            "availability_zone": "us-east-1c",
            "availability_zone_id": "use1-az1",
            "cidr_block": "10.0.103.0/24",
            "customer_owned_ipv4_pool": "",
            "enable_dns64": false,
            "enable_lni_at_device_index": 0,
            "enable_resource_name_dns_a_record_on_launch": false,
            "enable_resource_name_dns_aaaa_record_on_launch": false,
            "id": "subnet-07e2e188e57b8ac02",
            "ipv6_cidr_block": "",
            "ipv6_cidr_block_association_id": "",
            "ipv6_native": false,
            "map_customer_owned_ip_on_launch": false,
            "map_public_ip_on_launch": false,
            "outpost_arn": "",
            "owner_id": "567751785679",
            "private_dns_hostname_type_on_launch": "ip-name",
            "tags": {
              "Environment": "prod",
              "ManagedBy": "terraform",
              "Name": "aegis-spoke-prod-vpc-public-us-east-1c",
              "Project": "aegis",
              "kubernetes.io/cluster/aegis-spoke-prod": "shared",
              "kubernetes.io/role/elb": "1"
            },
            "tags_all": {
              "Environment": "prod",
              "ManagedBy": "terraform",
              "Name": "aegis-spoke-prod-vpc-public-us-east-1c",
              "Project": "aegis",
              "kubernetes.io/cluster/aegis-spoke-prod": "shared",
              "kubernetes.io/role/elb": "1"
            },
            "timeouts": null,
            "vpc_id": "vpc-0a4b821294f120863"
          },
          "sensitive_attributes": [],
          "identity_schema_version": 0,
          "private": "eyJlMmJmYjczMC1lY2FhLTExZTYtOGY4OC0zNDM2M2JjN2M0YzAiOnsiY3JlYXRlIjo2MDAwMDAwMDAwMDAsImRlbGV0ZSI6MTIwMDAwMDAwMDAwMH0sInNjaGVtYV92ZXJzaW9uIjoiMSJ9",
          "dependencies": [
            "data.aws_availability_zones.available",
            "module.vpc.aws_vpc.this",
            "module.vpc.aws_vpc_ipv4_cidr_block_association.this"
          ]
        }
      ]
    },
    {
      "module": "module.vpc",
      "mode": "managed",
      "type": "aws_vpc",
      "name": "this",
      "provider": "provider[\"registry.terraform.io/hashicorp/aws\"]",
      "instances": [
        {
          "index_key": 0,
          "schema_version": 1,
          "attributes": {
            "arn": "arn:aws:ec2:us-east-1:567751785679:vpc/vpc-0a4b821294f120863",
            "assign_generated_ipv6_cidr_block": false,
            "cidr_block": "10.0.0.0/16",
            "default_network_acl_id": "acl-0c56639cbb6357980",
            "default_route_table_id": "rtb-0326b3ba44c28ab38",
            "default_security_group_id": "sg-056ec910cef58bf4e",
            "dhcp_options_id": "dopt-0aba92ce7cdea1eb2",
            "enable_dns_hostnames": true,
            "enable_dns_support": true,
            "enable_network_address_usage_metrics": false,
            "id": "vpc-0a4b821294f120863",
            "instance_tenancy": "default",
            "ipv4_ipam_pool_id": null,
            "ipv4_netmask_length": null,
            "ipv6_association_id": "",
            "ipv6_cidr_block": "",
            "ipv6_cidr_block_network_border_group": "",
            "ipv6_ipam_pool_id": "",
            "ipv6_netmask_length": 0,
            "main_route_table_id": "rtb-0326b3ba44c28ab38",
            "owner_id": "567751785679",
            "tags": {
              "Environment": "prod",
              "ManagedBy": "terraform",
              "Name": "aegis-spoke-prod-vpc",
              "Project": "aegis"
            },
            "tags_all": {
              "Environment": "prod",
              "ManagedBy": "terraform",
              "Name": "aegis-spoke-prod-vpc",
              "Project": "aegis"
            }
          },
          "sensitive_attributes": [],
          "identity_schema_version": 0,
          "private": "eyJzY2hlbWFfdmVyc2lvbiI6IjEifQ==",
          "create_before_destroy": true
        }
      ]
    }
  ],
  "check_results": [
    {
      "object_kind": "resource",
      "config_addr": "module.eks.module.self_managed_node_group.module.user_data.null_resource.validate_cluster_service_cidr",
      "status": "unknown",
      "objects": null
    },
    {
      "object_kind": "resource",
      "config_addr": "module.eks.module.eks_managed_node_group.module.user_data.null_resource.validate_cluster_service_cidr",
      "status": "unknown",
      "objects": null
    },
    {
      "object_kind": "var",
      "config_addr": "module.eks.module.self_managed_node_group.var.platform",
      "status": "unknown",
      "objects": null
    }
  ]
}
