{
  "version": 4,
  "terraform_version": "1.13.3",
  "serial": 2451,
  "lineage": "0501fa87-c098-5173-2899-2c14fe3f72a6",
  "outputs": {},
  "resources": [
    {
      "module": "module.vpc",
      "mode": "managed",
      "type": "aws_vpc",
      "name": "this",
      "provider": "provider[\"registry.terraform.io/hashicorp/aws\"]",
      "instances": [
        {
          "index_key": 0,
          "schema_version": 1,
          "attributes": {
            "arn": "arn:aws:ec2:us-east-1:567751785679:vpc/vpc-0a4b821294f120863",
            "assign_generated_ipv6_cidr_block": false,
            "cidr_block": "10.0.0.0/16",
            "default_network_acl_id": "acl-0c56639cbb6357980",
            "default_route_table_id": "rtb-0326b3ba44c28ab38",
            "default_security_group_id": "sg-056ec910cef58bf4e",
            "dhcp_options_id": "dopt-0aba92ce7cdea1eb2",
            "enable_dns_hostnames": true,
            "enable_dns_support": true,
            "enable_network_address_usage_metrics": false,
            "id": "vpc-0a4b821294f120863",
            "instance_tenancy": "default",
            "ipv4_ipam_pool_id": null,
            "ipv4_netmask_length": null,
            "ipv6_association_id": "",
            "ipv6_cidr_block": "",
            "ipv6_cidr_block_network_border_group": "",
            "ipv6_ipam_pool_id": "",
            "ipv6_netmask_length": 0,
            "main_route_table_id": "rtb-0326b3ba44c28ab38",
            "owner_id": "567751785679",
            "tags": {
              "Environment": "prod",
              "ManagedBy": "terraform",
              "Name": "aegis-spoke-prod-vpc",
              "Project": "aegis"
            },
            "tags_all": {
              "Environment": "prod",
              "ManagedBy": "terraform",
              "Name": "aegis-spoke-prod-vpc",
              "Project": "aegis"
            }
          },
          "sensitive_attributes": [],
          "identity_schema_version": 0,
          "private": "eyJzY2hlbWFfdmVyc2lvbiI6IjEifQ=="
        }
      ]
    }
  ],
  "check_results": null
}
