github.com/golang/protobuf v1.5.4 h1:i7eJL8qZTpSEXOPTxNKhASYpMn+8e5Q6AdndVa1dWek=
github.com/google/go-cmp v0.7.0 h1:wk8382ETsv4JYUZwIsn6YpYiWiBsYLSJiTsyBybVuN8=
github.com/grpc-ecosystem/grpc-gateway/v2 v2.24.0 h1:TmHmbvxPmaegwhDubVz0lICL0J5Ka2vwTzhoePEXsGE=
golang.org/x/net v0.43.0 h1:lat02VYK2j4aLzMzecihNvTlJNQUq316m2Mr9rnM6YE=
golang.org/x/sys v0.35.0 h1:vz1N37gP5bs89s7He8XuIYXpyY0+QlsKmzipCbUtyxI=
golang.org/x/text v0.28.0 h1:rhazDwis8INMIwQ4tpjLDzUhx6RlXqZNPEM0huQojng=
google.golang.org/genproto/googleapis/api v0.0.0-20241209162323-e6fa225c2576 h1:CkkIfIt50+lT6NHAVoRYEyAvQGFM7xEwXUUywFvEb3Q=
google.golang.org/genproto/googleapis/rpc v0.0.0-20241209162323-e6fa225c2576 h1:8ZmaLZE4XWrtU3MyClkYqqtl6Oegr3235h7jxsDyqCY=
google.golang.org/grpc v1.68.1 h1:oI5oTa11+ng8r8XMMN7jAOmWfPZWbYpCFaMUTACxkM0=
google.golang.org/protobuf v1.36.8 h1:xHScyCOEuuwZEc6UtSOvPbAT4zRh0xcNRYekJwfqyMc=
